// !$*UTF8*$!
{
	archiveVersion = 1;
	classes = {
	};
	objectVersion = 46;
	objects = {

/* Begin PBXBuildFile section */
		DF4B78951BA736940087FEA1 /* AppDelegate.swift in Sources */ = {isa = PBXBuildFile; fileRef = DF4B78941BA736940087FEA1 /* AppDelegate.swift */; };
		DF4B78971BA736940087FEA1 /* NowPlayingViewController.swift in Sources */ = {isa = PBXBuildFile; fileRef = DF4B78961BA736940087FEA1 /* NowPlayingViewController.swift */; };
		DF4B789A1BA736940087FEA1 /* Main.storyboard in Resources */ = {isa = PBXBuildFile; fileRef = DF4B78981BA736940087FEA1 /* Main.storyboard */; };
		DF4B789C1BA736940087FEA1 /* Images.xcassets in Resources */ = {isa = PBXBuildFile; fileRef = DF4B789B1BA736940087FEA1 /* Images.xcassets */; };
		DF4B789F1BA736940087FEA1 /* LaunchScreen.xib in Resources */ = {isa = PBXBuildFile; fileRef = DF4B789D1BA736940087FEA1 /* LaunchScreen.xib */; };
		DF4B78B51BA74C7B0087FEA1 /* README.txt in Resources */ = {isa = PBXBuildFile; fileRef = DF4B78B41BA74C7B0087FEA1 /* README.txt */; };
		DF4B78BB1BA75A790087FEA1 /* dubstep.mp3 in Resources */ = {isa = PBXBuildFile; fileRef = DF4B78B61BA75A790087FEA1 /* dubstep.mp3 */; };
		DF4B78BC1BA75A790087FEA1 /* happiness.mp3 in Resources */ = {isa = PBXBuildFile; fileRef = DF4B78B71BA75A790087FEA1 /* happiness.mp3 */; };
		DF4B78BD1BA75A790087FEA1 /* groovyhiphop.mp3 in Resources */ = {isa = PBXBuildFile; fileRef = DF4B78B81BA75A790087FEA1 /* groovyhiphop.mp3 */; };
		DF4B78BE1BA75A790087FEA1 /* funkysuspense.mp3 in Resources */ = {isa = PBXBuildFile; fileRef = DF4B78B91BA75A790087FEA1 /* funkysuspense.mp3 */; };
		DF4B78BF1BA75A790087FEA1 /* actionable.mp3 in Resources */ = {isa = PBXBuildFile; fileRef = DF4B78BA1BA75A790087FEA1 /* actionable.mp3 */; };
		DF4B78C11BA75C620087FEA1 /* Song.swift in Sources */ = {isa = PBXBuildFile; fileRef = DF4B78C01BA75C620087FEA1 /* Song.swift */; };
/* End PBXBuildFile section */

/* Begin PBXFileReference section */
		DF4B788F1BA736940087FEA1 /* IronTunes.app */ = {isa = PBXFileReference; explicitFileType = wrapper.application; includeInIndex = 0; path = IronTunes.app; sourceTree = BUILT_PRODUCTS_DIR; };
		DF4B78931BA736940087FEA1 /* Info.plist */ = {isa = PBXFileReference; lastKnownFileType = text.plist.xml; path = Info.plist; sourceTree = "<group>"; };
		DF4B78941BA736940087FEA1 /* AppDelegate.swift */ = {isa = PBXFileReference; lastKnownFileType = sourcecode.swift; path = AppDelegate.swift; sourceTree = "<group>"; };
		DF4B78961BA736940087FEA1 /* NowPlayingViewController.swift */ = {isa = PBXFileReference; lastKnownFileType = sourcecode.swift; path = NowPlayingViewController.swift; sourceTree = "<group>"; };
		DF4B78991BA736940087FEA1 /* Base */ = {isa = PBXFileReference; lastKnownFileType = file.storyboard; name = Base; path = Base.lproj/Main.storyboard; sourceTree = "<group>"; };
		DF4B789B1BA736940087FEA1 /* Images.xcassets */ = {isa = PBXFileReference; lastKnownFileType = folder.assetcatalog; path = Images.xcassets; sourceTree = "<group>"; };
		DF4B789E1BA736940087FEA1 /* Base */ = {isa = PBXFileReference; lastKnownFileType = file.xib; name = Base; path = Base.lproj/LaunchScreen.xib; sourceTree = "<group>"; };
		DF4B78B41BA74C7B0087FEA1 /* README.txt */ = {isa = PBXFileReference; fileEncoding = 4; lastKnownFileType = text; path = README.txt; sourceTree = "<group>"; };
		DF4B78B61BA75A790087FEA1 /* dubstep.mp3 */ = {isa = PBXFileReference; lastKnownFileType = audio.mp3; path = dubstep.mp3; sourceTree = "<group>"; };
		DF4B78B71BA75A790087FEA1 /* happiness.mp3 */ = {isa = PBXFileReference; lastKnownFileType = audio.mp3; path = happiness.mp3; sourceTree = "<group>"; };
		DF4B78B81BA75A790087FEA1 /* groovyhiphop.mp3 */ = {isa = PBXFileReference; lastKnownFileType = audio.mp3; path = groovyhiphop.mp3; sourceTree = "<group>"; };
		DF4B78B91BA75A790087FEA1 /* funkysuspense.mp3 */ = {isa = PBXFileReference; lastKnownFileType = audio.mp3; path = funkysuspense.mp3; sourceTree = "<group>"; };
		DF4B78BA1BA75A790087FEA1 /* actionable.mp3 */ = {isa = PBXFileReference; lastKnownFileType = audio.mp3; path = actionable.mp3; sourceTree = "<group>"; };
		DF4B78C01BA75C620087FEA1 /* Song.swift */ = {isa = PBXFileReference; fileEncoding = 4; lastKnownFileType = sourcecode.swift; path = Song.swift; sourceTree = "<group>"; };
/* End PBXFileReference section */

/* Begin PBXFrameworksBuildPhase section */
		DF4B788C1BA736940087FEA1 /* Frameworks */ = {
			isa = PBXFrameworksBuildPhase;
			buildActionMask = 2147483647;
			files = (
			);
			runOnlyForDeploymentPostprocessing = 0;
		};
/* End PBXFrameworksBuildPhase section */

/* Begin PBXGroup section */
		DF4B78861BA736940087FEA1 = {
			isa = PBXGroup;
			children = (
				DF4B78911BA736940087FEA1 /* IronTunes */,
				DF4B78901BA736940087FEA1 /* Products */,
			);
			sourceTree = "<group>";
		};
		DF4B78901BA736940087FEA1 /* Products */ = {
			isa = PBXGroup;
			children = (
				DF4B788F1BA736940087FEA1 /* IronTunes.app */,
			);
			name = Products;
			sourceTree = "<group>";
		};
		DF4B78911BA736940087FEA1 /* IronTunes */ = {
			isa = PBXGroup;
			children = (
				DF4B78941BA736940087FEA1 /* AppDelegate.swift */,
				DF4B78961BA736940087FEA1 /* NowPlayingViewController.swift */,
				DF4B78C01BA75C620087FEA1 /* Song.swift */,
				DF4B78981BA736940087FEA1 /* Main.storyboard */,
				DF4B789B1BA736940087FEA1 /* Images.xcassets */,
				DF4B78C21BA766EE0087FEA1 /* Songs */,
				DF4B789D1BA736940087FEA1 /* LaunchScreen.xib */,
				DF4B78921BA736940087FEA1 /* Supporting Files */,
				DF4B78B41BA74C7B0087FEA1 /* README.txt */,
			);
			path = IronTunes;
			sourceTree = "<group>";
		};
		DF4B78921BA736940087FEA1 /* Supporting Files */ = {
			isa = PBXGroup;
			children = (
				DF4B78931BA736940087FEA1 /* Info.plist */,
			);
			name = "Supporting Files";
			sourceTree = "<group>";
		};
		DF4B78C21BA766EE0087FEA1 /* Songs */ = {
			isa = PBXGroup;
			children = (
				DF4B78B61BA75A790087FEA1 /* dubstep.mp3 */,
				DF4B78B71BA75A790087FEA1 /* happiness.mp3 */,
				DF4B78B81BA75A790087FEA1 /* groovyhiphop.mp3 */,
				DF4B78B91BA75A790087FEA1 /* funkysuspense.mp3 */,
				DF4B78BA1BA75A790087FEA1 /* actionable.mp3 */,
			);
			name = Songs;
			sourceTree = "<group>";
		};
/* End PBXGroup section */

/* Begin PBXNativeTarget section */
		DF4B788E1BA736940087FEA1 /* IronTunes */ = {
			isa = PBXNativeTarget;
			buildConfigurationList = DF4B78AE1BA736940087FEA1 /* Build configuration list for PBXNativeTarget "IronTunes" */;
			buildPhases = (
				DF4B788B1BA736940087FEA1 /* Sources */,
				DF4B788C1BA736940087FEA1 /* Frameworks */,
				DF4B788D1BA736940087FEA1 /* Resources */,
			);
			buildRules = (
			);
			dependencies = (
			);
			name = IronTunes;
			productName = IronTunes;
			productReference = DF4B788F1BA736940087FEA1 /* IronTunes.app */;
			productType = "com.apple.product-type.application";
		};
/* End PBXNativeTarget section */

/* Begin PBXProject section */
		DF4B78871BA736940087FEA1 /* Project object */ = {
			isa = PBXProject;
			attributes = {
				LastSwiftMigration = 0700;
				LastSwiftUpdateCheck = 0700;
				LastUpgradeCheck = 0700;
				ORGANIZATIONNAME = "The Iron Yard";
				TargetAttributes = {
					DF4B788E1BA736940087FEA1 = {
						CreatedOnToolsVersion = 6.4;
					};
				};
			};
			buildConfigurationList = DF4B788A1BA736940087FEA1 /* Build configuration list for PBXProject "IronTunes" */;
			compatibilityVersion = "Xcode 3.2";
			developmentRegion = English;
			hasScannedForEncodings = 0;
			knownRegions = (
				en,
				Base,
			);
			mainGroup = DF4B78861BA736940087FEA1;
			productRefGroup = DF4B78901BA736940087FEA1 /* Products */;
			projectDirPath = "";
			projectRoot = "";
			targets = (
				DF4B788E1BA736940087FEA1 /* IronTunes */,
			);
		};
/* End PBXProject section */

/* Begin PBXResourcesBuildPhase section */
		DF4B788D1BA736940087FEA1 /* Resources */ = {
			isa = PBXResourcesBuildPhase;
			buildActionMask = 2147483647;
			files = (
				DF4B789A1BA736940087FEA1 /* Main.storyboard in Resources */,
				DF4B78BB1BA75A790087FEA1 /* dubstep.mp3 in Resources */,
				DF4B78BE1BA75A790087FEA1 /* funkysuspense.mp3 in Resources */,
				DF4B789F1BA736940087FEA1 /* LaunchScreen.xib in Resources */,
				DF4B78B51BA74C7B0087FEA1 /* README.txt in Resources */,
				DF4B78BC1BA75A790087FEA1 /* happiness.mp3 in Resources */,
				DF4B78BF1BA75A790087FEA1 /* actionable.mp3 in Resources */,
				DF4B789C1BA736940087FEA1 /* Images.xcassets in Resources */,
				DF4B78BD1BA75A790087FEA1 /* groovyhiphop.mp3 in Resources */,
			);
			runOnlyForDeploymentPostprocessing = 0;
		};
/* End PBXResourcesBuildPhase section */

/* Begin PBXSourcesBuildPhase section */
		DF4B788B1BA736940087FEA1 /* Sources */ = {
			isa = PBXSourcesBuildPhase;
			buildActionMask = 2147483647;
			files = (
				DF4B78C11BA75C620087FEA1 /* Song.swift in Sources */,
				DF4B78971BA736940087FEA1 /* NowPlayingViewController.swift in Sources */,
				DF4B78951BA736940087FEA1 /* AppDelegate.swift in Sources */,
			);
			runOnlyForDeploymentPostprocessing = 0;
		};
/* End PBXSourcesBuildPhase section */

/* Begin PBXVariantGroup section */
		DF4B78981BA736940087FEA1 /* Main.storyboard */ = {
			isa = PBXVariantGroup;
			children = (
				DF4B78991BA736940087FEA1 /* Base */,
			);
			name = Main.storyboard;
			sourceTree = "<group>";
		};
		DF4B789D1BA736940087FEA1 /* LaunchScreen.xib */ = {
			isa = PBXVariantGroup;
			children = (
				DF4B789E1BA736940087FEA1 /* Base */,
			);
			name = LaunchScreen.xib;
			sourceTree = "<group>";
		};
/* End PBXVariantGroup section */

/* Begin XCBuildConfiguration section */
		DF4B78AC1BA736940087FEA1 /* Debug */ = {
			isa = XCBuildConfiguration;
			buildSettings = {
				ALWAYS_SEARCH_USER_PATHS = NO;
				CLANG_CXX_LANGUAGE_STANDARD = "gnu++0x";
				CLANG_CXX_LIBRARY = "libc++";
				CLANG_ENABLE_MODULES = YES;
				CLANG_ENABLE_OBJC_ARC = YES;
				CLANG_WARN_BOOL_CONVERSION = YES;
				CLANG_WARN_CONSTANT_CONVERSION = YES;
				CLANG_WARN_DIRECT_OBJC_ISA_USAGE = YES_ERROR;
				CLANG_WARN_EMPTY_BODY = YES;
				CLANG_WARN_ENUM_CONVERSION = YES;
				CLANG_WARN_INT_CONVERSION = YES;
				CLANG_WARN_OBJC_ROOT_CLASS = YES_ERROR;
				CLANG_WARN_UNREACHABLE_CODE = YES;
				CLANG_WARN__DUPLICATE_METHOD_MATCH = YES;
				"CODE_SIGN_IDENTITY[sdk=iphoneos*]" = "iPhone Developer";
				COPY_PHASE_STRIP = NO;
				DEBUG_INFORMATION_FORMAT = "dwarf-with-dsym";
				ENABLE_STRICT_OBJC_MSGSEND = YES;
				ENABLE_TESTABILITY = YES;
				GCC_C_LANGUAGE_STANDARD = gnu99;
				GCC_DYNAMIC_NO_PIC = NO;
				GCC_NO_COMMON_BLOCKS = YES;
				GCC_OPTIMIZATION_LEVEL = 0;
				GCC_PREPROCESSOR_DEFINITIONS = (
					"DEBUG=1",
					"$(inherited)",
				);
				GCC_SYMBOLS_PRIVATE_EXTERN = NO;
				GCC_WARN_64_TO_32_BIT_CONVERSION = YES;
				GCC_WARN_ABOUT_RETURN_TYPE = YES_ERROR;
				GCC_WARN_UNDECLARED_SELECTOR = YES;
				GCC_WARN_UNINITIALIZED_AUTOS = YES_AGGRESSIVE;
				GCC_WARN_UNUSED_FUNCTION = YES;
				GCC_WARN_UNUSED_VARIABLE = YES;
				IPHONEOS_DEPLOYMENT_TARGET = 9.0;
				MTL_ENABLE_DEBUG_INFO = YES;
				ONLY_ACTIVE_ARCH = YES;
				SDKROOT = iphoneos;
				SWIFT_OPTIMIZATION_LEVEL = "-Onone";
			};
			name = Debug;
		};
		DF4B78AD1BA736940087FEA1 /* Release */ = {
			isa = XCBuildConfiguration;
			buildSettings = {
				ALWAYS_SEARCH_USER_PATHS = NO;
				CLANG_CXX_LANGUAGE_STANDARD = "gnu++0x";
				CLANG_CXX_LIBRARY = "libc++";
				CLANG_ENABLE_MODULES = YES;
				CLANG_ENABLE_OBJC_ARC = YES;
				CLANG_WARN_BOOL_CONVERSION = YES;
				CLANG_WARN_CONSTANT_CONVERSION = YES;
				CLANG_WARN_DIRECT_OBJC_ISA_USAGE = YES_ERROR;
				CLANG_WARN_EMPTY_BODY = YES;
				CLANG_WARN_ENUM_CONVERSION = YES;
				CLANG_WARN_INT_CONVERSION = YES;
				CLANG_WARN_OBJC_ROOT_CLASS = YES_ERROR;
				CLANG_WARN_UNREACHABLE_CODE = YES;
				CLANG_WARN__DUPLICATE_METHOD_MATCH = YES;
				"CODE_SIGN_IDENTITY[sdk=iphoneos*]" = "iPhone Developer";
				COPY_PHASE_STRIP = NO;
				DEBUG_INFORMATION_FORMAT = "dwarf-with-dsym";
				ENABLE_NS_ASSERTIONS = NO;
				ENABLE_STRICT_OBJC_MSGSEND = YES;
				GCC_C_LANGUAGE_STANDARD = gnu99;
				GCC_NO_COMMON_BLOCKS = YES;
				GCC_WARN_64_TO_32_BIT_CONVERSION = YES;
				GCC_WARN_ABOUT_RETURN_TYPE = YES_ERROR;
				GCC_WARN_UNDECLARED_SELECTOR = YES;
				GCC_WARN_UNINITIALIZED_AUTOS = YES_AGGRESSIVE;
				GCC_WARN_UNUSED_FUNCTION = YES;
				GCC_WARN_UNUSED_VARIABLE = YES;
				IPHONEOS_DEPLOYMENT_TARGET = 9.0;
				MTL_ENABLE_DEBUG_INFO = NO;
				SDKROOT = iphoneos;
				VALIDATE_PRODUCT = YES;
			};
			name = Release;
		};
		DF4B78AF1BA736940087FEA1 /* Debug */ = {
			isa = XCBuildConfiguration;
			buildSettings = {
				ASSETCATALOG_COMPILER_APPICON_NAME = AppIcon;
				INFOPLIST_FILE = IronTunes/Info.plist;
				LD_RUNPATH_SEARCH_PATHS = "$(inherited) @executable_path/Frameworks";
				PRODUCT_BUNDLE_IDENTIFIER = "com.tiy.$(PRODUCT_NAME:rfc1034identifier)";
				PRODUCT_NAME = "$(TARGET_NAME)";
			};
			name = Debug;
		};
		DF4B78B01BA736940087FEA1 /* Release */ = {
			isa = XCBuildConfiguration;
			buildSettings = {
				ASSETCATALOG_COMPILER_APPICON_NAME = AppIcon;
				INFOPLIST_FILE = IronTunes/Info.plist;
				LD_RUNPATH_SEARCH_PATHS = "$(inherited) @executable_path/Frameworks";
				PRODUCT_BUNDLE_IDENTIFIER = "com.tiy.$(PRODUCT_NAME:rfc1034identifier)";
				PRODUCT_NAME = "$(TARGET_NAME)";
			};
			name = Release;
		};
/* End XCBuildConfiguration section */

/* Begin XCConfigurationList section */
		DF4B788A1BA736940087FEA1 /* Build configuration list for PBXProject "IronTunes" */ = {
			isa = XCConfigurationList;
			buildConfigurations = (
				DF4B78AC1BA736940087FEA1 /* Debug */,
				DF4B78AD1BA736940087FEA1 /* Release */,
			);
			defaultConfigurationIsVisible = 0;
			defaultConfigurationName = Release;
		};
		DF4B78AE1BA736940087FEA1 /* Build configuration list for PBXNativeTarget "IronTunes" */ = {
			isa = XCConfigurationList;
			buildConfigurations = (
				DF4B78AF1BA736940087FEA1 /* Debug */,
				DF4B78B01BA736940087FEA1 /* Release */,
			);
			defaultConfigurationIsVisible = 0;
			defaultConfigurationName = Release;
		};
/* End XCConfigurationList section */
	};
	rootObject = DF4B78871BA736940087FEA1 /* Project object */;
}
