// !$*UTF8*$!
{
	archiveVersion = 1;
	classes = {
	};
	objectVersion = 46;
	objects = {

/* Begin PBXBuildFile section */
		5E3CC92C1C0EB58F00CF2A0E /* AppDelegate.swift in Sources */ = {isa = PBXBuildFile; fileRef = 5E3CC92B1C0EB58F00CF2A0E /* AppDelegate.swift */; };
		5E3CC92E1C0EB58F00CF2A0E /* ViewController.swift in Sources */ = {isa = PBXBuildFile; fileRef = 5E3CC92D1C0EB58F00CF2A0E /* ViewController.swift */; };
		5E3CC9311C0EB58F00CF2A0E /* Main.storyboard in Resources */ = {isa = PBXBuildFile; fileRef = 5E3CC92F1C0EB58F00CF2A0E /* Main.storyboard */; };
		5E3CC9331C0EB58F00CF2A0E /* Assets.xcassets in Resources */ = {isa = PBXBuildFile; fileRef = 5E3CC9321C0EB58F00CF2A0E /* Assets.xcassets */; };
		5E3CC9361C0EB58F00CF2A0E /* LaunchScreen.storyboard in Resources */ = {isa = PBXBuildFile; fileRef = 5E3CC9341C0EB58F00CF2A0E /* LaunchScreen.storyboard */; };
/* End PBXBuildFile section */

/* Begin PBXFileReference section */
		5E3CC9281C0EB58F00CF2A0E /* SimpleAutoLayout.app */ = {isa = PBXFileReference; explicitFileType = wrapper.application; includeInIndex = 0; path = SimpleAutoLayout.app; sourceTree = BUILT_PRODUCTS_DIR; };
		5E3CC92B1C0EB58F00CF2A0E /* AppDelegate.swift */ = {isa = PBXFileReference; lastKnownFileType = sourcecode.swift; path = AppDelegate.swift; sourceTree = "<group>"; };
		5E3CC92D1C0EB58F00CF2A0E /* ViewController.swift */ = {isa = PBXFileReference; lastKnownFileType = sourcecode.swift; path = ViewController.swift; sourceTree = "<group>"; };
		5E3CC9301C0EB58F00CF2A0E /* Base */ = {isa = PBXFileReference; lastKnownFileType = file.storyboard; name = Base; path = Base.lproj/Main.storyboard; sourceTree = "<group>"; };
		5E3CC9321C0EB58F00CF2A0E /* Assets.xcassets */ = {isa = PBXFileReference; lastKnownFileType = folder.assetcatalog; path = Assets.xcassets; sourceTree = "<group>"; };
		5E3CC9351C0EB58F00CF2A0E /* Base */ = {isa = PBXFileReference; lastKnownFileType = file.storyboard; name = Base; path = Base.lproj/LaunchScreen.storyboard; sourceTree = "<group>"; };
		5E3CC9371C0EB58F00CF2A0E /* Info.plist */ = {isa = PBXFileReference; lastKnownFileType = text.plist.xml; path = Info.plist; sourceTree = "<group>"; };
/* End PBXFileReference section */

/* Begin PBXFrameworksBuildPhase section */
		5E3CC9251C0EB58F00CF2A0E /* Frameworks */ = {
			isa = PBXFrameworksBuildPhase;
			buildActionMask = 2147483647;
			files = (
			);
			runOnlyForDeploymentPostprocessing = 0;
		};
/* End PBXFrameworksBuildPhase section */

/* Begin PBXGroup section */
		5E3CC91F1C0EB58F00CF2A0E = {
			isa = PBXGroup;
			children = (
				5E3CC92A1C0EB58F00CF2A0E /* SimpleAutoLayout */,
				5E3CC9291C0EB58F00CF2A0E /* Products */,
			);
			sourceTree = "<group>";
		};
		5E3CC9291C0EB58F00CF2A0E /* Products */ = {
			isa = PBXGroup;
			children = (
				5E3CC9281C0EB58F00CF2A0E /* SimpleAutoLayout.app */,
			);
			name = Products;
			sourceTree = "<group>";
		};
		5E3CC92A1C0EB58F00CF2A0E /* SimpleAutoLayout */ = {
			isa = PBXGroup;
			children = (
				5E3CC92B1C0EB58F00CF2A0E /* AppDelegate.swift */,
				5E3CC92D1C0EB58F00CF2A0E /* ViewController.swift */,
				5E3CC92F1C0EB58F00CF2A0E /* Main.storyboard */,
				5E3CC9321C0EB58F00CF2A0E /* Assets.xcassets */,
				5E3CC9341C0EB58F00CF2A0E /* LaunchScreen.storyboard */,
				5E3CC9371C0EB58F00CF2A0E /* Info.plist */,
			);
			path = SimpleAutoLayout;
			sourceTree = "<group>";
		};
/* End PBXGroup section */

/* Begin PBXNativeTarget section */
		5E3CC9271C0EB58F00CF2A0E /* SimpleAutoLayout */ = {
			isa = PBXNativeTarget;
			buildConfigurationList = 5E3CC93A1C0EB58F00CF2A0E /* Build configuration list for PBXNativeTarget "SimpleAutoLayout" */;
			buildPhases = (
				5E3CC9241C0EB58F00CF2A0E /* Sources */,
				5E3CC9251C0EB58F00CF2A0E /* Frameworks */,
				5E3CC9261C0EB58F00CF2A0E /* Resources */,
			);
			buildRules = (
			);
			dependencies = (
			);
			name = SimpleAutoLayout;
			productName = SimpleAutoLayout;
			productReference = 5E3CC9281C0EB58F00CF2A0E /* SimpleAutoLayout.app */;
			productType = "com.apple.product-type.application";
		};
/* End PBXNativeTarget section */

/* Begin PBXProject section */
		5E3CC9201C0EB58F00CF2A0E /* Project object */ = {
			isa = PBXProject;
			attributes = {
				LastSwiftUpdateCheck = 0710;
				LastUpgradeCheck = 0710;
				ORGANIZATIONNAME = "Touchopia, LLC";
				TargetAttributes = {
					5E3CC9271C0EB58F00CF2A0E = {
						CreatedOnToolsVersion = 7.1.1;
					};
				};
			};
			buildConfigurationList = 5E3CC9231C0EB58F00CF2A0E /* Build configuration list for PBXProject "SimpleAutoLayout" */;
			compatibilityVersion = "Xcode 3.2";
			developmentRegion = English;
			hasScannedForEncodings = 0;
			knownRegions = (
				en,
				Base,
			);
			mainGroup = 5E3CC91F1C0EB58F00CF2A0E;
			productRefGroup = 5E3CC9291C0EB58F00CF2A0E /* Products */;
			projectDirPath = "";
			projectRoot = "";
			targets = (
				5E3CC9271C0EB58F00CF2A0E /* SimpleAutoLayout */,
			);
		};
/* End PBXProject section */

/* Begin PBXResourcesBuildPhase section */
		5E3CC9261C0EB58F00CF2A0E /* Resources */ = {
			isa = PBXResourcesBuildPhase;
			buildActionMask = 2147483647;
			files = (
				5E3CC9361C0EB58F00CF2A0E /* LaunchScreen.storyboard in Resources */,
				5E3CC9331C0EB58F00CF2A0E /* Assets.xcassets in Resources */,
				5E3CC9311C0EB58F00CF2A0E /* Main.storyboard in Resources */,
			);
			runOnlyForDeploymentPostprocessing = 0;
		};
/* End PBXResourcesBuildPhase section */

/* Begin PBXSourcesBuildPhase section */
		5E3CC9241C0EB58F00CF2A0E /* Sources */ = {
			isa = PBXSourcesBuildPhase;
			buildActionMask = 2147483647;
			files = (
				5E3CC92E1C0EB58F00CF2A0E /* ViewController.swift in Sources */,
				5E3CC92C1C0EB58F00CF2A0E /* AppDelegate.swift in Sources */,
			);
			runOnlyForDeploymentPostprocessing = 0;
		};
/* End PBXSourcesBuildPhase section */

/* Begin PBXVariantGroup section */
		5E3CC92F1C0EB58F00CF2A0E /* Main.storyboard */ = {
			isa = PBXVariantGroup;
			children = (
				5E3CC9301C0EB58F00CF2A0E /* Base */,
			);
			name = Main.storyboard;
			sourceTree = "<group>";
		};
		5E3CC9341C0EB58F00CF2A0E /* LaunchScreen.storyboard */ = {
			isa = PBXVariantGroup;
			children = (
				5E3CC9351C0EB58F00CF2A0E /* Base */,
			);
			name = LaunchScreen.storyboard;
			sourceTree = "<group>";
		};
/* End PBXVariantGroup section */

/* Begin XCBuildConfiguration section */
		5E3CC9381C0EB58F00CF2A0E /* Debug */ = {
			isa = XCBuildConfiguration;
			buildSettings = {
				ALWAYS_SEARCH_USER_PATHS = NO;
				CLANG_CXX_LANGUAGE_STANDARD = "gnu++0x";
				CLANG_CXX_LIBRARY = "libc++";
				CLANG_ENABLE_MODULES = YES;
				CLANG_ENABLE_OBJC_ARC = YES;
				CLANG_WARN_BOOL_CONVERSION = YES;
				CLANG_WARN_CONSTANT_CONVERSION = YES;
				CLANG_WARN_DIRECT_OBJC_ISA_USAGE = YES_ERROR;
				CLANG_WARN_EMPTY_BODY = YES;
				CLANG_WARN_ENUM_CONVERSION = YES;
				CLANG_WARN_INT_CONVERSION = YES;
				CLANG_WARN_OBJC_ROOT_CLASS = YES_ERROR;
				CLANG_WARN_UNREACHABLE_CODE = YES;
				CLANG_WARN__DUPLICATE_METHOD_MATCH = YES;
				"CODE_SIGN_IDENTITY[sdk=iphoneos*]" = "iPhone Developer";
				COPY_PHASE_STRIP = NO;
				DEBUG_INFORMATION_FORMAT = dwarf;
				ENABLE_STRICT_OBJC_MSGSEND = YES;
				ENABLE_TESTABILITY = YES;
				GCC_C_LANGUAGE_STANDARD = gnu99;
				GCC_DYNAMIC_NO_PIC = NO;
				GCC_NO_COMMON_BLOCKS = YES;
				GCC_OPTIMIZATION_LEVEL = 0;
				GCC_PREPROCESSOR_DEFINITIONS = (
					"DEBUG=1",
					"$(inherited)",
				);
				GCC_WARN_64_TO_32_BIT_CONVERSION = YES;
				GCC_WARN_ABOUT_RETURN_TYPE = YES_ERROR;
				GCC_WARN_UNDECLARED_SELECTOR = YES;
				GCC_WARN_UNINITIALIZED_AUTOS = YES_AGGRESSIVE;
				GCC_WARN_UNUSED_FUNCTION = YES;
				GCC_WARN_UNUSED_VARIABLE = YES;
				IPHONEOS_DEPLOYMENT_TARGET = 9.1;
				MTL_ENABLE_DEBUG_INFO = YES;
				ONLY_ACTIVE_ARCH = YES;
				SDKROOT = iphoneos;
				SWIFT_OPTIMIZATION_LEVEL = "-Onone";
			};
			name = Debug;
		};
		5E3CC9391C0EB58F00CF2A0E /* Release */ = {
			isa = XCBuildConfiguration;
			buildSettings = {
				ALWAYS_SEARCH_USER_PATHS = NO;
				CLANG_CXX_LANGUAGE_STANDARD = "gnu++0x";
				CLANG_CXX_LIBRARY = "libc++";
				CLANG_ENABLE_MODULES = YES;
				CLANG_ENABLE_OBJC_ARC = YES;
				CLANG_WARN_BOOL_CONVERSION = YES;
				CLANG_WARN_CONSTANT_CONVERSION = YES;
				CLANG_WARN_DIRECT_OBJC_ISA_USAGE = YES_ERROR;
				CLANG_WARN_EMPTY_BODY = YES;
				CLANG_WARN_ENUM_CONVERSION = YES;
				CLANG_WARN_INT_CONVERSION = YES;
				CLANG_WARN_OBJC_ROOT_CLASS = YES_ERROR;
				CLANG_WARN_UNREACHABLE_CODE = YES;
				CLANG_WARN__DUPLICATE_METHOD_MATCH = YES;
				"CODE_SIGN_IDENTITY[sdk=iphoneos*]" = "iPhone Developer";
				COPY_PHASE_STRIP = NO;
				DEBUG_INFORMATION_FORMAT = "dwarf-with-dsym";
				ENABLE_NS_ASSERTIONS = NO;
				ENABLE_STRICT_OBJC_MSGSEND = YES;
				GCC_C_LANGUAGE_STANDARD = gnu99;
				GCC_NO_COMMON_BLOCKS = YES;
				GCC_WARN_64_TO_32_BIT_CONVERSION = YES;
				GCC_WARN_ABOUT_RETURN_TYPE = YES_ERROR;
				GCC_WARN_UNDECLARED_SELECTOR = YES;
				GCC_WARN_UNINITIALIZED_AUTOS = YES_AGGRESSIVE;
				GCC_WARN_UNUSED_FUNCTION = YES;
				GCC_WARN_UNUSED_VARIABLE = YES;
				IPHONEOS_DEPLOYMENT_TARGET = 9.1;
				MTL_ENABLE_DEBUG_INFO = NO;
				SDKROOT = iphoneos;
				VALIDATE_PRODUCT = YES;
			};
			name = Release;
		};
		5E3CC93B1C0EB58F00CF2A0E /* Debug */ = {
			isa = XCBuildConfiguration;
			buildSettings = {
				ASSETCATALOG_COMPILER_APPICON_NAME = AppIcon;
				INFOPLIST_FILE = SimpleAutoLayout/Info.plist;
				LD_RUNPATH_SEARCH_PATHS = "$(inherited) @executable_path/Frameworks";
				PRODUCT_BUNDLE_IDENTIFIER = com.touchopia.SimpleAutoLayout;
				PRODUCT_NAME = "$(TARGET_NAME)";
			};
			name = Debug;
		};
		5E3CC93C1C0EB58F00CF2A0E /* Release */ = {
			isa = XCBuildConfiguration;
			buildSettings = {
				ASSETCATALOG_COMPILER_APPICON_NAME = AppIcon;
				INFOPLIST_FILE = SimpleAutoLayout/Info.plist;
				LD_RUNPATH_SEARCH_PATHS = "$(inherited) @executable_path/Frameworks";
				PRODUCT_BUNDLE_IDENTIFIER = com.touchopia.SimpleAutoLayout;
				PRODUCT_NAME = "$(TARGET_NAME)";
			};
			name = Release;
		};
/* End XCBuildConfiguration section */

/* Begin XCConfigurationList section */
		5E3CC9231C0EB58F00CF2A0E /* Build configuration list for PBXProject "SimpleAutoLayout" */ = {
			isa = XCConfigurationList;
			buildConfigurations = (
				5E3CC9381C0EB58F00CF2A0E /* Debug */,
				5E3CC9391C0EB58F00CF2A0E /* Release */,
			);
			defaultConfigurationIsVisible = 0;
			defaultConfigurationName = Release;
		};
		5E3CC93A1C0EB58F00CF2A0E /* Build configuration list for PBXNativeTarget "SimpleAutoLayout" */ = {
			isa = XCConfigurationList;
			buildConfigurations = (
				5E3CC93B1C0EB58F00CF2A0E /* Debug */,
				5E3CC93C1C0EB58F00CF2A0E /* Release */,
			);
			defaultConfigurationIsVisible = 0;
		};
/* End XCConfigurationList section */
	};
	rootObject = 5E3CC9201C0EB58F00CF2A0E /* Project object */;
}
