// !$*UTF8*$!
{
	archiveVersion = 1;
	classes = {
	};
	objectVersion = 46;
	objects = {

/* Begin PBXBuildFile section */
		DF0A64D41B5EE3270055796D /* AppDelegate.swift in Sources */ = {isa = PBXBuildFile; fileRef = DF0A64D31B5EE3270055796D /* AppDelegate.swift */; };
		DF0A64D91B5EE3270055796D /* Main.storyboard in Resources */ = {isa = PBXBuildFile; fileRef = DF0A64D71B5EE3270055796D /* Main.storyboard */; };
		DF0A64DB1B5EE3270055796D /* Images.xcassets in Resources */ = {isa = PBXBuildFile; fileRef = DF0A64DA1B5EE3270055796D /* Images.xcassets */; };
		DF0A64DE1B5EE3270055796D /* LaunchScreen.xib in Resources */ = {isa = PBXBuildFile; fileRef = DF0A64DC1B5EE3270055796D /* LaunchScreen.xib */; };
		DF809C281B600BCB00059766 /* TicketsTableViewController.swift in Sources */ = {isa = PBXBuildFile; fileRef = DF809C271B600BCB00059766 /* TicketsTableViewController.swift */; };
		DF809C2A1B60136B00059766 /* WinningTicketViewController.swift in Sources */ = {isa = PBXBuildFile; fileRef = DF809C291B60136B00059766 /* WinningTicketViewController.swift */; };
		DF809C2C1B60143A00059766 /* Ticket.swift in Sources */ = {isa = PBXBuildFile; fileRef = DF809C2B1B60143A00059766 /* Ticket.swift */; };
		DF809C2E1B60266900059766 /* TicketCell.swift in Sources */ = {isa = PBXBuildFile; fileRef = DF809C2D1B60266900059766 /* TicketCell.swift */; };
/* End PBXBuildFile section */

/* Begin PBXFileReference section */
		DF0A64CE1B5EE3270055796D /* Jackpot.app */ = {isa = PBXFileReference; explicitFileType = wrapper.application; includeInIndex = 0; path = Jackpot.app; sourceTree = BUILT_PRODUCTS_DIR; };
		DF0A64D21B5EE3270055796D /* Info.plist */ = {isa = PBXFileReference; lastKnownFileType = text.plist.xml; path = Info.plist; sourceTree = "<group>"; };
		DF0A64D31B5EE3270055796D /* AppDelegate.swift */ = {isa = PBXFileReference; lastKnownFileType = sourcecode.swift; path = AppDelegate.swift; sourceTree = "<group>"; };
		DF0A64D81B5EE3270055796D /* Base */ = {isa = PBXFileReference; lastKnownFileType = file.storyboard; name = Base; path = Base.lproj/Main.storyboard; sourceTree = "<group>"; };
		DF0A64DA1B5EE3270055796D /* Images.xcassets */ = {isa = PBXFileReference; lastKnownFileType = folder.assetcatalog; path = Images.xcassets; sourceTree = "<group>"; };
		DF0A64DD1B5EE3270055796D /* Base */ = {isa = PBXFileReference; lastKnownFileType = file.xib; name = Base; path = Base.lproj/LaunchScreen.xib; sourceTree = "<group>"; };
		DF809C271B600BCB00059766 /* TicketsTableViewController.swift */ = {isa = PBXFileReference; fileEncoding = 4; lastKnownFileType = sourcecode.swift; path = TicketsTableViewController.swift; sourceTree = "<group>"; };
		DF809C291B60136B00059766 /* WinningTicketViewController.swift */ = {isa = PBXFileReference; fileEncoding = 4; lastKnownFileType = sourcecode.swift; path = WinningTicketViewController.swift; sourceTree = "<group>"; };
		DF809C2B1B60143A00059766 /* Ticket.swift */ = {isa = PBXFileReference; fileEncoding = 4; lastKnownFileType = sourcecode.swift; path = Ticket.swift; sourceTree = "<group>"; };
		DF809C2D1B60266900059766 /* TicketCell.swift */ = {isa = PBXFileReference; fileEncoding = 4; lastKnownFileType = sourcecode.swift; path = TicketCell.swift; sourceTree = "<group>"; };
/* End PBXFileReference section */

/* Begin PBXFrameworksBuildPhase section */
		DF0A64CB1B5EE3270055796D /* Frameworks */ = {
			isa = PBXFrameworksBuildPhase;
			buildActionMask = 2147483647;
			files = (
			);
			runOnlyForDeploymentPostprocessing = 0;
		};
/* End PBXFrameworksBuildPhase section */

/* Begin PBXGroup section */
		DF0A64C51B5EE3270055796D = {
			isa = PBXGroup;
			children = (
				DF0A64D01B5EE3270055796D /* Jackpot */,
				DF0A64CF1B5EE3270055796D /* Products */,
			);
			sourceTree = "<group>";
		};
		DF0A64CF1B5EE3270055796D /* Products */ = {
			isa = PBXGroup;
			children = (
				DF0A64CE1B5EE3270055796D /* Jackpot.app */,
			);
			name = Products;
			sourceTree = "<group>";
		};
		DF0A64D01B5EE3270055796D /* Jackpot */ = {
			isa = PBXGroup;
			children = (
				DF0A64D31B5EE3270055796D /* AppDelegate.swift */,
				DF809C271B600BCB00059766 /* TicketsTableViewController.swift */,
				DF809C291B60136B00059766 /* WinningTicketViewController.swift */,
				DF809C2D1B60266900059766 /* TicketCell.swift */,
				DF809C2B1B60143A00059766 /* Ticket.swift */,
				DF0A64D71B5EE3270055796D /* Main.storyboard */,
				DF0A64DA1B5EE3270055796D /* Images.xcassets */,
				DF0A64DC1B5EE3270055796D /* LaunchScreen.xib */,
				DF0A64D11B5EE3270055796D /* Supporting Files */,
			);
			path = Jackpot;
			sourceTree = "<group>";
		};
		DF0A64D11B5EE3270055796D /* Supporting Files */ = {
			isa = PBXGroup;
			children = (
				DF0A64D21B5EE3270055796D /* Info.plist */,
			);
			name = "Supporting Files";
			sourceTree = "<group>";
		};
/* End PBXGroup section */

/* Begin PBXNativeTarget section */
		DF0A64CD1B5EE3270055796D /* Jackpot */ = {
			isa = PBXNativeTarget;
			buildConfigurationList = DF0A64ED1B5EE3270055796D /* Build configuration list for PBXNativeTarget "Jackpot" */;
			buildPhases = (
				DF0A64CA1B5EE3270055796D /* Sources */,
				DF0A64CB1B5EE3270055796D /* Frameworks */,
				DF0A64CC1B5EE3270055796D /* Resources */,
			);
			buildRules = (
			);
			dependencies = (
			);
			name = Jackpot;
			productName = Jackpot;
			productReference = DF0A64CE1B5EE3270055796D /* Jackpot.app */;
			productType = "com.apple.product-type.application";
		};
/* End PBXNativeTarget section */

/* Begin PBXProject section */
		DF0A64C61B5EE3270055796D /* Project object */ = {
			isa = PBXProject;
			attributes = {
				LastSwiftMigration = 0700;
				LastSwiftUpdateCheck = 0700;
				LastUpgradeCheck = 0700;
				ORGANIZATIONNAME = "The Iron Yard";
				TargetAttributes = {
					DF0A64CD1B5EE3270055796D = {
						CreatedOnToolsVersion = 6.4;
					};
				};
			};
			buildConfigurationList = DF0A64C91B5EE3270055796D /* Build configuration list for PBXProject "Jackpot" */;
			compatibilityVersion = "Xcode 3.2";
			developmentRegion = English;
			hasScannedForEncodings = 0;
			knownRegions = (
				en,
				Base,
			);
			mainGroup = DF0A64C51B5EE3270055796D;
			productRefGroup = DF0A64CF1B5EE3270055796D /* Products */;
			projectDirPath = "";
			projectRoot = "";
			targets = (
				DF0A64CD1B5EE3270055796D /* Jackpot */,
			);
		};
/* End PBXProject section */

/* Begin PBXResourcesBuildPhase section */
		DF0A64CC1B5EE3270055796D /* Resources */ = {
			isa = PBXResourcesBuildPhase;
			buildActionMask = 2147483647;
			files = (
				DF0A64D91B5EE3270055796D /* Main.storyboard in Resources */,
				DF0A64DE1B5EE3270055796D /* LaunchScreen.xib in Resources */,
				DF0A64DB1B5EE3270055796D /* Images.xcassets in Resources */,
			);
			runOnlyForDeploymentPostprocessing = 0;
		};
/* End PBXResourcesBuildPhase section */

/* Begin PBXSourcesBuildPhase section */
		DF0A64CA1B5EE3270055796D /* Sources */ = {
			isa = PBXSourcesBuildPhase;
			buildActionMask = 2147483647;
			files = (
				DF809C281B600BCB00059766 /* TicketsTableViewController.swift in Sources */,
				DF0A64D41B5EE3270055796D /* AppDelegate.swift in Sources */,
				DF809C2E1B60266900059766 /* TicketCell.swift in Sources */,
				DF809C2A1B60136B00059766 /* WinningTicketViewController.swift in Sources */,
				DF809C2C1B60143A00059766 /* Ticket.swift in Sources */,
			);
			runOnlyForDeploymentPostprocessing = 0;
		};
/* End PBXSourcesBuildPhase section */

/* Begin PBXVariantGroup section */
		DF0A64D71B5EE3270055796D /* Main.storyboard */ = {
			isa = PBXVariantGroup;
			children = (
				DF0A64D81B5EE3270055796D /* Base */,
			);
			name = Main.storyboard;
			sourceTree = "<group>";
		};
		DF0A64DC1B5EE3270055796D /* LaunchScreen.xib */ = {
			isa = PBXVariantGroup;
			children = (
				DF0A64DD1B5EE3270055796D /* Base */,
			);
			name = LaunchScreen.xib;
			sourceTree = "<group>";
		};
/* End PBXVariantGroup section */

/* Begin XCBuildConfiguration section */
		DF0A64EB1B5EE3270055796D /* Debug */ = {
			isa = XCBuildConfiguration;
			buildSettings = {
				ALWAYS_SEARCH_USER_PATHS = NO;
				CLANG_CXX_LANGUAGE_STANDARD = "gnu++0x";
				CLANG_CXX_LIBRARY = "libc++";
				CLANG_ENABLE_MODULES = YES;
				CLANG_ENABLE_OBJC_ARC = YES;
				CLANG_WARN_BOOL_CONVERSION = YES;
				CLANG_WARN_CONSTANT_CONVERSION = YES;
				CLANG_WARN_DIRECT_OBJC_ISA_USAGE = YES_ERROR;
				CLANG_WARN_EMPTY_BODY = YES;
				CLANG_WARN_ENUM_CONVERSION = YES;
				CLANG_WARN_INT_CONVERSION = YES;
				CLANG_WARN_OBJC_ROOT_CLASS = YES_ERROR;
				CLANG_WARN_UNREACHABLE_CODE = YES;
				CLANG_WARN__DUPLICATE_METHOD_MATCH = YES;
				"CODE_SIGN_IDENTITY[sdk=iphoneos*]" = "iPhone Developer";
				COPY_PHASE_STRIP = NO;
				DEBUG_INFORMATION_FORMAT = "dwarf-with-dsym";
				ENABLE_STRICT_OBJC_MSGSEND = YES;
				ENABLE_TESTABILITY = YES;
				GCC_C_LANGUAGE_STANDARD = gnu99;
				GCC_DYNAMIC_NO_PIC = NO;
				GCC_NO_COMMON_BLOCKS = YES;
				GCC_OPTIMIZATION_LEVEL = 0;
				GCC_PREPROCESSOR_DEFINITIONS = (
					"DEBUG=1",
					"$(inherited)",
				);
				GCC_SYMBOLS_PRIVATE_EXTERN = NO;
				GCC_WARN_64_TO_32_BIT_CONVERSION = YES;
				GCC_WARN_ABOUT_RETURN_TYPE = YES_ERROR;
				GCC_WARN_UNDECLARED_SELECTOR = YES;
				GCC_WARN_UNINITIALIZED_AUTOS = YES_AGGRESSIVE;
				GCC_WARN_UNUSED_FUNCTION = YES;
				GCC_WARN_UNUSED_VARIABLE = YES;
				IPHONEOS_DEPLOYMENT_TARGET = 9.0;
				MTL_ENABLE_DEBUG_INFO = YES;
				ONLY_ACTIVE_ARCH = YES;
				SDKROOT = iphoneos;
				SWIFT_OPTIMIZATION_LEVEL = "-Onone";
			};
			name = Debug;
		};
		DF0A64EC1B5EE3270055796D /* Release */ = {
			isa = XCBuildConfiguration;
			buildSettings = {
				ALWAYS_SEARCH_USER_PATHS = NO;
				CLANG_CXX_LANGUAGE_STANDARD = "gnu++0x";
				CLANG_CXX_LIBRARY = "libc++";
				CLANG_ENABLE_MODULES = YES;
				CLANG_ENABLE_OBJC_ARC = YES;
				CLANG_WARN_BOOL_CONVERSION = YES;
				CLANG_WARN_CONSTANT_CONVERSION = YES;
				CLANG_WARN_DIRECT_OBJC_ISA_USAGE = YES_ERROR;
				CLANG_WARN_EMPTY_BODY = YES;
				CLANG_WARN_ENUM_CONVERSION = YES;
				CLANG_WARN_INT_CONVERSION = YES;
				CLANG_WARN_OBJC_ROOT_CLASS = YES_ERROR;
				CLANG_WARN_UNREACHABLE_CODE = YES;
				CLANG_WARN__DUPLICATE_METHOD_MATCH = YES;
				"CODE_SIGN_IDENTITY[sdk=iphoneos*]" = "iPhone Developer";
				COPY_PHASE_STRIP = NO;
				DEBUG_INFORMATION_FORMAT = "dwarf-with-dsym";
				ENABLE_NS_ASSERTIONS = NO;
				ENABLE_STRICT_OBJC_MSGSEND = YES;
				GCC_C_LANGUAGE_STANDARD = gnu99;
				GCC_NO_COMMON_BLOCKS = YES;
				GCC_WARN_64_TO_32_BIT_CONVERSION = YES;
				GCC_WARN_ABOUT_RETURN_TYPE = YES_ERROR;
				GCC_WARN_UNDECLARED_SELECTOR = YES;
				GCC_WARN_UNINITIALIZED_AUTOS = YES_AGGRESSIVE;
				GCC_WARN_UNUSED_FUNCTION = YES;
				GCC_WARN_UNUSED_VARIABLE = YES;
				IPHONEOS_DEPLOYMENT_TARGET = 9.0;
				MTL_ENABLE_DEBUG_INFO = NO;
				SDKROOT = iphoneos;
				VALIDATE_PRODUCT = YES;
			};
			name = Release;
		};
		DF0A64EE1B5EE3270055796D /* Debug */ = {
			isa = XCBuildConfiguration;
			buildSettings = {
				ASSETCATALOG_COMPILER_APPICON_NAME = AppIcon;
				INFOPLIST_FILE = Jackpot/Info.plist;
				IPHONEOS_DEPLOYMENT_TARGET = 8.4;
				LD_RUNPATH_SEARCH_PATHS = "$(inherited) @executable_path/Frameworks";
				PRODUCT_BUNDLE_IDENTIFIER = "com.tiy.$(PRODUCT_NAME:rfc1034identifier)";
				PRODUCT_NAME = "$(TARGET_NAME)";
			};
			name = Debug;
		};
		DF0A64EF1B5EE3270055796D /* Release */ = {
			isa = XCBuildConfiguration;
			buildSettings = {
				ASSETCATALOG_COMPILER_APPICON_NAME = AppIcon;
				INFOPLIST_FILE = Jackpot/Info.plist;
				IPHONEOS_DEPLOYMENT_TARGET = 8.4;
				LD_RUNPATH_SEARCH_PATHS = "$(inherited) @executable_path/Frameworks";
				PRODUCT_BUNDLE_IDENTIFIER = "com.tiy.$(PRODUCT_NAME:rfc1034identifier)";
				PRODUCT_NAME = "$(TARGET_NAME)";
			};
			name = Release;
		};
/* End XCBuildConfiguration section */

/* Begin XCConfigurationList section */
		DF0A64C91B5EE3270055796D /* Build configuration list for PBXProject "Jackpot" */ = {
			isa = XCConfigurationList;
			buildConfigurations = (
				DF0A64EB1B5EE3270055796D /* Debug */,
				DF0A64EC1B5EE3270055796D /* Release */,
			);
			defaultConfigurationIsVisible = 0;
			defaultConfigurationName = Release;
		};
		DF0A64ED1B5EE3270055796D /* Build configuration list for PBXNativeTarget "Jackpot" */ = {
			isa = XCConfigurationList;
			buildConfigurations = (
				DF0A64EE1B5EE3270055796D /* Debug */,
				DF0A64EF1B5EE3270055796D /* Release */,
			);
			defaultConfigurationIsVisible = 0;
			defaultConfigurationName = Release;
		};
/* End XCConfigurationList section */
	};
	rootObject = DF0A64C61B5EE3270055796D /* Project object */;
}
