// !$*UTF8*$!
{
	archiveVersion = 1;
	classes = {
	};
	objectVersion = 46;
	objects = {

/* Begin PBXBuildFile section */
		5EEA4EA11CB3606700DBD5AD /* AppDelegate.swift in Sources */ = {isa = PBXBuildFile; fileRef = 5EEA4EA01CB3606700DBD5AD /* AppDelegate.swift */; };
		5EEA4EA31CB3606700DBD5AD /* ViewController.swift in Sources */ = {isa = PBXBuildFile; fileRef = 5EEA4EA21CB3606700DBD5AD /* ViewController.swift */; };
		5EEA4EA61CB3606700DBD5AD /* Main.storyboard in Resources */ = {isa = PBXBuildFile; fileRef = 5EEA4EA41CB3606700DBD5AD /* Main.storyboard */; };
		5EEA4EA81CB3606700DBD5AD /* Assets.xcassets in Resources */ = {isa = PBXBuildFile; fileRef = 5EEA4EA71CB3606700DBD5AD /* Assets.xcassets */; };
		5EEA4EAB1CB3606700DBD5AD /* LaunchScreen.storyboard in Resources */ = {isa = PBXBuildFile; fileRef = 5EEA4EA91CB3606700DBD5AD /* LaunchScreen.storyboard */; };
		5EEA4EB31CB3606F00DBD5AD /* SwiftDate.swift in Sources */ = {isa = PBXBuildFile; fileRef = 5EEA4EB21CB3606F00DBD5AD /* SwiftDate.swift */; };
/* End PBXBuildFile section */

/* Begin PBXFileReference section */
		5EEA4E9D1CB3606600DBD5AD /* SimpleDates.app */ = {isa = PBXFileReference; explicitFileType = wrapper.application; includeInIndex = 0; path = SimpleDates.app; sourceTree = BUILT_PRODUCTS_DIR; };
		5EEA4EA01CB3606700DBD5AD /* AppDelegate.swift */ = {isa = PBXFileReference; lastKnownFileType = sourcecode.swift; path = AppDelegate.swift; sourceTree = "<group>"; };
		5EEA4EA21CB3606700DBD5AD /* ViewController.swift */ = {isa = PBXFileReference; lastKnownFileType = sourcecode.swift; path = ViewController.swift; sourceTree = "<group>"; };
		5EEA4EA51CB3606700DBD5AD /* Base */ = {isa = PBXFileReference; lastKnownFileType = file.storyboard; name = Base; path = Base.lproj/Main.storyboard; sourceTree = "<group>"; };
		5EEA4EA71CB3606700DBD5AD /* Assets.xcassets */ = {isa = PBXFileReference; lastKnownFileType = folder.assetcatalog; path = Assets.xcassets; sourceTree = "<group>"; };
		5EEA4EAA1CB3606700DBD5AD /* Base */ = {isa = PBXFileReference; lastKnownFileType = file.storyboard; name = Base; path = Base.lproj/LaunchScreen.storyboard; sourceTree = "<group>"; };
		5EEA4EAC1CB3606700DBD5AD /* Info.plist */ = {isa = PBXFileReference; lastKnownFileType = text.plist.xml; path = Info.plist; sourceTree = "<group>"; };
		5EEA4EB21CB3606F00DBD5AD /* SwiftDate.swift */ = {isa = PBXFileReference; fileEncoding = 4; lastKnownFileType = sourcecode.swift; path = SwiftDate.swift; sourceTree = "<group>"; };
/* End PBXFileReference section */

/* Begin PBXFrameworksBuildPhase section */
		5EEA4E9A1CB3606600DBD5AD /* Frameworks */ = {
			isa = PBXFrameworksBuildPhase;
			buildActionMask = 2147483647;
			files = (
			);
			runOnlyForDeploymentPostprocessing = 0;
		};
/* End PBXFrameworksBuildPhase section */

/* Begin PBXGroup section */
		5EEA4E941CB3606600DBD5AD = {
			isa = PBXGroup;
			children = (
				5EEA4E9F1CB3606700DBD5AD /* SimpleDates */,
				5EEA4E9E1CB3606600DBD5AD /* Products */,
			);
			sourceTree = "<group>";
		};
		5EEA4E9E1CB3606600DBD5AD /* Products */ = {
			isa = PBXGroup;
			children = (
				5EEA4E9D1CB3606600DBD5AD /* SimpleDates.app */,
			);
			name = Products;
			sourceTree = "<group>";
		};
		5EEA4E9F1CB3606700DBD5AD /* SimpleDates */ = {
			isa = PBXGroup;
			children = (
				5EEA4EA01CB3606700DBD5AD /* AppDelegate.swift */,
				5EEA4EA21CB3606700DBD5AD /* ViewController.swift */,
				5EEA4EB21CB3606F00DBD5AD /* SwiftDate.swift */,
				5EEA4EA41CB3606700DBD5AD /* Main.storyboard */,
				5EEA4EA71CB3606700DBD5AD /* Assets.xcassets */,
				5EEA4EA91CB3606700DBD5AD /* LaunchScreen.storyboard */,
				5EEA4EAC1CB3606700DBD5AD /* Info.plist */,
			);
			path = SimpleDates;
			sourceTree = "<group>";
		};
/* End PBXGroup section */

/* Begin PBXNativeTarget section */
		5EEA4E9C1CB3606600DBD5AD /* SimpleDates */ = {
			isa = PBXNativeTarget;
			buildConfigurationList = 5EEA4EAF1CB3606700DBD5AD /* Build configuration list for PBXNativeTarget "SimpleDates" */;
			buildPhases = (
				5EEA4E991CB3606600DBD5AD /* Sources */,
				5EEA4E9A1CB3606600DBD5AD /* Frameworks */,
				5EEA4E9B1CB3606600DBD5AD /* Resources */,
			);
			buildRules = (
			);
			dependencies = (
			);
			name = SimpleDates;
			productName = SimpleDates;
			productReference = 5EEA4E9D1CB3606600DBD5AD /* SimpleDates.app */;
			productType = "com.apple.product-type.application";
		};
/* End PBXNativeTarget section */

/* Begin PBXProject section */
		5EEA4E951CB3606600DBD5AD /* Project object */ = {
			isa = PBXProject;
			attributes = {
				LastSwiftUpdateCheck = 0730;
				LastUpgradeCheck = 0730;
				ORGANIZATIONNAME = "Touchopia, LLC";
				TargetAttributes = {
					5EEA4E9C1CB3606600DBD5AD = {
						CreatedOnToolsVersion = 7.3;
					};
				};
			};
			buildConfigurationList = 5EEA4E981CB3606600DBD5AD /* Build configuration list for PBXProject "SimpleDates" */;
			compatibilityVersion = "Xcode 3.2";
			developmentRegion = English;
			hasScannedForEncodings = 0;
			knownRegions = (
				en,
				Base,
			);
			mainGroup = 5EEA4E941CB3606600DBD5AD;
			productRefGroup = 5EEA4E9E1CB3606600DBD5AD /* Products */;
			projectDirPath = "";
			projectRoot = "";
			targets = (
				5EEA4E9C1CB3606600DBD5AD /* SimpleDates */,
			);
		};
/* End PBXProject section */

/* Begin PBXResourcesBuildPhase section */
		5EEA4E9B1CB3606600DBD5AD /* Resources */ = {
			isa = PBXResourcesBuildPhase;
			buildActionMask = 2147483647;
			files = (
				5EEA4EAB1CB3606700DBD5AD /* LaunchScreen.storyboard in Resources */,
				5EEA4EA81CB3606700DBD5AD /* Assets.xcassets in Resources */,
				5EEA4EA61CB3606700DBD5AD /* Main.storyboard in Resources */,
			);
			runOnlyForDeploymentPostprocessing = 0;
		};
/* End PBXResourcesBuildPhase section */

/* Begin PBXSourcesBuildPhase section */
		5EEA4E991CB3606600DBD5AD /* Sources */ = {
			isa = PBXSourcesBuildPhase;
			buildActionMask = 2147483647;
			files = (
				5EEA4EA31CB3606700DBD5AD /* ViewController.swift in Sources */,
				5EEA4EA11CB3606700DBD5AD /* AppDelegate.swift in Sources */,
				5EEA4EB31CB3606F00DBD5AD /* SwiftDate.swift in Sources */,
			);
			runOnlyForDeploymentPostprocessing = 0;
		};
/* End PBXSourcesBuildPhase section */

/* Begin PBXVariantGroup section */
		5EEA4EA41CB3606700DBD5AD /* Main.storyboard */ = {
			isa = PBXVariantGroup;
			children = (
				5EEA4EA51CB3606700DBD5AD /* Base */,
			);
			name = Main.storyboard;
			sourceTree = "<group>";
		};
		5EEA4EA91CB3606700DBD5AD /* LaunchScreen.storyboard */ = {
			isa = PBXVariantGroup;
			children = (
				5EEA4EAA1CB3606700DBD5AD /* Base */,
			);
			name = LaunchScreen.storyboard;
			sourceTree = "<group>";
		};
/* End PBXVariantGroup section */

/* Begin XCBuildConfiguration section */
		5EEA4EAD1CB3606700DBD5AD /* Debug */ = {
			isa = XCBuildConfiguration;
			buildSettings = {
				ALWAYS_SEARCH_USER_PATHS = NO;
				CLANG_ANALYZER_NONNULL = YES;
				CLANG_CXX_LANGUAGE_STANDARD = "gnu++0x";
				CLANG_CXX_LIBRARY = "libc++";
				CLANG_ENABLE_MODULES = YES;
				CLANG_ENABLE_OBJC_ARC = YES;
				CLANG_WARN_BOOL_CONVERSION = YES;
				CLANG_WARN_CONSTANT_CONVERSION = YES;
				CLANG_WARN_DIRECT_OBJC_ISA_USAGE = YES_ERROR;
				CLANG_WARN_EMPTY_BODY = YES;
				CLANG_WARN_ENUM_CONVERSION = YES;
				CLANG_WARN_INT_CONVERSION = YES;
				CLANG_WARN_OBJC_ROOT_CLASS = YES_ERROR;
				CLANG_WARN_UNREACHABLE_CODE = YES;
				CLANG_WARN__DUPLICATE_METHOD_MATCH = YES;
				"CODE_SIGN_IDENTITY[sdk=iphoneos*]" = "iPhone Developer";
				COPY_PHASE_STRIP = NO;
				DEBUG_INFORMATION_FORMAT = dwarf;
				ENABLE_STRICT_OBJC_MSGSEND = YES;
				ENABLE_TESTABILITY = YES;
				GCC_C_LANGUAGE_STANDARD = gnu99;
				GCC_DYNAMIC_NO_PIC = NO;
				GCC_NO_COMMON_BLOCKS = YES;
				GCC_OPTIMIZATION_LEVEL = 0;
				GCC_PREPROCESSOR_DEFINITIONS = (
					"DEBUG=1",
					"$(inherited)",
				);
				GCC_WARN_64_TO_32_BIT_CONVERSION = YES;
				GCC_WARN_ABOUT_RETURN_TYPE = YES_ERROR;
				GCC_WARN_UNDECLARED_SELECTOR = YES;
				GCC_WARN_UNINITIALIZED_AUTOS = YES_AGGRESSIVE;
				GCC_WARN_UNUSED_FUNCTION = YES;
				GCC_WARN_UNUSED_VARIABLE = YES;
				IPHONEOS_DEPLOYMENT_TARGET = 9.3;
				MTL_ENABLE_DEBUG_INFO = YES;
				ONLY_ACTIVE_ARCH = YES;
				SDKROOT = iphoneos;
				SWIFT_OPTIMIZATION_LEVEL = "-Onone";
			};
			name = Debug;
		};
		5EEA4EAE1CB3606700DBD5AD /* Release */ = {
			isa = XCBuildConfiguration;
			buildSettings = {
				ALWAYS_SEARCH_USER_PATHS = NO;
				CLANG_ANALYZER_NONNULL = YES;
				CLANG_CXX_LANGUAGE_STANDARD = "gnu++0x";
				CLANG_CXX_LIBRARY = "libc++";
				CLANG_ENABLE_MODULES = YES;
				CLANG_ENABLE_OBJC_ARC = YES;
				CLANG_WARN_BOOL_CONVERSION = YES;
				CLANG_WARN_CONSTANT_CONVERSION = YES;
				CLANG_WARN_DIRECT_OBJC_ISA_USAGE = YES_ERROR;
				CLANG_WARN_EMPTY_BODY = YES;
				CLANG_WARN_ENUM_CONVERSION = YES;
				CLANG_WARN_INT_CONVERSION = YES;
				CLANG_WARN_OBJC_ROOT_CLASS = YES_ERROR;
				CLANG_WARN_UNREACHABLE_CODE = YES;
				CLANG_WARN__DUPLICATE_METHOD_MATCH = YES;
				"CODE_SIGN_IDENTITY[sdk=iphoneos*]" = "iPhone Developer";
				COPY_PHASE_STRIP = NO;
				DEBUG_INFORMATION_FORMAT = "dwarf-with-dsym";
				ENABLE_NS_ASSERTIONS = NO;
				ENABLE_STRICT_OBJC_MSGSEND = YES;
				GCC_C_LANGUAGE_STANDARD = gnu99;
				GCC_NO_COMMON_BLOCKS = YES;
				GCC_WARN_64_TO_32_BIT_CONVERSION = YES;
				GCC_WARN_ABOUT_RETURN_TYPE = YES_ERROR;
				GCC_WARN_UNDECLARED_SELECTOR = YES;
				GCC_WARN_UNINITIALIZED_AUTOS = YES_AGGRESSIVE;
				GCC_WARN_UNUSED_FUNCTION = YES;
				GCC_WARN_UNUSED_VARIABLE = YES;
				IPHONEOS_DEPLOYMENT_TARGET = 9.3;
				MTL_ENABLE_DEBUG_INFO = NO;
				SDKROOT = iphoneos;
				VALIDATE_PRODUCT = YES;
			};
			name = Release;
		};
		5EEA4EB01CB3606700DBD5AD /* Debug */ = {
			isa = XCBuildConfiguration;
			buildSettings = {
				ASSETCATALOG_COMPILER_APPICON_NAME = AppIcon;
				INFOPLIST_FILE = SimpleDates/Info.plist;
				LD_RUNPATH_SEARCH_PATHS = "$(inherited) @executable_path/Frameworks";
				PRODUCT_BUNDLE_IDENTIFIER = com.touchopia.SimpleDates;
				PRODUCT_NAME = "$(TARGET_NAME)";
			};
			name = Debug;
		};
		5EEA4EB11CB3606700DBD5AD /* Release */ = {
			isa = XCBuildConfiguration;
			buildSettings = {
				ASSETCATALOG_COMPILER_APPICON_NAME = AppIcon;
				INFOPLIST_FILE = SimpleDates/Info.plist;
				LD_RUNPATH_SEARCH_PATHS = "$(inherited) @executable_path/Frameworks";
				PRODUCT_BUNDLE_IDENTIFIER = com.touchopia.SimpleDates;
				PRODUCT_NAME = "$(TARGET_NAME)";
			};
			name = Release;
		};
/* End XCBuildConfiguration section */

/* Begin XCConfigurationList section */
		5EEA4E981CB3606600DBD5AD /* Build configuration list for PBXProject "SimpleDates" */ = {
			isa = XCConfigurationList;
			buildConfigurations = (
				5EEA4EAD1CB3606700DBD5AD /* Debug */,
				5EEA4EAE1CB3606700DBD5AD /* Release */,
			);
			defaultConfigurationIsVisible = 0;
			defaultConfigurationName = Release;
		};
		5EEA4EAF1CB3606700DBD5AD /* Build configuration list for PBXNativeTarget "SimpleDates" */ = {
			isa = XCConfigurationList;
			buildConfigurations = (
				5EEA4EB01CB3606700DBD5AD /* Debug */,
				5EEA4EB11CB3606700DBD5AD /* Release */,
			);
			defaultConfigurationIsVisible = 0;
		};
/* End XCConfigurationList section */
	};
	rootObject = 5EEA4E951CB3606600DBD5AD /* Project object */;
}
