// !$*UTF8*$!
{
	archiveVersion = 1;
	classes = {
	};
	objectVersion = 46;
	objects = {

/* Begin PBXBuildFile section */
		5E839F211C711A9000CBFB57 /* YouTubePlayer.swift in Sources */ = {isa = PBXBuildFile; fileRef = 5E839F1F1C711A9000CBFB57 /* YouTubePlayer.swift */; };
		5E839F221C711A9000CBFB57 /* YTPlayer.html in Resources */ = {isa = PBXBuildFile; fileRef = 5E839F201C711A9000CBFB57 /* YTPlayer.html */; };
		5E839F241C711C9000CBFB57 /* YTTableViewCell.swift in Sources */ = {isa = PBXBuildFile; fileRef = 5E839F231C711C9000CBFB57 /* YTTableViewCell.swift */; };
		5E839F261C711D0100CBFB57 /* YTViewController.swift in Sources */ = {isa = PBXBuildFile; fileRef = 5E839F251C711D0100CBFB57 /* YTViewController.swift */; };
		5E85F5161C2370A600B84DF4 /* AppDelegate.swift in Sources */ = {isa = PBXBuildFile; fileRef = 5E85F5151C2370A600B84DF4 /* AppDelegate.swift */; };
		5E85F5181C2370A600B84DF4 /* ViewController.swift in Sources */ = {isa = PBXBuildFile; fileRef = 5E85F5171C2370A600B84DF4 /* ViewController.swift */; };
		5E85F51B1C2370A600B84DF4 /* Main.storyboard in Resources */ = {isa = PBXBuildFile; fileRef = 5E85F5191C2370A600B84DF4 /* Main.storyboard */; };
		5E85F51D1C2370A600B84DF4 /* Assets.xcassets in Resources */ = {isa = PBXBuildFile; fileRef = 5E85F51C1C2370A600B84DF4 /* Assets.xcassets */; };
		5E85F5201C2370A600B84DF4 /* LaunchScreen.storyboard in Resources */ = {isa = PBXBuildFile; fileRef = 5E85F51E1C2370A600B84DF4 /* LaunchScreen.storyboard */; };
		5E85F5281C23717B00B84DF4 /* Video.swift in Sources */ = {isa = PBXBuildFile; fileRef = 5E85F5271C23717B00B84DF4 /* Video.swift */; };
		5E85F52A1C2371D800B84DF4 /* VideoService.swift in Sources */ = {isa = PBXBuildFile; fileRef = 5E85F5291C2371D800B84DF4 /* VideoService.swift */; };
/* End PBXBuildFile section */

/* Begin PBXFileReference section */
		5E839F1F1C711A9000CBFB57 /* YouTubePlayer.swift */ = {isa = PBXFileReference; fileEncoding = 4; lastKnownFileType = sourcecode.swift; path = YouTubePlayer.swift; sourceTree = "<group>"; };
		5E839F201C711A9000CBFB57 /* YTPlayer.html */ = {isa = PBXFileReference; fileEncoding = 4; lastKnownFileType = text.html; path = YTPlayer.html; sourceTree = "<group>"; };
		5E839F231C711C9000CBFB57 /* YTTableViewCell.swift */ = {isa = PBXFileReference; fileEncoding = 4; lastKnownFileType = sourcecode.swift; path = YTTableViewCell.swift; sourceTree = "<group>"; };
		5E839F251C711D0100CBFB57 /* YTViewController.swift */ = {isa = PBXFileReference; fileEncoding = 4; lastKnownFileType = sourcecode.swift; path = YTViewController.swift; sourceTree = "<group>"; };
		5E85F5121C2370A600B84DF4 /* SimpleYouTube.app */ = {isa = PBXFileReference; explicitFileType = wrapper.application; includeInIndex = 0; path = SimpleYouTube.app; sourceTree = BUILT_PRODUCTS_DIR; };
		5E85F5151C2370A600B84DF4 /* AppDelegate.swift */ = {isa = PBXFileReference; lastKnownFileType = sourcecode.swift; path = AppDelegate.swift; sourceTree = "<group>"; };
		5E85F5171C2370A600B84DF4 /* ViewController.swift */ = {isa = PBXFileReference; lastKnownFileType = sourcecode.swift; path = ViewController.swift; sourceTree = "<group>"; };
		5E85F51A1C2370A600B84DF4 /* Base */ = {isa = PBXFileReference; lastKnownFileType = file.storyboard; name = Base; path = Base.lproj/Main.storyboard; sourceTree = "<group>"; };
		5E85F51C1C2370A600B84DF4 /* Assets.xcassets */ = {isa = PBXFileReference; lastKnownFileType = folder.assetcatalog; path = Assets.xcassets; sourceTree = "<group>"; };
		5E85F51F1C2370A600B84DF4 /* Base */ = {isa = PBXFileReference; lastKnownFileType = file.storyboard; name = Base; path = Base.lproj/LaunchScreen.storyboard; sourceTree = "<group>"; };
		5E85F5211C2370A600B84DF4 /* Info.plist */ = {isa = PBXFileReference; lastKnownFileType = text.plist.xml; path = Info.plist; sourceTree = "<group>"; };
		5E85F5271C23717B00B84DF4 /* Video.swift */ = {isa = PBXFileReference; fileEncoding = 4; lastKnownFileType = sourcecode.swift; path = Video.swift; sourceTree = "<group>"; };
		5E85F5291C2371D800B84DF4 /* VideoService.swift */ = {isa = PBXFileReference; fileEncoding = 4; lastKnownFileType = sourcecode.swift; path = VideoService.swift; sourceTree = "<group>"; };
/* End PBXFileReference section */

/* Begin PBXFrameworksBuildPhase section */
		5E85F50F1C2370A600B84DF4 /* Frameworks */ = {
			isa = PBXFrameworksBuildPhase;
			buildActionMask = 2147483647;
			files = (
			);
			runOnlyForDeploymentPostprocessing = 0;
		};
/* End PBXFrameworksBuildPhase section */

/* Begin PBXGroup section */
		5E85F5091C2370A600B84DF4 = {
			isa = PBXGroup;
			children = (
				5E85F5141C2370A600B84DF4 /* SimpleYouTube */,
				5E85F5131C2370A600B84DF4 /* Products */,
			);
			sourceTree = "<group>";
		};
		5E85F5131C2370A600B84DF4 /* Products */ = {
			isa = PBXGroup;
			children = (
				5E85F5121C2370A600B84DF4 /* SimpleYouTube.app */,
			);
			name = Products;
			sourceTree = "<group>";
		};
		5E85F5141C2370A600B84DF4 /* SimpleYouTube */ = {
			isa = PBXGroup;
			children = (
				5E85F5151C2370A600B84DF4 /* AppDelegate.swift */,
				5E85F5171C2370A600B84DF4 /* ViewController.swift */,
				5E839F251C711D0100CBFB57 /* YTViewController.swift */,
				5E85F5291C2371D800B84DF4 /* VideoService.swift */,
				5E839F231C711C9000CBFB57 /* YTTableViewCell.swift */,
				5E85F5271C23717B00B84DF4 /* Video.swift */,
				5E839F1F1C711A9000CBFB57 /* YouTubePlayer.swift */,
				5E839F201C711A9000CBFB57 /* YTPlayer.html */,
				5E85F5191C2370A600B84DF4 /* Main.storyboard */,
				5E85F51C1C2370A600B84DF4 /* Assets.xcassets */,
				5E85F51E1C2370A600B84DF4 /* LaunchScreen.storyboard */,
				5E85F5211C2370A600B84DF4 /* Info.plist */,
			);
			path = SimpleYouTube;
			sourceTree = "<group>";
		};
/* End PBXGroup section */

/* Begin PBXNativeTarget section */
		5E85F5111C2370A600B84DF4 /* SimpleYouTube */ = {
			isa = PBXNativeTarget;
			buildConfigurationList = 5E85F5241C2370A600B84DF4 /* Build configuration list for PBXNativeTarget "SimpleYouTube" */;
			buildPhases = (
				5E85F50E1C2370A600B84DF4 /* Sources */,
				5E85F50F1C2370A600B84DF4 /* Frameworks */,
				5E85F5101C2370A600B84DF4 /* Resources */,
			);
			buildRules = (
			);
			dependencies = (
			);
			name = SimpleYouTube;
			productName = SimpleYouTube;
			productReference = 5E85F5121C2370A600B84DF4 /* SimpleYouTube.app */;
			productType = "com.apple.product-type.application";
		};
/* End PBXNativeTarget section */

/* Begin PBXProject section */
		5E85F50A1C2370A600B84DF4 /* Project object */ = {
			isa = PBXProject;
			attributes = {
				LastSwiftUpdateCheck = 0720;
				LastUpgradeCheck = 0720;
				ORGANIZATIONNAME = Touchopia;
				TargetAttributes = {
					5E85F5111C2370A600B84DF4 = {
						CreatedOnToolsVersion = 7.2;
					};
				};
			};
			buildConfigurationList = 5E85F50D1C2370A600B84DF4 /* Build configuration list for PBXProject "SimpleYouTube" */;
			compatibilityVersion = "Xcode 3.2";
			developmentRegion = English;
			hasScannedForEncodings = 0;
			knownRegions = (
				en,
				Base,
			);
			mainGroup = 5E85F5091C2370A600B84DF4;
			productRefGroup = 5E85F5131C2370A600B84DF4 /* Products */;
			projectDirPath = "";
			projectRoot = "";
			targets = (
				5E85F5111C2370A600B84DF4 /* SimpleYouTube */,
			);
		};
/* End PBXProject section */

/* Begin PBXResourcesBuildPhase section */
		5E85F5101C2370A600B84DF4 /* Resources */ = {
			isa = PBXResourcesBuildPhase;
			buildActionMask = 2147483647;
			files = (
				5E85F5201C2370A600B84DF4 /* LaunchScreen.storyboard in Resources */,
				5E85F51D1C2370A600B84DF4 /* Assets.xcassets in Resources */,
				5E839F221C711A9000CBFB57 /* YTPlayer.html in Resources */,
				5E85F51B1C2370A600B84DF4 /* Main.storyboard in Resources */,
			);
			runOnlyForDeploymentPostprocessing = 0;
		};
/* End PBXResourcesBuildPhase section */

/* Begin PBXSourcesBuildPhase section */
		5E85F50E1C2370A600B84DF4 /* Sources */ = {
			isa = PBXSourcesBuildPhase;
			buildActionMask = 2147483647;
			files = (
				5E85F5181C2370A600B84DF4 /* ViewController.swift in Sources */,
				5E839F211C711A9000CBFB57 /* YouTubePlayer.swift in Sources */,
				5E839F261C711D0100CBFB57 /* YTViewController.swift in Sources */,
				5E839F241C711C9000CBFB57 /* YTTableViewCell.swift in Sources */,
				5E85F5281C23717B00B84DF4 /* Video.swift in Sources */,
				5E85F5161C2370A600B84DF4 /* AppDelegate.swift in Sources */,
				5E85F52A1C2371D800B84DF4 /* VideoService.swift in Sources */,
			);
			runOnlyForDeploymentPostprocessing = 0;
		};
/* End PBXSourcesBuildPhase section */

/* Begin PBXVariantGroup section */
		5E85F5191C2370A600B84DF4 /* Main.storyboard */ = {
			isa = PBXVariantGroup;
			children = (
				5E85F51A1C2370A600B84DF4 /* Base */,
			);
			name = Main.storyboard;
			sourceTree = "<group>";
		};
		5E85F51E1C2370A600B84DF4 /* LaunchScreen.storyboard */ = {
			isa = PBXVariantGroup;
			children = (
				5E85F51F1C2370A600B84DF4 /* Base */,
			);
			name = LaunchScreen.storyboard;
			sourceTree = "<group>";
		};
/* End PBXVariantGroup section */

/* Begin XCBuildConfiguration section */
		5E85F5221C2370A600B84DF4 /* Debug */ = {
			isa = XCBuildConfiguration;
			buildSettings = {
				ALWAYS_SEARCH_USER_PATHS = NO;
				CLANG_CXX_LANGUAGE_STANDARD = "gnu++0x";
				CLANG_CXX_LIBRARY = "libc++";
				CLANG_ENABLE_MODULES = YES;
				CLANG_ENABLE_OBJC_ARC = YES;
				CLANG_WARN_BOOL_CONVERSION = YES;
				CLANG_WARN_CONSTANT_CONVERSION = YES;
				CLANG_WARN_DIRECT_OBJC_ISA_USAGE = YES_ERROR;
				CLANG_WARN_EMPTY_BODY = YES;
				CLANG_WARN_ENUM_CONVERSION = YES;
				CLANG_WARN_INT_CONVERSION = YES;
				CLANG_WARN_OBJC_ROOT_CLASS = YES_ERROR;
				CLANG_WARN_UNREACHABLE_CODE = YES;
				CLANG_WARN__DUPLICATE_METHOD_MATCH = YES;
				"CODE_SIGN_IDENTITY[sdk=iphoneos*]" = "iPhone Developer";
				COPY_PHASE_STRIP = NO;
				DEBUG_INFORMATION_FORMAT = dwarf;
				ENABLE_STRICT_OBJC_MSGSEND = YES;
				ENABLE_TESTABILITY = YES;
				GCC_C_LANGUAGE_STANDARD = gnu99;
				GCC_DYNAMIC_NO_PIC = NO;
				GCC_NO_COMMON_BLOCKS = YES;
				GCC_OPTIMIZATION_LEVEL = 0;
				GCC_PREPROCESSOR_DEFINITIONS = (
					"DEBUG=1",
					"$(inherited)",
				);
				GCC_WARN_64_TO_32_BIT_CONVERSION = YES;
				GCC_WARN_ABOUT_RETURN_TYPE = YES_ERROR;
				GCC_WARN_UNDECLARED_SELECTOR = YES;
				GCC_WARN_UNINITIALIZED_AUTOS = YES_AGGRESSIVE;
				GCC_WARN_UNUSED_FUNCTION = YES;
				GCC_WARN_UNUSED_VARIABLE = YES;
				IPHONEOS_DEPLOYMENT_TARGET = 9.2;
				MTL_ENABLE_DEBUG_INFO = YES;
				ONLY_ACTIVE_ARCH = YES;
				SDKROOT = iphoneos;
				SWIFT_OPTIMIZATION_LEVEL = "-Onone";
			};
			name = Debug;
		};
		5E85F5231C2370A600B84DF4 /* Release */ = {
			isa = XCBuildConfiguration;
			buildSettings = {
				ALWAYS_SEARCH_USER_PATHS = NO;
				CLANG_CXX_LANGUAGE_STANDARD = "gnu++0x";
				CLANG_CXX_LIBRARY = "libc++";
				CLANG_ENABLE_MODULES = YES;
				CLANG_ENABLE_OBJC_ARC = YES;
				CLANG_WARN_BOOL_CONVERSION = YES;
				CLANG_WARN_CONSTANT_CONVERSION = YES;
				CLANG_WARN_DIRECT_OBJC_ISA_USAGE = YES_ERROR;
				CLANG_WARN_EMPTY_BODY = YES;
				CLANG_WARN_ENUM_CONVERSION = YES;
				CLANG_WARN_INT_CONVERSION = YES;
				CLANG_WARN_OBJC_ROOT_CLASS = YES_ERROR;
				CLANG_WARN_UNREACHABLE_CODE = YES;
				CLANG_WARN__DUPLICATE_METHOD_MATCH = YES;
				"CODE_SIGN_IDENTITY[sdk=iphoneos*]" = "iPhone Developer";
				COPY_PHASE_STRIP = NO;
				DEBUG_INFORMATION_FORMAT = "dwarf-with-dsym";
				ENABLE_NS_ASSERTIONS = NO;
				ENABLE_STRICT_OBJC_MSGSEND = YES;
				GCC_C_LANGUAGE_STANDARD = gnu99;
				GCC_NO_COMMON_BLOCKS = YES;
				GCC_WARN_64_TO_32_BIT_CONVERSION = YES;
				GCC_WARN_ABOUT_RETURN_TYPE = YES_ERROR;
				GCC_WARN_UNDECLARED_SELECTOR = YES;
				GCC_WARN_UNINITIALIZED_AUTOS = YES_AGGRESSIVE;
				GCC_WARN_UNUSED_FUNCTION = YES;
				GCC_WARN_UNUSED_VARIABLE = YES;
				IPHONEOS_DEPLOYMENT_TARGET = 9.2;
				MTL_ENABLE_DEBUG_INFO = NO;
				SDKROOT = iphoneos;
				VALIDATE_PRODUCT = YES;
			};
			name = Release;
		};
		5E85F5251C2370A600B84DF4 /* Debug */ = {
			isa = XCBuildConfiguration;
			buildSettings = {
				ASSETCATALOG_COMPILER_APPICON_NAME = AppIcon;
				INFOPLIST_FILE = SimpleYouTube/Info.plist;
				LD_RUNPATH_SEARCH_PATHS = "$(inherited) @executable_path/Frameworks";
				PRODUCT_BUNDLE_IDENTIFIER = com.touchopia.SimpleYouTube;
				PRODUCT_NAME = "$(TARGET_NAME)";
			};
			name = Debug;
		};
		5E85F5261C2370A600B84DF4 /* Release */ = {
			isa = XCBuildConfiguration;
			buildSettings = {
				ASSETCATALOG_COMPILER_APPICON_NAME = AppIcon;
				INFOPLIST_FILE = SimpleYouTube/Info.plist;
				LD_RUNPATH_SEARCH_PATHS = "$(inherited) @executable_path/Frameworks";
				PRODUCT_BUNDLE_IDENTIFIER = com.touchopia.SimpleYouTube;
				PRODUCT_NAME = "$(TARGET_NAME)";
			};
			name = Release;
		};
/* End XCBuildConfiguration section */

/* Begin XCConfigurationList section */
		5E85F50D1C2370A600B84DF4 /* Build configuration list for PBXProject "SimpleYouTube" */ = {
			isa = XCConfigurationList;
			buildConfigurations = (
				5E85F5221C2370A600B84DF4 /* Debug */,
				5E85F5231C2370A600B84DF4 /* Release */,
			);
			defaultConfigurationIsVisible = 0;
			defaultConfigurationName = Release;
		};
		5E85F5241C2370A600B84DF4 /* Build configuration list for PBXNativeTarget "SimpleYouTube" */ = {
			isa = XCConfigurationList;
			buildConfigurations = (
				5E85F5251C2370A600B84DF4 /* Debug */,
				5E85F5261C2370A600B84DF4 /* Release */,
			);
			defaultConfigurationIsVisible = 0;
			defaultConfigurationName = Release;
		};
/* End XCConfigurationList section */
	};
	rootObject = 5E85F50A1C2370A600B84DF4 /* Project object */;
}
