// !$*UTF8*$!
{
	archiveVersion = 1;
	classes = {
	};
	objectVersion = 46;
	objects = {

/* Begin PBXBuildFile section */
		5E1416AA1C333D2700A35072 /* AppDelegate.swift in Sources */ = {isa = PBXBuildFile; fileRef = 5E1416A91C333D2700A35072 /* AppDelegate.swift */; };
		5E1416AC1C333D2700A35072 /* ViewController.swift in Sources */ = {isa = PBXBuildFile; fileRef = 5E1416AB1C333D2700A35072 /* ViewController.swift */; };
		5E1416AF1C333D2700A35072 /* Main.storyboard in Resources */ = {isa = PBXBuildFile; fileRef = 5E1416AD1C333D2700A35072 /* Main.storyboard */; };
		5E1416B11C333D2700A35072 /* Assets.xcassets in Resources */ = {isa = PBXBuildFile; fileRef = 5E1416B01C333D2700A35072 /* Assets.xcassets */; };
		5E1416B41C333D2700A35072 /* LaunchScreen.storyboard in Resources */ = {isa = PBXBuildFile; fileRef = 5E1416B21C333D2700A35072 /* LaunchScreen.storyboard */; };
/* End PBXBuildFile section */

/* Begin PBXFileReference section */
		5E1416A61C333D2700A35072 /* AutoLayoutScrollView.app */ = {isa = PBXFileReference; explicitFileType = wrapper.application; includeInIndex = 0; path = AutoLayoutScrollView.app; sourceTree = BUILT_PRODUCTS_DIR; };
		5E1416A91C333D2700A35072 /* AppDelegate.swift */ = {isa = PBXFileReference; lastKnownFileType = sourcecode.swift; path = AppDelegate.swift; sourceTree = "<group>"; };
		5E1416AB1C333D2700A35072 /* ViewController.swift */ = {isa = PBXFileReference; lastKnownFileType = sourcecode.swift; path = ViewController.swift; sourceTree = "<group>"; };
		5E1416AE1C333D2700A35072 /* Base */ = {isa = PBXFileReference; lastKnownFileType = file.storyboard; name = Base; path = Base.lproj/Main.storyboard; sourceTree = "<group>"; };
		5E1416B01C333D2700A35072 /* Assets.xcassets */ = {isa = PBXFileReference; lastKnownFileType = folder.assetcatalog; path = Assets.xcassets; sourceTree = "<group>"; };
		5E1416B31C333D2700A35072 /* Base */ = {isa = PBXFileReference; lastKnownFileType = file.storyboard; name = Base; path = Base.lproj/LaunchScreen.storyboard; sourceTree = "<group>"; };
		5E1416B51C333D2700A35072 /* Info.plist */ = {isa = PBXFileReference; lastKnownFileType = text.plist.xml; path = Info.plist; sourceTree = "<group>"; };
/* End PBXFileReference section */

/* Begin PBXFrameworksBuildPhase section */
		5E1416A31C333D2700A35072 /* Frameworks */ = {
			isa = PBXFrameworksBuildPhase;
			buildActionMask = 2147483647;
			files = (
			);
			runOnlyForDeploymentPostprocessing = 0;
		};
/* End PBXFrameworksBuildPhase section */

/* Begin PBXGroup section */
		5E14169D1C333D2700A35072 = {
			isa = PBXGroup;
			children = (
				5E1416A81C333D2700A35072 /* AutoLayoutScrollView */,
				5E1416A71C333D2700A35072 /* Products */,
			);
			sourceTree = "<group>";
		};
		5E1416A71C333D2700A35072 /* Products */ = {
			isa = PBXGroup;
			children = (
				5E1416A61C333D2700A35072 /* AutoLayoutScrollView.app */,
			);
			name = Products;
			sourceTree = "<group>";
		};
		5E1416A81C333D2700A35072 /* AutoLayoutScrollView */ = {
			isa = PBXGroup;
			children = (
				5E1416A91C333D2700A35072 /* AppDelegate.swift */,
				5E1416AB1C333D2700A35072 /* ViewController.swift */,
				5E1416AD1C333D2700A35072 /* Main.storyboard */,
				5E1416B01C333D2700A35072 /* Assets.xcassets */,
				5E1416B21C333D2700A35072 /* LaunchScreen.storyboard */,
				5E1416B51C333D2700A35072 /* Info.plist */,
			);
			path = AutoLayoutScrollView;
			sourceTree = "<group>";
		};
/* End PBXGroup section */

/* Begin PBXNativeTarget section */
		5E1416A51C333D2700A35072 /* AutoLayoutScrollView */ = {
			isa = PBXNativeTarget;
			buildConfigurationList = 5E1416B81C333D2700A35072 /* Build configuration list for PBXNativeTarget "AutoLayoutScrollView" */;
			buildPhases = (
				5E1416A21C333D2700A35072 /* Sources */,
				5E1416A31C333D2700A35072 /* Frameworks */,
				5E1416A41C333D2700A35072 /* Resources */,
			);
			buildRules = (
			);
			dependencies = (
			);
			name = AutoLayoutScrollView;
			productName = AutoLayoutScrollView;
			productReference = 5E1416A61C333D2700A35072 /* AutoLayoutScrollView.app */;
			productType = "com.apple.product-type.application";
		};
/* End PBXNativeTarget section */

/* Begin PBXProject section */
		5E14169E1C333D2700A35072 /* Project object */ = {
			isa = PBXProject;
			attributes = {
				LastSwiftUpdateCheck = 0720;
				LastUpgradeCheck = 0720;
				ORGANIZATIONNAME = "The Iron Yard";
				TargetAttributes = {
					5E1416A51C333D2700A35072 = {
						CreatedOnToolsVersion = 7.2;
					};
				};
			};
			buildConfigurationList = 5E1416A11C333D2700A35072 /* Build configuration list for PBXProject "AutoLayoutScrollView" */;
			compatibilityVersion = "Xcode 3.2";
			developmentRegion = English;
			hasScannedForEncodings = 0;
			knownRegions = (
				en,
				Base,
			);
			mainGroup = 5E14169D1C333D2700A35072;
			productRefGroup = 5E1416A71C333D2700A35072 /* Products */;
			projectDirPath = "";
			projectRoot = "";
			targets = (
				5E1416A51C333D2700A35072 /* AutoLayoutScrollView */,
			);
		};
/* End PBXProject section */

/* Begin PBXResourcesBuildPhase section */
		5E1416A41C333D2700A35072 /* Resources */ = {
			isa = PBXResourcesBuildPhase;
			buildActionMask = 2147483647;
			files = (
				5E1416B41C333D2700A35072 /* LaunchScreen.storyboard in Resources */,
				5E1416B11C333D2700A35072 /* Assets.xcassets in Resources */,
				5E1416AF1C333D2700A35072 /* Main.storyboard in Resources */,
			);
			runOnlyForDeploymentPostprocessing = 0;
		};
/* End PBXResourcesBuildPhase section */

/* Begin PBXSourcesBuildPhase section */
		5E1416A21C333D2700A35072 /* Sources */ = {
			isa = PBXSourcesBuildPhase;
			buildActionMask = 2147483647;
			files = (
				5E1416AC1C333D2700A35072 /* ViewController.swift in Sources */,
				5E1416AA1C333D2700A35072 /* AppDelegate.swift in Sources */,
			);
			runOnlyForDeploymentPostprocessing = 0;
		};
/* End PBXSourcesBuildPhase section */

/* Begin PBXVariantGroup section */
		5E1416AD1C333D2700A35072 /* Main.storyboard */ = {
			isa = PBXVariantGroup;
			children = (
				5E1416AE1C333D2700A35072 /* Base */,
			);
			name = Main.storyboard;
			sourceTree = "<group>";
		};
		5E1416B21C333D2700A35072 /* LaunchScreen.storyboard */ = {
			isa = PBXVariantGroup;
			children = (
				5E1416B31C333D2700A35072 /* Base */,
			);
			name = LaunchScreen.storyboard;
			sourceTree = "<group>";
		};
/* End PBXVariantGroup section */

/* Begin XCBuildConfiguration section */
		5E1416B61C333D2700A35072 /* Debug */ = {
			isa = XCBuildConfiguration;
			buildSettings = {
				ALWAYS_SEARCH_USER_PATHS = NO;
				CLANG_CXX_LANGUAGE_STANDARD = "gnu++0x";
				CLANG_CXX_LIBRARY = "libc++";
				CLANG_ENABLE_MODULES = YES;
				CLANG_ENABLE_OBJC_ARC = YES;
				CLANG_WARN_BOOL_CONVERSION = YES;
				CLANG_WARN_CONSTANT_CONVERSION = YES;
				CLANG_WARN_DIRECT_OBJC_ISA_USAGE = YES_ERROR;
				CLANG_WARN_EMPTY_BODY = YES;
				CLANG_WARN_ENUM_CONVERSION = YES;
				CLANG_WARN_INT_CONVERSION = YES;
				CLANG_WARN_OBJC_ROOT_CLASS = YES_ERROR;
				CLANG_WARN_UNREACHABLE_CODE = YES;
				CLANG_WARN__DUPLICATE_METHOD_MATCH = YES;
				"CODE_SIGN_IDENTITY[sdk=iphoneos*]" = "iPhone Developer";
				COPY_PHASE_STRIP = NO;
				DEBUG_INFORMATION_FORMAT = dwarf;
				ENABLE_STRICT_OBJC_MSGSEND = YES;
				ENABLE_TESTABILITY = YES;
				GCC_C_LANGUAGE_STANDARD = gnu99;
				GCC_DYNAMIC_NO_PIC = NO;
				GCC_NO_COMMON_BLOCKS = YES;
				GCC_OPTIMIZATION_LEVEL = 0;
				GCC_PREPROCESSOR_DEFINITIONS = (
					"DEBUG=1",
					"$(inherited)",
				);
				GCC_WARN_64_TO_32_BIT_CONVERSION = YES;
				GCC_WARN_ABOUT_RETURN_TYPE = YES_ERROR;
				GCC_WARN_UNDECLARED_SELECTOR = YES;
				GCC_WARN_UNINITIALIZED_AUTOS = YES_AGGRESSIVE;
				GCC_WARN_UNUSED_FUNCTION = YES;
				GCC_WARN_UNUSED_VARIABLE = YES;
				IPHONEOS_DEPLOYMENT_TARGET = 9.2;
				MTL_ENABLE_DEBUG_INFO = YES;
				ONLY_ACTIVE_ARCH = YES;
				SDKROOT = iphoneos;
				SWIFT_OPTIMIZATION_LEVEL = "-Onone";
			};
			name = Debug;
		};
		5E1416B71C333D2700A35072 /* Release */ = {
			isa = XCBuildConfiguration;
			buildSettings = {
				ALWAYS_SEARCH_USER_PATHS = NO;
				CLANG_CXX_LANGUAGE_STANDARD = "gnu++0x";
				CLANG_CXX_LIBRARY = "libc++";
				CLANG_ENABLE_MODULES = YES;
				CLANG_ENABLE_OBJC_ARC = YES;
				CLANG_WARN_BOOL_CONVERSION = YES;
				CLANG_WARN_CONSTANT_CONVERSION = YES;
				CLANG_WARN_DIRECT_OBJC_ISA_USAGE = YES_ERROR;
				CLANG_WARN_EMPTY_BODY = YES;
				CLANG_WARN_ENUM_CONVERSION = YES;
				CLANG_WARN_INT_CONVERSION = YES;
				CLANG_WARN_OBJC_ROOT_CLASS = YES_ERROR;
				CLANG_WARN_UNREACHABLE_CODE = YES;
				CLANG_WARN__DUPLICATE_METHOD_MATCH = YES;
				"CODE_SIGN_IDENTITY[sdk=iphoneos*]" = "iPhone Developer";
				COPY_PHASE_STRIP = NO;
				DEBUG_INFORMATION_FORMAT = "dwarf-with-dsym";
				ENABLE_NS_ASSERTIONS = NO;
				ENABLE_STRICT_OBJC_MSGSEND = YES;
				GCC_C_LANGUAGE_STANDARD = gnu99;
				GCC_NO_COMMON_BLOCKS = YES;
				GCC_WARN_64_TO_32_BIT_CONVERSION = YES;
				GCC_WARN_ABOUT_RETURN_TYPE = YES_ERROR;
				GCC_WARN_UNDECLARED_SELECTOR = YES;
				GCC_WARN_UNINITIALIZED_AUTOS = YES_AGGRESSIVE;
				GCC_WARN_UNUSED_FUNCTION = YES;
				GCC_WARN_UNUSED_VARIABLE = YES;
				IPHONEOS_DEPLOYMENT_TARGET = 9.2;
				MTL_ENABLE_DEBUG_INFO = NO;
				SDKROOT = iphoneos;
				VALIDATE_PRODUCT = YES;
			};
			name = Release;
		};
		5E1416B91C333D2700A35072 /* Debug */ = {
			isa = XCBuildConfiguration;
			buildSettings = {
				ASSETCATALOG_COMPILER_APPICON_NAME = AppIcon;
				INFOPLIST_FILE = AutoLayoutScrollView/Info.plist;
				LD_RUNPATH_SEARCH_PATHS = "$(inherited) @executable_path/Frameworks";
				PRODUCT_BUNDLE_IDENTIFIER = com.theironyard.AutoLayoutScrollView;
				PRODUCT_NAME = "$(TARGET_NAME)";
			};
			name = Debug;
		};
		5E1416BA1C333D2700A35072 /* Release */ = {
			isa = XCBuildConfiguration;
			buildSettings = {
				ASSETCATALOG_COMPILER_APPICON_NAME = AppIcon;
				INFOPLIST_FILE = AutoLayoutScrollView/Info.plist;
				LD_RUNPATH_SEARCH_PATHS = "$(inherited) @executable_path/Frameworks";
				PRODUCT_BUNDLE_IDENTIFIER = com.theironyard.AutoLayoutScrollView;
				PRODUCT_NAME = "$(TARGET_NAME)";
			};
			name = Release;
		};
/* End XCBuildConfiguration section */

/* Begin XCConfigurationList section */
		5E1416A11C333D2700A35072 /* Build configuration list for PBXProject "AutoLayoutScrollView" */ = {
			isa = XCConfigurationList;
			buildConfigurations = (
				5E1416B61C333D2700A35072 /* Debug */,
				5E1416B71C333D2700A35072 /* Release */,
			);
			defaultConfigurationIsVisible = 0;
			defaultConfigurationName = Release;
		};
		5E1416B81C333D2700A35072 /* Build configuration list for PBXNativeTarget "AutoLayoutScrollView" */ = {
			isa = XCConfigurationList;
			buildConfigurations = (
				5E1416B91C333D2700A35072 /* Debug */,
				5E1416BA1C333D2700A35072 /* Release */,
			);
			defaultConfigurationIsVisible = 0;
		};
/* End XCConfigurationList section */
	};
	rootObject = 5E14169E1C333D2700A35072 /* Project object */;
}
