// !$*UTF8*$!
{
	archiveVersion = 1;
	classes = {
	};
	objectVersion = 46;
	objects = {

/* Begin PBXBuildFile section */
		DFE143BC1BD56B93005933F5 /* AppDelegate.swift in Sources */ = {isa = PBXBuildFile; fileRef = DFE143BB1BD56B93005933F5 /* AppDelegate.swift */; };
		DFE143C11BD56B93005933F5 /* Main.storyboard in Resources */ = {isa = PBXBuildFile; fileRef = DFE143BF1BD56B93005933F5 /* Main.storyboard */; };
		DFE143C41BD56B93005933F5 /* CountOnMe.xcdatamodeld in Sources */ = {isa = PBXBuildFile; fileRef = DFE143C21BD56B93005933F5 /* CountOnMe.xcdatamodeld */; };
		DFE143C61BD56B93005933F5 /* Assets.xcassets in Resources */ = {isa = PBXBuildFile; fileRef = DFE143C51BD56B93005933F5 /* Assets.xcassets */; };
		DFE143C91BD56B93005933F5 /* LaunchScreen.storyboard in Resources */ = {isa = PBXBuildFile; fileRef = DFE143C71BD56B93005933F5 /* LaunchScreen.storyboard */; };
		DFE143D31BD56E10005933F5 /* Counter.swift in Sources */ = {isa = PBXBuildFile; fileRef = DFE143D11BD56E10005933F5 /* Counter.swift */; settings = {ASSET_TAGS = (); }; };
		DFE143DB1BD5725B005933F5 /* CounterCell.swift in Sources */ = {isa = PBXBuildFile; fileRef = DFE143DA1BD5725B005933F5 /* CounterCell.swift */; settings = {ASSET_TAGS = (); }; };
		DFE143DD1BD5731A005933F5 /* CounterTableViewController.swift in Sources */ = {isa = PBXBuildFile; fileRef = DFE143DC1BD5731A005933F5 /* CounterTableViewController.swift */; settings = {ASSET_TAGS = (); }; };
		DFE143DF1BD5DD5F005933F5 /* Counter+CoreDataProperties.swift in Sources */ = {isa = PBXBuildFile; fileRef = DFE143DE1BD5DD5F005933F5 /* Counter+CoreDataProperties.swift */; settings = {ASSET_TAGS = (); }; };
/* End PBXBuildFile section */

/* Begin PBXFileReference section */
		DFE143B81BD56B93005933F5 /* CountOnMe.app */ = {isa = PBXFileReference; explicitFileType = wrapper.application; includeInIndex = 0; path = CountOnMe.app; sourceTree = BUILT_PRODUCTS_DIR; };
		DFE143BB1BD56B93005933F5 /* AppDelegate.swift */ = {isa = PBXFileReference; lastKnownFileType = sourcecode.swift; path = AppDelegate.swift; sourceTree = "<group>"; };
		DFE143C01BD56B93005933F5 /* Base */ = {isa = PBXFileReference; lastKnownFileType = file.storyboard; name = Base; path = Base.lproj/Main.storyboard; sourceTree = "<group>"; };
		DFE143C31BD56B93005933F5 /* CountOnMe.xcdatamodel */ = {isa = PBXFileReference; lastKnownFileType = wrapper.xcdatamodel; path = CountOnMe.xcdatamodel; sourceTree = "<group>"; };
		DFE143C51BD56B93005933F5 /* Assets.xcassets */ = {isa = PBXFileReference; lastKnownFileType = folder.assetcatalog; path = Assets.xcassets; sourceTree = "<group>"; };
		DFE143C81BD56B93005933F5 /* Base */ = {isa = PBXFileReference; lastKnownFileType = file.storyboard; name = Base; path = Base.lproj/LaunchScreen.storyboard; sourceTree = "<group>"; };
		DFE143CA1BD56B93005933F5 /* Info.plist */ = {isa = PBXFileReference; lastKnownFileType = text.plist.xml; path = Info.plist; sourceTree = "<group>"; };
		DFE143D11BD56E10005933F5 /* Counter.swift */ = {isa = PBXFileReference; fileEncoding = 4; lastKnownFileType = sourcecode.swift; name = Counter.swift; path = ../Counter.swift; sourceTree = "<group>"; };
		DFE143DA1BD5725B005933F5 /* CounterCell.swift */ = {isa = PBXFileReference; fileEncoding = 4; lastKnownFileType = sourcecode.swift; path = CounterCell.swift; sourceTree = "<group>"; };
		DFE143DC1BD5731A005933F5 /* CounterTableViewController.swift */ = {isa = PBXFileReference; fileEncoding = 4; lastKnownFileType = sourcecode.swift; path = CounterTableViewController.swift; sourceTree = "<group>"; };
		DFE143DE1BD5DD5F005933F5 /* Counter+CoreDataProperties.swift */ = {isa = PBXFileReference; fileEncoding = 4; lastKnownFileType = sourcecode.swift; name = "Counter+CoreDataProperties.swift"; path = "../Counter+CoreDataProperties.swift"; sourceTree = "<group>"; };
/* End PBXFileReference section */

/* Begin PBXFrameworksBuildPhase section */
		DFE143B51BD56B93005933F5 /* Frameworks */ = {
			isa = PBXFrameworksBuildPhase;
			buildActionMask = 2147483647;
			files = (
			);
			runOnlyForDeploymentPostprocessing = 0;
		};
/* End PBXFrameworksBuildPhase section */

/* Begin PBXGroup section */
		DFE143AF1BD56B93005933F5 = {
			isa = PBXGroup;
			children = (
				DFE143BA1BD56B93005933F5 /* CountOnMe */,
				DFE143B91BD56B93005933F5 /* Products */,
			);
			sourceTree = "<group>";
		};
		DFE143B91BD56B93005933F5 /* Products */ = {
			isa = PBXGroup;
			children = (
				DFE143B81BD56B93005933F5 /* CountOnMe.app */,
			);
			name = Products;
			sourceTree = "<group>";
		};
		DFE143BA1BD56B93005933F5 /* CountOnMe */ = {
			isa = PBXGroup;
			children = (
				DFE143BB1BD56B93005933F5 /* AppDelegate.swift */,
				DFE143D11BD56E10005933F5 /* Counter.swift */,
				DFE143DE1BD5DD5F005933F5 /* Counter+CoreDataProperties.swift */,
				DFE143DC1BD5731A005933F5 /* CounterTableViewController.swift */,
				DFE143DA1BD5725B005933F5 /* CounterCell.swift */,
				DFE143BF1BD56B93005933F5 /* Main.storyboard */,
				DFE143C51BD56B93005933F5 /* Assets.xcassets */,
				DFE143C71BD56B93005933F5 /* LaunchScreen.storyboard */,
				DFE143CA1BD56B93005933F5 /* Info.plist */,
				DFE143C21BD56B93005933F5 /* CountOnMe.xcdatamodeld */,
			);
			path = CountOnMe;
			sourceTree = "<group>";
		};
/* End PBXGroup section */

/* Begin PBXNativeTarget section */
		DFE143B71BD56B93005933F5 /* CountOnMe */ = {
			isa = PBXNativeTarget;
			buildConfigurationList = DFE143CD1BD56B93005933F5 /* Build configuration list for PBXNativeTarget "CountOnMe" */;
			buildPhases = (
				DFE143B41BD56B93005933F5 /* Sources */,
				DFE143B51BD56B93005933F5 /* Frameworks */,
				DFE143B61BD56B93005933F5 /* Resources */,
			);
			buildRules = (
			);
			dependencies = (
			);
			name = CountOnMe;
			productName = CountOnMe;
			productReference = DFE143B81BD56B93005933F5 /* CountOnMe.app */;
			productType = "com.apple.product-type.application";
		};
/* End PBXNativeTarget section */

/* Begin PBXProject section */
		DFE143B01BD56B93005933F5 /* Project object */ = {
			isa = PBXProject;
			attributes = {
				LastUpgradeCheck = 0700;
				ORGANIZATIONNAME = "The Iron Yard";
				TargetAttributes = {
					DFE143B71BD56B93005933F5 = {
						CreatedOnToolsVersion = 7.0.1;
					};
				};
			};
			buildConfigurationList = DFE143B31BD56B93005933F5 /* Build configuration list for PBXProject "CountOnMe" */;
			compatibilityVersion = "Xcode 3.2";
			developmentRegion = English;
			hasScannedForEncodings = 0;
			knownRegions = (
				en,
				Base,
			);
			mainGroup = DFE143AF1BD56B93005933F5;
			productRefGroup = DFE143B91BD56B93005933F5 /* Products */;
			projectDirPath = "";
			projectRoot = "";
			targets = (
				DFE143B71BD56B93005933F5 /* CountOnMe */,
			);
		};
/* End PBXProject section */

/* Begin PBXResourcesBuildPhase section */
		DFE143B61BD56B93005933F5 /* Resources */ = {
			isa = PBXResourcesBuildPhase;
			buildActionMask = 2147483647;
			files = (
				DFE143C91BD56B93005933F5 /* LaunchScreen.storyboard in Resources */,
				DFE143C61BD56B93005933F5 /* Assets.xcassets in Resources */,
				DFE143C11BD56B93005933F5 /* Main.storyboard in Resources */,
			);
			runOnlyForDeploymentPostprocessing = 0;
		};
/* End PBXResourcesBuildPhase section */

/* Begin PBXSourcesBuildPhase section */
		DFE143B41BD56B93005933F5 /* Sources */ = {
			isa = PBXSourcesBuildPhase;
			buildActionMask = 2147483647;
			files = (
				DFE143DB1BD5725B005933F5 /* CounterCell.swift in Sources */,
				DFE143DF1BD5DD5F005933F5 /* Counter+CoreDataProperties.swift in Sources */,
				DFE143D31BD56E10005933F5 /* Counter.swift in Sources */,
				DFE143DD1BD5731A005933F5 /* CounterTableViewController.swift in Sources */,
				DFE143C41BD56B93005933F5 /* CountOnMe.xcdatamodeld in Sources */,
				DFE143BC1BD56B93005933F5 /* AppDelegate.swift in Sources */,
			);
			runOnlyForDeploymentPostprocessing = 0;
		};
/* End PBXSourcesBuildPhase section */

/* Begin PBXVariantGroup section */
		DFE143BF1BD56B93005933F5 /* Main.storyboard */ = {
			isa = PBXVariantGroup;
			children = (
				DFE143C01BD56B93005933F5 /* Base */,
			);
			name = Main.storyboard;
			sourceTree = "<group>";
		};
		DFE143C71BD56B93005933F5 /* LaunchScreen.storyboard */ = {
			isa = PBXVariantGroup;
			children = (
				DFE143C81BD56B93005933F5 /* Base */,
			);
			name = LaunchScreen.storyboard;
			sourceTree = "<group>";
		};
/* End PBXVariantGroup section */

/* Begin XCBuildConfiguration section */
		DFE143CB1BD56B93005933F5 /* Debug */ = {
			isa = XCBuildConfiguration;
			buildSettings = {
				ALWAYS_SEARCH_USER_PATHS = NO;
				CLANG_CXX_LANGUAGE_STANDARD = "gnu++0x";
				CLANG_CXX_LIBRARY = "libc++";
				CLANG_ENABLE_MODULES = YES;
				CLANG_ENABLE_OBJC_ARC = YES;
				CLANG_WARN_BOOL_CONVERSION = YES;
				CLANG_WARN_CONSTANT_CONVERSION = YES;
				CLANG_WARN_DIRECT_OBJC_ISA_USAGE = YES_ERROR;
				CLANG_WARN_EMPTY_BODY = YES;
				CLANG_WARN_ENUM_CONVERSION = YES;
				CLANG_WARN_INT_CONVERSION = YES;
				CLANG_WARN_OBJC_ROOT_CLASS = YES_ERROR;
				CLANG_WARN_UNREACHABLE_CODE = YES;
				CLANG_WARN__DUPLICATE_METHOD_MATCH = YES;
				"CODE_SIGN_IDENTITY[sdk=iphoneos*]" = "iPhone Developer";
				COPY_PHASE_STRIP = NO;
				DEBUG_INFORMATION_FORMAT = dwarf;
				ENABLE_STRICT_OBJC_MSGSEND = YES;
				ENABLE_TESTABILITY = YES;
				GCC_C_LANGUAGE_STANDARD = gnu99;
				GCC_DYNAMIC_NO_PIC = NO;
				GCC_NO_COMMON_BLOCKS = YES;
				GCC_OPTIMIZATION_LEVEL = 0;
				GCC_PREPROCESSOR_DEFINITIONS = (
					"DEBUG=1",
					"$(inherited)",
				);
				GCC_WARN_64_TO_32_BIT_CONVERSION = YES;
				GCC_WARN_ABOUT_RETURN_TYPE = YES_ERROR;
				GCC_WARN_UNDECLARED_SELECTOR = YES;
				GCC_WARN_UNINITIALIZED_AUTOS = YES_AGGRESSIVE;
				GCC_WARN_UNUSED_FUNCTION = YES;
				GCC_WARN_UNUSED_VARIABLE = YES;
				IPHONEOS_DEPLOYMENT_TARGET = 9.0;
				MTL_ENABLE_DEBUG_INFO = YES;
				ONLY_ACTIVE_ARCH = YES;
				SDKROOT = iphoneos;
				SWIFT_OPTIMIZATION_LEVEL = "-Onone";
			};
			name = Debug;
		};
		DFE143CC1BD56B93005933F5 /* Release */ = {
			isa = XCBuildConfiguration;
			buildSettings = {
				ALWAYS_SEARCH_USER_PATHS = NO;
				CLANG_CXX_LANGUAGE_STANDARD = "gnu++0x";
				CLANG_CXX_LIBRARY = "libc++";
				CLANG_ENABLE_MODULES = YES;
				CLANG_ENABLE_OBJC_ARC = YES;
				CLANG_WARN_BOOL_CONVERSION = YES;
				CLANG_WARN_CONSTANT_CONVERSION = YES;
				CLANG_WARN_DIRECT_OBJC_ISA_USAGE = YES_ERROR;
				CLANG_WARN_EMPTY_BODY = YES;
				CLANG_WARN_ENUM_CONVERSION = YES;
				CLANG_WARN_INT_CONVERSION = YES;
				CLANG_WARN_OBJC_ROOT_CLASS = YES_ERROR;
				CLANG_WARN_UNREACHABLE_CODE = YES;
				CLANG_WARN__DUPLICATE_METHOD_MATCH = YES;
				"CODE_SIGN_IDENTITY[sdk=iphoneos*]" = "iPhone Developer";
				COPY_PHASE_STRIP = NO;
				DEBUG_INFORMATION_FORMAT = "dwarf-with-dsym";
				ENABLE_NS_ASSERTIONS = NO;
				ENABLE_STRICT_OBJC_MSGSEND = YES;
				GCC_C_LANGUAGE_STANDARD = gnu99;
				GCC_NO_COMMON_BLOCKS = YES;
				GCC_WARN_64_TO_32_BIT_CONVERSION = YES;
				GCC_WARN_ABOUT_RETURN_TYPE = YES_ERROR;
				GCC_WARN_UNDECLARED_SELECTOR = YES;
				GCC_WARN_UNINITIALIZED_AUTOS = YES_AGGRESSIVE;
				GCC_WARN_UNUSED_FUNCTION = YES;
				GCC_WARN_UNUSED_VARIABLE = YES;
				IPHONEOS_DEPLOYMENT_TARGET = 9.0;
				MTL_ENABLE_DEBUG_INFO = NO;
				SDKROOT = iphoneos;
				VALIDATE_PRODUCT = YES;
			};
			name = Release;
		};
		DFE143CE1BD56B93005933F5 /* Debug */ = {
			isa = XCBuildConfiguration;
			buildSettings = {
				ASSETCATALOG_COMPILER_APPICON_NAME = AppIcon;
				INFOPLIST_FILE = CountOnMe/Info.plist;
				LD_RUNPATH_SEARCH_PATHS = "$(inherited) @executable_path/Frameworks";
				PRODUCT_BUNDLE_IDENTIFIER = com.tiy.CountOnMe;
				PRODUCT_NAME = "$(TARGET_NAME)";
			};
			name = Debug;
		};
		DFE143CF1BD56B93005933F5 /* Release */ = {
			isa = XCBuildConfiguration;
			buildSettings = {
				ASSETCATALOG_COMPILER_APPICON_NAME = AppIcon;
				INFOPLIST_FILE = CountOnMe/Info.plist;
				LD_RUNPATH_SEARCH_PATHS = "$(inherited) @executable_path/Frameworks";
				PRODUCT_BUNDLE_IDENTIFIER = com.tiy.CountOnMe;
				PRODUCT_NAME = "$(TARGET_NAME)";
			};
			name = Release;
		};
/* End XCBuildConfiguration section */

/* Begin XCConfigurationList section */
		DFE143B31BD56B93005933F5 /* Build configuration list for PBXProject "CountOnMe" */ = {
			isa = XCConfigurationList;
			buildConfigurations = (
				DFE143CB1BD56B93005933F5 /* Debug */,
				DFE143CC1BD56B93005933F5 /* Release */,
			);
			defaultConfigurationIsVisible = 0;
			defaultConfigurationName = Release;
		};
		DFE143CD1BD56B93005933F5 /* Build configuration list for PBXNativeTarget "CountOnMe" */ = {
			isa = XCConfigurationList;
			buildConfigurations = (
				DFE143CE1BD56B93005933F5 /* Debug */,
				DFE143CF1BD56B93005933F5 /* Release */,
			);
			defaultConfigurationIsVisible = 0;
		};
/* End XCConfigurationList section */

/* Begin XCVersionGroup section */
		DFE143C21BD56B93005933F5 /* CountOnMe.xcdatamodeld */ = {
			isa = XCVersionGroup;
			children = (
				DFE143C31BD56B93005933F5 /* CountOnMe.xcdatamodel */,
			);
			currentVersion = DFE143C31BD56B93005933F5 /* CountOnMe.xcdatamodel */;
			path = CountOnMe.xcdatamodeld;
			sourceTree = "<group>";
			versionGroupType = wrapper.xcdatamodel;
		};
/* End XCVersionGroup section */
	};
	rootObject = DFE143B01BD56B93005933F5 /* Project object */;
}
