// !$*UTF8*$!
{
	archiveVersion = 1;
	classes = {
	};
	objectVersion = 46;
	objects = {

/* Begin PBXBuildFile section */
		5EB85D0A1BC61DFD001327F4 /* Constants.swift in Sources */ = {isa = PBXBuildFile; fileRef = 5EB85D091BC61DFD001327F4 /* Constants.swift */; };
		6C69A1711B96AF8F00097238 /* AppDelegate.swift in Sources */ = {isa = PBXBuildFile; fileRef = 6C69A1701B96AF8F00097238 /* AppDelegate.swift */; };
		6C69A1731B96AF8F00097238 /* ViewController.swift in Sources */ = {isa = PBXBuildFile; fileRef = 6C69A1721B96AF8F00097238 /* ViewController.swift */; };
		6C69A1761B96AF8F00097238 /* Main.storyboard in Resources */ = {isa = PBXBuildFile; fileRef = 6C69A1741B96AF8F00097238 /* Main.storyboard */; };
		6C69A1781B96AF8F00097238 /* Assets.xcassets in Resources */ = {isa = PBXBuildFile; fileRef = 6C69A1771B96AF8F00097238 /* Assets.xcassets */; };
		6C69A1831B96AFBA00097238 /* PinchZoomImageView.swift in Sources */ = {isa = PBXBuildFile; fileRef = 6C69A1821B96AFBA00097238 /* PinchZoomImageView.swift */; };
		6CE9D8041B9BC17200A63652 /* BackgroundViewController.swift in Sources */ = {isa = PBXBuildFile; fileRef = 6CE9D8031B9BC17200A63652 /* BackgroundViewController.swift */; };
/* End PBXBuildFile section */

/* Begin PBXFileReference section */
		5EB85D091BC61DFD001327F4 /* Constants.swift */ = {isa = PBXFileReference; fileEncoding = 4; lastKnownFileType = sourcecode.swift; path = Constants.swift; sourceTree = "<group>"; };
		6C69A16D1B96AF8F00097238 /* StickersApp.app */ = {isa = PBXFileReference; explicitFileType = wrapper.application; includeInIndex = 0; path = StickersApp.app; sourceTree = BUILT_PRODUCTS_DIR; };
		6C69A1701B96AF8F00097238 /* AppDelegate.swift */ = {isa = PBXFileReference; lastKnownFileType = sourcecode.swift; path = AppDelegate.swift; sourceTree = "<group>"; };
		6C69A1721B96AF8F00097238 /* ViewController.swift */ = {isa = PBXFileReference; lastKnownFileType = sourcecode.swift; path = ViewController.swift; sourceTree = "<group>"; };
		6C69A1751B96AF8F00097238 /* Base */ = {isa = PBXFileReference; lastKnownFileType = file.storyboard; name = Base; path = Base.lproj/Main.storyboard; sourceTree = "<group>"; };
		6C69A1771B96AF8F00097238 /* Assets.xcassets */ = {isa = PBXFileReference; lastKnownFileType = folder.assetcatalog; path = Assets.xcassets; sourceTree = "<group>"; };
		6C69A17C1B96AF8F00097238 /* Info.plist */ = {isa = PBXFileReference; lastKnownFileType = text.plist.xml; path = Info.plist; sourceTree = "<group>"; };
		6C69A1821B96AFBA00097238 /* PinchZoomImageView.swift */ = {isa = PBXFileReference; fileEncoding = 4; lastKnownFileType = sourcecode.swift; path = PinchZoomImageView.swift; sourceTree = "<group>"; };
		6CE9D8031B9BC17200A63652 /* BackgroundViewController.swift */ = {isa = PBXFileReference; fileEncoding = 4; lastKnownFileType = sourcecode.swift; path = BackgroundViewController.swift; sourceTree = "<group>"; };
/* End PBXFileReference section */

/* Begin PBXFrameworksBuildPhase section */
		6C69A16A1B96AF8F00097238 /* Frameworks */ = {
			isa = PBXFrameworksBuildPhase;
			buildActionMask = 2147483647;
			files = (
			);
			runOnlyForDeploymentPostprocessing = 0;
		};
/* End PBXFrameworksBuildPhase section */

/* Begin PBXGroup section */
		6C69A1641B96AF8F00097238 = {
			isa = PBXGroup;
			children = (
				6C69A16F1B96AF8F00097238 /* StickersApp */,
				6C69A16E1B96AF8F00097238 /* Products */,
			);
			sourceTree = "<group>";
		};
		6C69A16E1B96AF8F00097238 /* Products */ = {
			isa = PBXGroup;
			children = (
				6C69A16D1B96AF8F00097238 /* StickersApp.app */,
			);
			name = Products;
			sourceTree = "<group>";
		};
		6C69A16F1B96AF8F00097238 /* StickersApp */ = {
			isa = PBXGroup;
			children = (
				5EB85D091BC61DFD001327F4 /* Constants.swift */,
				6C69A1701B96AF8F00097238 /* AppDelegate.swift */,
				6C69A1721B96AF8F00097238 /* ViewController.swift */,
				6CE9D8031B9BC17200A63652 /* BackgroundViewController.swift */,
				6C69A1821B96AFBA00097238 /* PinchZoomImageView.swift */,
				6C69A1741B96AF8F00097238 /* Main.storyboard */,
				6C69A1771B96AF8F00097238 /* Assets.xcassets */,
				6C69A17C1B96AF8F00097238 /* Info.plist */,
			);
			path = StickersApp;
			sourceTree = "<group>";
		};
/* End PBXGroup section */

/* Begin PBXNativeTarget section */
		6C69A16C1B96AF8F00097238 /* StickersApp */ = {
			isa = PBXNativeTarget;
			buildConfigurationList = 6C69A17F1B96AF8F00097238 /* Build configuration list for PBXNativeTarget "StickersApp" */;
			buildPhases = (
				6C69A1691B96AF8F00097238 /* Sources */,
				6C69A16A1B96AF8F00097238 /* Frameworks */,
				6C69A16B1B96AF8F00097238 /* Resources */,
			);
			buildRules = (
			);
			dependencies = (
			);
			name = StickersApp;
			productName = StickersApp;
			productReference = 6C69A16D1B96AF8F00097238 /* StickersApp.app */;
			productType = "com.apple.product-type.application";
		};
/* End PBXNativeTarget section */

/* Begin PBXProject section */
		6C69A1651B96AF8F00097238 /* Project object */ = {
			isa = PBXProject;
			attributes = {
				LastUpgradeCheck = 0700;
				ORGANIZATIONNAME = "Touchopia, LLC";
				TargetAttributes = {
					6C69A16C1B96AF8F00097238 = {
						CreatedOnToolsVersion = 7.0;
					};
				};
			};
			buildConfigurationList = 6C69A1681B96AF8F00097238 /* Build configuration list for PBXProject "StickersApp" */;
			compatibilityVersion = "Xcode 3.2";
			developmentRegion = English;
			hasScannedForEncodings = 0;
			knownRegions = (
				en,
				Base,
			);
			mainGroup = 6C69A1641B96AF8F00097238;
			productRefGroup = 6C69A16E1B96AF8F00097238 /* Products */;
			projectDirPath = "";
			projectRoot = "";
			targets = (
				6C69A16C1B96AF8F00097238 /* StickersApp */,
			);
		};
/* End PBXProject section */

/* Begin PBXResourcesBuildPhase section */
		6C69A16B1B96AF8F00097238 /* Resources */ = {
			isa = PBXResourcesBuildPhase;
			buildActionMask = 2147483647;
			files = (
				6C69A1781B96AF8F00097238 /* Assets.xcassets in Resources */,
				6C69A1761B96AF8F00097238 /* Main.storyboard in Resources */,
			);
			runOnlyForDeploymentPostprocessing = 0;
		};
/* End PBXResourcesBuildPhase section */

/* Begin PBXSourcesBuildPhase section */
		6C69A1691B96AF8F00097238 /* Sources */ = {
			isa = PBXSourcesBuildPhase;
			buildActionMask = 2147483647;
			files = (
				6CE9D8041B9BC17200A63652 /* BackgroundViewController.swift in Sources */,
				6C69A1831B96AFBA00097238 /* PinchZoomImageView.swift in Sources */,
				5EB85D0A1BC61DFD001327F4 /* Constants.swift in Sources */,
				6C69A1731B96AF8F00097238 /* ViewController.swift in Sources */,
				6C69A1711B96AF8F00097238 /* AppDelegate.swift in Sources */,
			);
			runOnlyForDeploymentPostprocessing = 0;
		};
/* End PBXSourcesBuildPhase section */

/* Begin PBXVariantGroup section */
		6C69A1741B96AF8F00097238 /* Main.storyboard */ = {
			isa = PBXVariantGroup;
			children = (
				6C69A1751B96AF8F00097238 /* Base */,
			);
			name = Main.storyboard;
			sourceTree = "<group>";
		};
/* End PBXVariantGroup section */

/* Begin XCBuildConfiguration section */
		6C69A17D1B96AF8F00097238 /* Debug */ = {
			isa = XCBuildConfiguration;
			buildSettings = {
				ALWAYS_SEARCH_USER_PATHS = NO;
				CLANG_CXX_LANGUAGE_STANDARD = "gnu++0x";
				CLANG_CXX_LIBRARY = "libc++";
				CLANG_ENABLE_MODULES = YES;
				CLANG_ENABLE_OBJC_ARC = YES;
				CLANG_WARN_BOOL_CONVERSION = YES;
				CLANG_WARN_CONSTANT_CONVERSION = YES;
				CLANG_WARN_DIRECT_OBJC_ISA_USAGE = YES_ERROR;
				CLANG_WARN_EMPTY_BODY = YES;
				CLANG_WARN_ENUM_CONVERSION = YES;
				CLANG_WARN_INT_CONVERSION = YES;
				CLANG_WARN_OBJC_ROOT_CLASS = YES_ERROR;
				CLANG_WARN_UNREACHABLE_CODE = YES;
				CLANG_WARN__DUPLICATE_METHOD_MATCH = YES;
				"CODE_SIGN_IDENTITY[sdk=iphoneos*]" = "iPhone Developer";
				COPY_PHASE_STRIP = NO;
				DEBUG_INFORMATION_FORMAT = dwarf;
				ENABLE_STRICT_OBJC_MSGSEND = YES;
				ENABLE_TESTABILITY = YES;
				GCC_C_LANGUAGE_STANDARD = gnu99;
				GCC_DYNAMIC_NO_PIC = NO;
				GCC_NO_COMMON_BLOCKS = YES;
				GCC_OPTIMIZATION_LEVEL = 0;
				GCC_PREPROCESSOR_DEFINITIONS = (
					"DEBUG=1",
					"$(inherited)",
				);
				GCC_WARN_64_TO_32_BIT_CONVERSION = YES;
				GCC_WARN_ABOUT_RETURN_TYPE = YES_ERROR;
				GCC_WARN_UNDECLARED_SELECTOR = YES;
				GCC_WARN_UNINITIALIZED_AUTOS = YES_AGGRESSIVE;
				GCC_WARN_UNUSED_FUNCTION = YES;
				GCC_WARN_UNUSED_VARIABLE = YES;
				IPHONEOS_DEPLOYMENT_TARGET = 9.0;
				MTL_ENABLE_DEBUG_INFO = YES;
				ONLY_ACTIVE_ARCH = YES;
				SDKROOT = iphoneos;
				SWIFT_OPTIMIZATION_LEVEL = "-Onone";
			};
			name = Debug;
		};
		6C69A17E1B96AF8F00097238 /* Release */ = {
			isa = XCBuildConfiguration;
			buildSettings = {
				ALWAYS_SEARCH_USER_PATHS = NO;
				CLANG_CXX_LANGUAGE_STANDARD = "gnu++0x";
				CLANG_CXX_LIBRARY = "libc++";
				CLANG_ENABLE_MODULES = YES;
				CLANG_ENABLE_OBJC_ARC = YES;
				CLANG_WARN_BOOL_CONVERSION = YES;
				CLANG_WARN_CONSTANT_CONVERSION = YES;
				CLANG_WARN_DIRECT_OBJC_ISA_USAGE = YES_ERROR;
				CLANG_WARN_EMPTY_BODY = YES;
				CLANG_WARN_ENUM_CONVERSION = YES;
				CLANG_WARN_INT_CONVERSION = YES;
				CLANG_WARN_OBJC_ROOT_CLASS = YES_ERROR;
				CLANG_WARN_UNREACHABLE_CODE = YES;
				CLANG_WARN__DUPLICATE_METHOD_MATCH = YES;
				"CODE_SIGN_IDENTITY[sdk=iphoneos*]" = "iPhone Developer";
				COPY_PHASE_STRIP = NO;
				DEBUG_INFORMATION_FORMAT = "dwarf-with-dsym";
				ENABLE_NS_ASSERTIONS = NO;
				ENABLE_STRICT_OBJC_MSGSEND = YES;
				GCC_C_LANGUAGE_STANDARD = gnu99;
				GCC_NO_COMMON_BLOCKS = YES;
				GCC_WARN_64_TO_32_BIT_CONVERSION = YES;
				GCC_WARN_ABOUT_RETURN_TYPE = YES_ERROR;
				GCC_WARN_UNDECLARED_SELECTOR = YES;
				GCC_WARN_UNINITIALIZED_AUTOS = YES_AGGRESSIVE;
				GCC_WARN_UNUSED_FUNCTION = YES;
				GCC_WARN_UNUSED_VARIABLE = YES;
				IPHONEOS_DEPLOYMENT_TARGET = 9.0;
				MTL_ENABLE_DEBUG_INFO = NO;
				SDKROOT = iphoneos;
				VALIDATE_PRODUCT = YES;
			};
			name = Release;
		};
		6C69A1801B96AF8F00097238 /* Debug */ = {
			isa = XCBuildConfiguration;
			buildSettings = {
				ASSETCATALOG_COMPILER_APPICON_NAME = AppIcon;
				INFOPLIST_FILE = StickersApp/Info.plist;
				LD_RUNPATH_SEARCH_PATHS = "$(inherited) @executable_path/Frameworks";
				PRODUCT_BUNDLE_IDENTIFIER = com.touchopia.StickersApp;
				PRODUCT_NAME = "$(TARGET_NAME)";
			};
			name = Debug;
		};
		6C69A1811B96AF8F00097238 /* Release */ = {
			isa = XCBuildConfiguration;
			buildSettings = {
				ASSETCATALOG_COMPILER_APPICON_NAME = AppIcon;
				INFOPLIST_FILE = StickersApp/Info.plist;
				LD_RUNPATH_SEARCH_PATHS = "$(inherited) @executable_path/Frameworks";
				PRODUCT_BUNDLE_IDENTIFIER = com.touchopia.StickersApp;
				PRODUCT_NAME = "$(TARGET_NAME)";
			};
			name = Release;
		};
/* End XCBuildConfiguration section */

/* Begin XCConfigurationList section */
		6C69A1681B96AF8F00097238 /* Build configuration list for PBXProject "StickersApp" */ = {
			isa = XCConfigurationList;
			buildConfigurations = (
				6C69A17D1B96AF8F00097238 /* Debug */,
				6C69A17E1B96AF8F00097238 /* Release */,
			);
			defaultConfigurationIsVisible = 0;
			defaultConfigurationName = Release;
		};
		6C69A17F1B96AF8F00097238 /* Build configuration list for PBXNativeTarget "StickersApp" */ = {
			isa = XCConfigurationList;
			buildConfigurations = (
				6C69A1801B96AF8F00097238 /* Debug */,
				6C69A1811B96AF8F00097238 /* Release */,
			);
			defaultConfigurationIsVisible = 0;
			defaultConfigurationName = Release;
		};
/* End XCConfigurationList section */
	};
	rootObject = 6C69A1651B96AF8F00097238 /* Project object */;
}
