// !$*UTF8*$!
{
	archiveVersion = 1;
	classes = {
	};
	objectVersion = 46;
	objects = {

/* Begin PBXBuildFile section */
		5E0BC3091CB60DD80075B6AC /* AppDelegate.swift in Sources */ = {isa = PBXBuildFile; fileRef = 5E0BC3081CB60DD80075B6AC /* AppDelegate.swift */; };
		5E0BC30B1CB60DD80075B6AC /* ViewController.swift in Sources */ = {isa = PBXBuildFile; fileRef = 5E0BC30A1CB60DD80075B6AC /* ViewController.swift */; };
		5E0BC30E1CB60DD80075B6AC /* Main.storyboard in Resources */ = {isa = PBXBuildFile; fileRef = 5E0BC30C1CB60DD80075B6AC /* Main.storyboard */; };
		5E0BC3101CB60DD80075B6AC /* Assets.xcassets in Resources */ = {isa = PBXBuildFile; fileRef = 5E0BC30F1CB60DD80075B6AC /* Assets.xcassets */; };
		5E0BC3131CB60DD80075B6AC /* LaunchScreen.storyboard in Resources */ = {isa = PBXBuildFile; fileRef = 5E0BC3111CB60DD80075B6AC /* LaunchScreen.storyboard */; };
		5E0BC31B1CB60E490075B6AC /* FlickrAPI.swift in Sources */ = {isa = PBXBuildFile; fileRef = 5E0BC31A1CB60E490075B6AC /* FlickrAPI.swift */; };
		5E71037D1CDC34D6000EA4BE /* Constants.swift in Sources */ = {isa = PBXBuildFile; fileRef = 5E71037C1CDC34D6000EA4BE /* Constants.swift */; };
		5E71037F1CDC353A000EA4BE /* Photo.swift in Sources */ = {isa = PBXBuildFile; fileRef = 5E71037E1CDC353A000EA4BE /* Photo.swift */; };
/* End PBXBuildFile section */

/* Begin PBXFileReference section */
		5E0BC3051CB60DD80075B6AC /* SimpleAPIClient.app */ = {isa = PBXFileReference; explicitFileType = wrapper.application; includeInIndex = 0; path = SimpleAPIClient.app; sourceTree = BUILT_PRODUCTS_DIR; };
		5E0BC3081CB60DD80075B6AC /* AppDelegate.swift */ = {isa = PBXFileReference; lastKnownFileType = sourcecode.swift; path = AppDelegate.swift; sourceTree = "<group>"; };
		5E0BC30A1CB60DD80075B6AC /* ViewController.swift */ = {isa = PBXFileReference; lastKnownFileType = sourcecode.swift; path = ViewController.swift; sourceTree = "<group>"; };
		5E0BC30D1CB60DD80075B6AC /* Base */ = {isa = PBXFileReference; lastKnownFileType = file.storyboard; name = Base; path = Base.lproj/Main.storyboard; sourceTree = "<group>"; };
		5E0BC30F1CB60DD80075B6AC /* Assets.xcassets */ = {isa = PBXFileReference; lastKnownFileType = folder.assetcatalog; path = Assets.xcassets; sourceTree = "<group>"; };
		5E0BC3121CB60DD80075B6AC /* Base */ = {isa = PBXFileReference; lastKnownFileType = file.storyboard; name = Base; path = Base.lproj/LaunchScreen.storyboard; sourceTree = "<group>"; };
		5E0BC3141CB60DD80075B6AC /* Info.plist */ = {isa = PBXFileReference; lastKnownFileType = text.plist.xml; path = Info.plist; sourceTree = "<group>"; };
		5E0BC31A1CB60E490075B6AC /* FlickrAPI.swift */ = {isa = PBXFileReference; fileEncoding = 4; lastKnownFileType = sourcecode.swift; path = FlickrAPI.swift; sourceTree = "<group>"; };
		5E71037C1CDC34D6000EA4BE /* Constants.swift */ = {isa = PBXFileReference; fileEncoding = 4; lastKnownFileType = sourcecode.swift; path = Constants.swift; sourceTree = "<group>"; };
		5E71037E1CDC353A000EA4BE /* Photo.swift */ = {isa = PBXFileReference; fileEncoding = 4; lastKnownFileType = sourcecode.swift; path = Photo.swift; sourceTree = "<group>"; };
/* End PBXFileReference section */

/* Begin PBXFrameworksBuildPhase section */
		5E0BC3021CB60DD80075B6AC /* Frameworks */ = {
			isa = PBXFrameworksBuildPhase;
			buildActionMask = 2147483647;
			files = (
			);
			runOnlyForDeploymentPostprocessing = 0;
		};
/* End PBXFrameworksBuildPhase section */

/* Begin PBXGroup section */
		5E0BC2FC1CB60DD80075B6AC = {
			isa = PBXGroup;
			children = (
				5E0BC3071CB60DD80075B6AC /* SimpleAPIClient */,
				5E0BC3061CB60DD80075B6AC /* Products */,
			);
			sourceTree = "<group>";
		};
		5E0BC3061CB60DD80075B6AC /* Products */ = {
			isa = PBXGroup;
			children = (
				5E0BC3051CB60DD80075B6AC /* SimpleAPIClient.app */,
			);
			name = Products;
			sourceTree = "<group>";
		};
		5E0BC3071CB60DD80075B6AC /* SimpleAPIClient */ = {
			isa = PBXGroup;
			children = (
				5E0BC3081CB60DD80075B6AC /* AppDelegate.swift */,
				5E71037C1CDC34D6000EA4BE /* Constants.swift */,
				5E0BC30A1CB60DD80075B6AC /* ViewController.swift */,
				5E0BC31A1CB60E490075B6AC /* FlickrAPI.swift */,
				5E71037E1CDC353A000EA4BE /* Photo.swift */,
				5E0BC30C1CB60DD80075B6AC /* Main.storyboard */,
				5E0BC30F1CB60DD80075B6AC /* Assets.xcassets */,
				5E0BC3111CB60DD80075B6AC /* LaunchScreen.storyboard */,
				5E0BC3141CB60DD80075B6AC /* Info.plist */,
			);
			path = SimpleAPIClient;
			sourceTree = "<group>";
		};
/* End PBXGroup section */

/* Begin PBXNativeTarget section */
		5E0BC3041CB60DD80075B6AC /* SimpleAPIClient */ = {
			isa = PBXNativeTarget;
			buildConfigurationList = 5E0BC3171CB60DD80075B6AC /* Build configuration list for PBXNativeTarget "SimpleAPIClient" */;
			buildPhases = (
				5E0BC3011CB60DD80075B6AC /* Sources */,
				5E0BC3021CB60DD80075B6AC /* Frameworks */,
				5E0BC3031CB60DD80075B6AC /* Resources */,
			);
			buildRules = (
			);
			dependencies = (
			);
			name = SimpleAPIClient;
			productName = SimpleAPIClient;
			productReference = 5E0BC3051CB60DD80075B6AC /* SimpleAPIClient.app */;
			productType = "com.apple.product-type.application";
		};
/* End PBXNativeTarget section */

/* Begin PBXProject section */
		5E0BC2FD1CB60DD80075B6AC /* Project object */ = {
			isa = PBXProject;
			attributes = {
				LastSwiftUpdateCheck = 0730;
				LastUpgradeCheck = 0730;
				ORGANIZATIONNAME = "Touchopia, LLC";
				TargetAttributes = {
					5E0BC3041CB60DD80075B6AC = {
						CreatedOnToolsVersion = 7.3;
						DevelopmentTeam = 86Z976V88Y;
					};
				};
			};
			buildConfigurationList = 5E0BC3001CB60DD80075B6AC /* Build configuration list for PBXProject "SimpleAPIClient" */;
			compatibilityVersion = "Xcode 3.2";
			developmentRegion = English;
			hasScannedForEncodings = 0;
			knownRegions = (
				en,
				Base,
			);
			mainGroup = 5E0BC2FC1CB60DD80075B6AC;
			productRefGroup = 5E0BC3061CB60DD80075B6AC /* Products */;
			projectDirPath = "";
			projectRoot = "";
			targets = (
				5E0BC3041CB60DD80075B6AC /* SimpleAPIClient */,
			);
		};
/* End PBXProject section */

/* Begin PBXResourcesBuildPhase section */
		5E0BC3031CB60DD80075B6AC /* Resources */ = {
			isa = PBXResourcesBuildPhase;
			buildActionMask = 2147483647;
			files = (
				5E0BC3131CB60DD80075B6AC /* LaunchScreen.storyboard in Resources */,
				5E0BC3101CB60DD80075B6AC /* Assets.xcassets in Resources */,
				5E0BC30E1CB60DD80075B6AC /* Main.storyboard in Resources */,
			);
			runOnlyForDeploymentPostprocessing = 0;
		};
/* End PBXResourcesBuildPhase section */

/* Begin PBXSourcesBuildPhase section */
		5E0BC3011CB60DD80075B6AC /* Sources */ = {
			isa = PBXSourcesBuildPhase;
			buildActionMask = 2147483647;
			files = (
				5E71037F1CDC353A000EA4BE /* Photo.swift in Sources */,
				5E71037D1CDC34D6000EA4BE /* Constants.swift in Sources */,
				5E0BC30B1CB60DD80075B6AC /* ViewController.swift in Sources */,
				5E0BC31B1CB60E490075B6AC /* FlickrAPI.swift in Sources */,
				5E0BC3091CB60DD80075B6AC /* AppDelegate.swift in Sources */,
			);
			runOnlyForDeploymentPostprocessing = 0;
		};
/* End PBXSourcesBuildPhase section */

/* Begin PBXVariantGroup section */
		5E0BC30C1CB60DD80075B6AC /* Main.storyboard */ = {
			isa = PBXVariantGroup;
			children = (
				5E0BC30D1CB60DD80075B6AC /* Base */,
			);
			name = Main.storyboard;
			sourceTree = "<group>";
		};
		5E0BC3111CB60DD80075B6AC /* LaunchScreen.storyboard */ = {
			isa = PBXVariantGroup;
			children = (
				5E0BC3121CB60DD80075B6AC /* Base */,
			);
			name = LaunchScreen.storyboard;
			sourceTree = "<group>";
		};
/* End PBXVariantGroup section */

/* Begin XCBuildConfiguration section */
		5E0BC3151CB60DD80075B6AC /* Debug */ = {
			isa = XCBuildConfiguration;
			buildSettings = {
				ALWAYS_SEARCH_USER_PATHS = NO;
				CLANG_ANALYZER_NONNULL = YES;
				CLANG_CXX_LANGUAGE_STANDARD = "gnu++0x";
				CLANG_CXX_LIBRARY = "libc++";
				CLANG_ENABLE_MODULES = YES;
				CLANG_ENABLE_OBJC_ARC = YES;
				CLANG_WARN_BOOL_CONVERSION = YES;
				CLANG_WARN_CONSTANT_CONVERSION = YES;
				CLANG_WARN_DIRECT_OBJC_ISA_USAGE = YES_ERROR;
				CLANG_WARN_EMPTY_BODY = YES;
				CLANG_WARN_ENUM_CONVERSION = YES;
				CLANG_WARN_INT_CONVERSION = YES;
				CLANG_WARN_OBJC_ROOT_CLASS = YES_ERROR;
				CLANG_WARN_UNREACHABLE_CODE = YES;
				CLANG_WARN__DUPLICATE_METHOD_MATCH = YES;
				"CODE_SIGN_IDENTITY[sdk=iphoneos*]" = "iPhone Developer";
				COPY_PHASE_STRIP = NO;
				DEBUG_INFORMATION_FORMAT = dwarf;
				ENABLE_STRICT_OBJC_MSGSEND = YES;
				ENABLE_TESTABILITY = YES;
				GCC_C_LANGUAGE_STANDARD = gnu99;
				GCC_DYNAMIC_NO_PIC = NO;
				GCC_NO_COMMON_BLOCKS = YES;
				GCC_OPTIMIZATION_LEVEL = 0;
				GCC_PREPROCESSOR_DEFINITIONS = (
					"DEBUG=1",
					"$(inherited)",
				);
				GCC_WARN_64_TO_32_BIT_CONVERSION = YES;
				GCC_WARN_ABOUT_RETURN_TYPE = YES_ERROR;
				GCC_WARN_UNDECLARED_SELECTOR = YES;
				GCC_WARN_UNINITIALIZED_AUTOS = YES_AGGRESSIVE;
				GCC_WARN_UNUSED_FUNCTION = YES;
				GCC_WARN_UNUSED_VARIABLE = YES;
				IPHONEOS_DEPLOYMENT_TARGET = 9.3;
				MTL_ENABLE_DEBUG_INFO = YES;
				ONLY_ACTIVE_ARCH = YES;
				SDKROOT = iphoneos;
				SWIFT_OPTIMIZATION_LEVEL = "-Onone";
			};
			name = Debug;
		};
		5E0BC3161CB60DD80075B6AC /* Release */ = {
			isa = XCBuildConfiguration;
			buildSettings = {
				ALWAYS_SEARCH_USER_PATHS = NO;
				CLANG_ANALYZER_NONNULL = YES;
				CLANG_CXX_LANGUAGE_STANDARD = "gnu++0x";
				CLANG_CXX_LIBRARY = "libc++";
				CLANG_ENABLE_MODULES = YES;
				CLANG_ENABLE_OBJC_ARC = YES;
				CLANG_WARN_BOOL_CONVERSION = YES;
				CLANG_WARN_CONSTANT_CONVERSION = YES;
				CLANG_WARN_DIRECT_OBJC_ISA_USAGE = YES_ERROR;
				CLANG_WARN_EMPTY_BODY = YES;
				CLANG_WARN_ENUM_CONVERSION = YES;
				CLANG_WARN_INT_CONVERSION = YES;
				CLANG_WARN_OBJC_ROOT_CLASS = YES_ERROR;
				CLANG_WARN_UNREACHABLE_CODE = YES;
				CLANG_WARN__DUPLICATE_METHOD_MATCH = YES;
				"CODE_SIGN_IDENTITY[sdk=iphoneos*]" = "iPhone Developer";
				COPY_PHASE_STRIP = NO;
				DEBUG_INFORMATION_FORMAT = "dwarf-with-dsym";
				ENABLE_NS_ASSERTIONS = NO;
				ENABLE_STRICT_OBJC_MSGSEND = YES;
				GCC_C_LANGUAGE_STANDARD = gnu99;
				GCC_NO_COMMON_BLOCKS = YES;
				GCC_WARN_64_TO_32_BIT_CONVERSION = YES;
				GCC_WARN_ABOUT_RETURN_TYPE = YES_ERROR;
				GCC_WARN_UNDECLARED_SELECTOR = YES;
				GCC_WARN_UNINITIALIZED_AUTOS = YES_AGGRESSIVE;
				GCC_WARN_UNUSED_FUNCTION = YES;
				GCC_WARN_UNUSED_VARIABLE = YES;
				IPHONEOS_DEPLOYMENT_TARGET = 9.3;
				MTL_ENABLE_DEBUG_INFO = NO;
				SDKROOT = iphoneos;
				VALIDATE_PRODUCT = YES;
			};
			name = Release;
		};
		5E0BC3181CB60DD80075B6AC /* Debug */ = {
			isa = XCBuildConfiguration;
			buildSettings = {
				ASSETCATALOG_COMPILER_APPICON_NAME = AppIcon;
				CODE_SIGN_IDENTITY = "iPhone Developer";
				INFOPLIST_FILE = SimpleAPIClient/Info.plist;
				LD_RUNPATH_SEARCH_PATHS = "$(inherited) @executable_path/Frameworks";
				PRODUCT_BUNDLE_IDENTIFIER = com.touchopia.SimpleAPIClient;
				PRODUCT_NAME = "$(TARGET_NAME)";
			};
			name = Debug;
		};
		5E0BC3191CB60DD80075B6AC /* Release */ = {
			isa = XCBuildConfiguration;
			buildSettings = {
				ASSETCATALOG_COMPILER_APPICON_NAME = AppIcon;
				CODE_SIGN_IDENTITY = "iPhone Developer";
				INFOPLIST_FILE = SimpleAPIClient/Info.plist;
				LD_RUNPATH_SEARCH_PATHS = "$(inherited) @executable_path/Frameworks";
				PRODUCT_BUNDLE_IDENTIFIER = com.touchopia.SimpleAPIClient;
				PRODUCT_NAME = "$(TARGET_NAME)";
			};
			name = Release;
		};
/* End XCBuildConfiguration section */

/* Begin XCConfigurationList section */
		5E0BC3001CB60DD80075B6AC /* Build configuration list for PBXProject "SimpleAPIClient" */ = {
			isa = XCConfigurationList;
			buildConfigurations = (
				5E0BC3151CB60DD80075B6AC /* Debug */,
				5E0BC3161CB60DD80075B6AC /* Release */,
			);
			defaultConfigurationIsVisible = 0;
			defaultConfigurationName = Release;
		};
		5E0BC3171CB60DD80075B6AC /* Build configuration list for PBXNativeTarget "SimpleAPIClient" */ = {
			isa = XCConfigurationList;
			buildConfigurations = (
				5E0BC3181CB60DD80075B6AC /* Debug */,
				5E0BC3191CB60DD80075B6AC /* Release */,
			);
			defaultConfigurationIsVisible = 0;
			defaultConfigurationName = Release;
		};
/* End XCConfigurationList section */
	};
	rootObject = 5E0BC2FD1CB60DD80075B6AC /* Project object */;
}
