// !$*UTF8*$!
{
	archiveVersion = 1;
	classes = {
	};
	objectVersion = 46;
	objects = {

/* Begin PBXBuildFile section */
		5E72B8F41C372AA1009C8608 /* DetailViewController.swift in Sources */ = {isa = PBXBuildFile; fileRef = 5E72B8F31C372AA1009C8608 /* DetailViewController.swift */; };
		5EC6AE3D1C13A40900A62AB6 /* AppDelegate.swift in Sources */ = {isa = PBXBuildFile; fileRef = 5EC6AE3C1C13A40900A62AB6 /* AppDelegate.swift */; };
		5EC6AE421C13A40900A62AB6 /* Main.storyboard in Resources */ = {isa = PBXBuildFile; fileRef = 5EC6AE401C13A40900A62AB6 /* Main.storyboard */; };
		5EC6AE441C13A40900A62AB6 /* Assets.xcassets in Resources */ = {isa = PBXBuildFile; fileRef = 5EC6AE431C13A40900A62AB6 /* Assets.xcassets */; };
		5EC6AE471C13A40900A62AB6 /* LaunchScreen.storyboard in Resources */ = {isa = PBXBuildFile; fileRef = 5EC6AE451C13A40900A62AB6 /* LaunchScreen.storyboard */; };
		5EC6AE511C13A41500A62AB6 /* Movie.swift in Sources */ = {isa = PBXBuildFile; fileRef = 5EC6AE4E1C13A41500A62AB6 /* Movie.swift */; };
		5EC6AE521C13A41500A62AB6 /* MovieCell.swift in Sources */ = {isa = PBXBuildFile; fileRef = 5EC6AE4F1C13A41500A62AB6 /* MovieCell.swift */; };
		5EC6AE531C13A41500A62AB6 /* MovieService.swift in Sources */ = {isa = PBXBuildFile; fileRef = 5EC6AE501C13A41500A62AB6 /* MovieService.swift */; };
		5EC6AE551C13A47E00A62AB6 /* HTTPRequest.swift in Sources */ = {isa = PBXBuildFile; fileRef = 5EC6AE541C13A47E00A62AB6 /* HTTPRequest.swift */; };
		5EC6AE571C13A4B900A62AB6 /* MovieViewController.swift in Sources */ = {isa = PBXBuildFile; fileRef = 5EC6AE561C13A4B900A62AB6 /* MovieViewController.swift */; };
/* End PBXBuildFile section */

/* Begin PBXFileReference section */
		5E72B8F31C372AA1009C8608 /* DetailViewController.swift */ = {isa = PBXFileReference; fileEncoding = 4; lastKnownFileType = sourcecode.swift; path = DetailViewController.swift; sourceTree = "<group>"; };
		5EC6AE391C13A40900A62AB6 /* SimpleTableView.app */ = {isa = PBXFileReference; explicitFileType = wrapper.application; includeInIndex = 0; path = SimpleTableView.app; sourceTree = BUILT_PRODUCTS_DIR; };
		5EC6AE3C1C13A40900A62AB6 /* AppDelegate.swift */ = {isa = PBXFileReference; lastKnownFileType = sourcecode.swift; path = AppDelegate.swift; sourceTree = "<group>"; };
		5EC6AE411C13A40900A62AB6 /* Base */ = {isa = PBXFileReference; lastKnownFileType = file.storyboard; name = Base; path = Base.lproj/Main.storyboard; sourceTree = "<group>"; };
		5EC6AE431C13A40900A62AB6 /* Assets.xcassets */ = {isa = PBXFileReference; lastKnownFileType = folder.assetcatalog; path = Assets.xcassets; sourceTree = "<group>"; };
		5EC6AE461C13A40900A62AB6 /* Base */ = {isa = PBXFileReference; lastKnownFileType = file.storyboard; name = Base; path = Base.lproj/LaunchScreen.storyboard; sourceTree = "<group>"; };
		5EC6AE481C13A40900A62AB6 /* Info.plist */ = {isa = PBXFileReference; lastKnownFileType = text.plist.xml; path = Info.plist; sourceTree = "<group>"; };
		5EC6AE4E1C13A41500A62AB6 /* Movie.swift */ = {isa = PBXFileReference; fileEncoding = 4; lastKnownFileType = sourcecode.swift; path = Movie.swift; sourceTree = "<group>"; };
		5EC6AE4F1C13A41500A62AB6 /* MovieCell.swift */ = {isa = PBXFileReference; fileEncoding = 4; lastKnownFileType = sourcecode.swift; path = MovieCell.swift; sourceTree = "<group>"; };
		5EC6AE501C13A41500A62AB6 /* MovieService.swift */ = {isa = PBXFileReference; fileEncoding = 4; lastKnownFileType = sourcecode.swift; path = MovieService.swift; sourceTree = "<group>"; };
		5EC6AE541C13A47E00A62AB6 /* HTTPRequest.swift */ = {isa = PBXFileReference; fileEncoding = 4; lastKnownFileType = sourcecode.swift; path = HTTPRequest.swift; sourceTree = "<group>"; };
		5EC6AE561C13A4B900A62AB6 /* MovieViewController.swift */ = {isa = PBXFileReference; fileEncoding = 4; lastKnownFileType = sourcecode.swift; path = MovieViewController.swift; sourceTree = "<group>"; };
/* End PBXFileReference section */

/* Begin PBXFrameworksBuildPhase section */
		5EC6AE361C13A40900A62AB6 /* Frameworks */ = {
			isa = PBXFrameworksBuildPhase;
			buildActionMask = 2147483647;
			files = (
			);
			runOnlyForDeploymentPostprocessing = 0;
		};
/* End PBXFrameworksBuildPhase section */

/* Begin PBXGroup section */
		5EC6AE301C13A40900A62AB6 = {
			isa = PBXGroup;
			children = (
				5EC6AE3B1C13A40900A62AB6 /* SimpleTableView */,
				5EC6AE3A1C13A40900A62AB6 /* Products */,
			);
			sourceTree = "<group>";
		};
		5EC6AE3A1C13A40900A62AB6 /* Products */ = {
			isa = PBXGroup;
			children = (
				5EC6AE391C13A40900A62AB6 /* SimpleTableView.app */,
			);
			name = Products;
			sourceTree = "<group>";
		};
		5EC6AE3B1C13A40900A62AB6 /* SimpleTableView */ = {
			isa = PBXGroup;
			children = (
				5EC6AE3C1C13A40900A62AB6 /* AppDelegate.swift */,
				5EC6AE561C13A4B900A62AB6 /* MovieViewController.swift */,
				5E72B8F31C372AA1009C8608 /* DetailViewController.swift */,
				5EC6AE4F1C13A41500A62AB6 /* MovieCell.swift */,
				5EC6AE4E1C13A41500A62AB6 /* Movie.swift */,
				5EC6AE541C13A47E00A62AB6 /* HTTPRequest.swift */,
				5EC6AE501C13A41500A62AB6 /* MovieService.swift */,
				5EC6AE401C13A40900A62AB6 /* Main.storyboard */,
				5EC6AE431C13A40900A62AB6 /* Assets.xcassets */,
				5EC6AE451C13A40900A62AB6 /* LaunchScreen.storyboard */,
				5EC6AE481C13A40900A62AB6 /* Info.plist */,
			);
			path = SimpleTableView;
			sourceTree = "<group>";
		};
/* End PBXGroup section */

/* Begin PBXNativeTarget section */
		5EC6AE381C13A40900A62AB6 /* SimpleTableView */ = {
			isa = PBXNativeTarget;
			buildConfigurationList = 5EC6AE4B1C13A40900A62AB6 /* Build configuration list for PBXNativeTarget "SimpleTableView" */;
			buildPhases = (
				5EC6AE351C13A40900A62AB6 /* Sources */,
				5EC6AE361C13A40900A62AB6 /* Frameworks */,
				5EC6AE371C13A40900A62AB6 /* Resources */,
			);
			buildRules = (
			);
			dependencies = (
			);
			name = SimpleTableView;
			productName = SimpleTableView;
			productReference = 5EC6AE391C13A40900A62AB6 /* SimpleTableView.app */;
			productType = "com.apple.product-type.application";
		};
/* End PBXNativeTarget section */

/* Begin PBXProject section */
		5EC6AE311C13A40900A62AB6 /* Project object */ = {
			isa = PBXProject;
			attributes = {
				LastSwiftUpdateCheck = 0710;
				LastUpgradeCheck = 0710;
				ORGANIZATIONNAME = "Touchopia, LLC";
				TargetAttributes = {
					5EC6AE381C13A40900A62AB6 = {
						CreatedOnToolsVersion = 7.1.1;
					};
				};
			};
			buildConfigurationList = 5EC6AE341C13A40900A62AB6 /* Build configuration list for PBXProject "SimpleTableView" */;
			compatibilityVersion = "Xcode 3.2";
			developmentRegion = English;
			hasScannedForEncodings = 0;
			knownRegions = (
				en,
				Base,
			);
			mainGroup = 5EC6AE301C13A40900A62AB6;
			productRefGroup = 5EC6AE3A1C13A40900A62AB6 /* Products */;
			projectDirPath = "";
			projectRoot = "";
			targets = (
				5EC6AE381C13A40900A62AB6 /* SimpleTableView */,
			);
		};
/* End PBXProject section */

/* Begin PBXResourcesBuildPhase section */
		5EC6AE371C13A40900A62AB6 /* Resources */ = {
			isa = PBXResourcesBuildPhase;
			buildActionMask = 2147483647;
			files = (
				5EC6AE471C13A40900A62AB6 /* LaunchScreen.storyboard in Resources */,
				5EC6AE441C13A40900A62AB6 /* Assets.xcassets in Resources */,
				5EC6AE421C13A40900A62AB6 /* Main.storyboard in Resources */,
			);
			runOnlyForDeploymentPostprocessing = 0;
		};
/* End PBXResourcesBuildPhase section */

/* Begin PBXSourcesBuildPhase section */
		5EC6AE351C13A40900A62AB6 /* Sources */ = {
			isa = PBXSourcesBuildPhase;
			buildActionMask = 2147483647;
			files = (
				5EC6AE3D1C13A40900A62AB6 /* AppDelegate.swift in Sources */,
				5EC6AE511C13A41500A62AB6 /* Movie.swift in Sources */,
				5EC6AE551C13A47E00A62AB6 /* HTTPRequest.swift in Sources */,
				5EC6AE521C13A41500A62AB6 /* MovieCell.swift in Sources */,
				5EC6AE531C13A41500A62AB6 /* MovieService.swift in Sources */,
				5EC6AE571C13A4B900A62AB6 /* MovieViewController.swift in Sources */,
				5E72B8F41C372AA1009C8608 /* DetailViewController.swift in Sources */,
			);
			runOnlyForDeploymentPostprocessing = 0;
		};
/* End PBXSourcesBuildPhase section */

/* Begin PBXVariantGroup section */
		5EC6AE401C13A40900A62AB6 /* Main.storyboard */ = {
			isa = PBXVariantGroup;
			children = (
				5EC6AE411C13A40900A62AB6 /* Base */,
			);
			name = Main.storyboard;
			sourceTree = "<group>";
		};
		5EC6AE451C13A40900A62AB6 /* LaunchScreen.storyboard */ = {
			isa = PBXVariantGroup;
			children = (
				5EC6AE461C13A40900A62AB6 /* Base */,
			);
			name = LaunchScreen.storyboard;
			sourceTree = "<group>";
		};
/* End PBXVariantGroup section */

/* Begin XCBuildConfiguration section */
		5EC6AE491C13A40900A62AB6 /* Debug */ = {
			isa = XCBuildConfiguration;
			buildSettings = {
				ALWAYS_SEARCH_USER_PATHS = NO;
				CLANG_CXX_LANGUAGE_STANDARD = "gnu++0x";
				CLANG_CXX_LIBRARY = "libc++";
				CLANG_ENABLE_MODULES = YES;
				CLANG_ENABLE_OBJC_ARC = YES;
				CLANG_WARN_BOOL_CONVERSION = YES;
				CLANG_WARN_CONSTANT_CONVERSION = YES;
				CLANG_WARN_DIRECT_OBJC_ISA_USAGE = YES_ERROR;
				CLANG_WARN_EMPTY_BODY = YES;
				CLANG_WARN_ENUM_CONVERSION = YES;
				CLANG_WARN_INT_CONVERSION = YES;
				CLANG_WARN_OBJC_ROOT_CLASS = YES_ERROR;
				CLANG_WARN_UNREACHABLE_CODE = YES;
				CLANG_WARN__DUPLICATE_METHOD_MATCH = YES;
				"CODE_SIGN_IDENTITY[sdk=iphoneos*]" = "iPhone Developer";
				COPY_PHASE_STRIP = NO;
				DEBUG_INFORMATION_FORMAT = dwarf;
				ENABLE_STRICT_OBJC_MSGSEND = YES;
				ENABLE_TESTABILITY = YES;
				GCC_C_LANGUAGE_STANDARD = gnu99;
				GCC_DYNAMIC_NO_PIC = NO;
				GCC_NO_COMMON_BLOCKS = YES;
				GCC_OPTIMIZATION_LEVEL = 0;
				GCC_PREPROCESSOR_DEFINITIONS = (
					"DEBUG=1",
					"$(inherited)",
				);
				GCC_WARN_64_TO_32_BIT_CONVERSION = YES;
				GCC_WARN_ABOUT_RETURN_TYPE = YES_ERROR;
				GCC_WARN_UNDECLARED_SELECTOR = YES;
				GCC_WARN_UNINITIALIZED_AUTOS = YES_AGGRESSIVE;
				GCC_WARN_UNUSED_FUNCTION = YES;
				GCC_WARN_UNUSED_VARIABLE = YES;
				IPHONEOS_DEPLOYMENT_TARGET = 9.1;
				MTL_ENABLE_DEBUG_INFO = YES;
				ONLY_ACTIVE_ARCH = YES;
				SDKROOT = iphoneos;
				SWIFT_OPTIMIZATION_LEVEL = "-Onone";
			};
			name = Debug;
		};
		5EC6AE4A1C13A40900A62AB6 /* Release */ = {
			isa = XCBuildConfiguration;
			buildSettings = {
				ALWAYS_SEARCH_USER_PATHS = NO;
				CLANG_CXX_LANGUAGE_STANDARD = "gnu++0x";
				CLANG_CXX_LIBRARY = "libc++";
				CLANG_ENABLE_MODULES = YES;
				CLANG_ENABLE_OBJC_ARC = YES;
				CLANG_WARN_BOOL_CONVERSION = YES;
				CLANG_WARN_CONSTANT_CONVERSION = YES;
				CLANG_WARN_DIRECT_OBJC_ISA_USAGE = YES_ERROR;
				CLANG_WARN_EMPTY_BODY = YES;
				CLANG_WARN_ENUM_CONVERSION = YES;
				CLANG_WARN_INT_CONVERSION = YES;
				CLANG_WARN_OBJC_ROOT_CLASS = YES_ERROR;
				CLANG_WARN_UNREACHABLE_CODE = YES;
				CLANG_WARN__DUPLICATE_METHOD_MATCH = YES;
				"CODE_SIGN_IDENTITY[sdk=iphoneos*]" = "iPhone Developer";
				COPY_PHASE_STRIP = NO;
				DEBUG_INFORMATION_FORMAT = "dwarf-with-dsym";
				ENABLE_NS_ASSERTIONS = NO;
				ENABLE_STRICT_OBJC_MSGSEND = YES;
				GCC_C_LANGUAGE_STANDARD = gnu99;
				GCC_NO_COMMON_BLOCKS = YES;
				GCC_WARN_64_TO_32_BIT_CONVERSION = YES;
				GCC_WARN_ABOUT_RETURN_TYPE = YES_ERROR;
				GCC_WARN_UNDECLARED_SELECTOR = YES;
				GCC_WARN_UNINITIALIZED_AUTOS = YES_AGGRESSIVE;
				GCC_WARN_UNUSED_FUNCTION = YES;
				GCC_WARN_UNUSED_VARIABLE = YES;
				IPHONEOS_DEPLOYMENT_TARGET = 9.1;
				MTL_ENABLE_DEBUG_INFO = NO;
				SDKROOT = iphoneos;
				VALIDATE_PRODUCT = YES;
			};
			name = Release;
		};
		5EC6AE4C1C13A40900A62AB6 /* Debug */ = {
			isa = XCBuildConfiguration;
			buildSettings = {
				ASSETCATALOG_COMPILER_APPICON_NAME = AppIcon;
				INFOPLIST_FILE = SimpleTableView/Info.plist;
				LD_RUNPATH_SEARCH_PATHS = "$(inherited) @executable_path/Frameworks";
				PRODUCT_BUNDLE_IDENTIFIER = com.touchopia.SimpleTableView;
				PRODUCT_NAME = "$(TARGET_NAME)";
			};
			name = Debug;
		};
		5EC6AE4D1C13A40900A62AB6 /* Release */ = {
			isa = XCBuildConfiguration;
			buildSettings = {
				ASSETCATALOG_COMPILER_APPICON_NAME = AppIcon;
				INFOPLIST_FILE = SimpleTableView/Info.plist;
				LD_RUNPATH_SEARCH_PATHS = "$(inherited) @executable_path/Frameworks";
				PRODUCT_BUNDLE_IDENTIFIER = com.touchopia.SimpleTableView;
				PRODUCT_NAME = "$(TARGET_NAME)";
			};
			name = Release;
		};
/* End XCBuildConfiguration section */

/* Begin XCConfigurationList section */
		5EC6AE341C13A40900A62AB6 /* Build configuration list for PBXProject "SimpleTableView" */ = {
			isa = XCConfigurationList;
			buildConfigurations = (
				5EC6AE491C13A40900A62AB6 /* Debug */,
				5EC6AE4A1C13A40900A62AB6 /* Release */,
			);
			defaultConfigurationIsVisible = 0;
			defaultConfigurationName = Release;
		};
		5EC6AE4B1C13A40900A62AB6 /* Build configuration list for PBXNativeTarget "SimpleTableView" */ = {
			isa = XCConfigurationList;
			buildConfigurations = (
				5EC6AE4C1C13A40900A62AB6 /* Debug */,
				5EC6AE4D1C13A40900A62AB6 /* Release */,
			);
			defaultConfigurationIsVisible = 0;
			defaultConfigurationName = Release;
		};
/* End XCConfigurationList section */
	};
	rootObject = 5EC6AE311C13A40900A62AB6 /* Project object */;
}
