// !$*UTF8*$!
{
	archiveVersion = 1;
	classes = {
	};
	objectVersion = 46;
	objects = {

/* Begin PBXBuildFile section */
		DFFD1A8B1BD5369C003A0D83 /* AppDelegate.swift in Sources */ = {isa = PBXBuildFile; fileRef = DFFD1A8A1BD5369C003A0D83 /* AppDelegate.swift */; };
		DFFD1A901BD5369C003A0D83 /* Main.storyboard in Resources */ = {isa = PBXBuildFile; fileRef = DFFD1A8E1BD5369C003A0D83 /* Main.storyboard */; };
		DFFD1A921BD5369C003A0D83 /* Assets.xcassets in Resources */ = {isa = PBXBuildFile; fileRef = DFFD1A911BD5369C003A0D83 /* Assets.xcassets */; };
		DFFD1A951BD5369C003A0D83 /* LaunchScreen.storyboard in Resources */ = {isa = PBXBuildFile; fileRef = DFFD1A931BD5369C003A0D83 /* LaunchScreen.storyboard */; };
		DFFD1A9D1BD54360003A0D83 /* ListTableViewController.swift in Sources */ = {isa = PBXBuildFile; fileRef = DFFD1A9C1BD54360003A0D83 /* ListTableViewController.swift */; settings = {ASSET_TAGS = (); }; };
		DFFD1A9F1BD543EB003A0D83 /* ExampleCell.swift in Sources */ = {isa = PBXBuildFile; fileRef = DFFD1A9E1BD543EB003A0D83 /* ExampleCell.swift */; settings = {ASSET_TAGS = (); }; };
		DFFD1AA11BD546AB003A0D83 /* AnotherCell.swift in Sources */ = {isa = PBXBuildFile; fileRef = DFFD1AA01BD546AB003A0D83 /* AnotherCell.swift */; settings = {ASSET_TAGS = (); }; };
/* End PBXBuildFile section */

/* Begin PBXFileReference section */
		DFFD1A871BD5369C003A0D83 /* CustomCells.app */ = {isa = PBXFileReference; explicitFileType = wrapper.application; includeInIndex = 0; path = CustomCells.app; sourceTree = BUILT_PRODUCTS_DIR; };
		DFFD1A8A1BD5369C003A0D83 /* AppDelegate.swift */ = {isa = PBXFileReference; lastKnownFileType = sourcecode.swift; path = AppDelegate.swift; sourceTree = "<group>"; };
		DFFD1A8F1BD5369C003A0D83 /* Base */ = {isa = PBXFileReference; lastKnownFileType = file.storyboard; name = Base; path = Base.lproj/Main.storyboard; sourceTree = "<group>"; };
		DFFD1A911BD5369C003A0D83 /* Assets.xcassets */ = {isa = PBXFileReference; lastKnownFileType = folder.assetcatalog; path = Assets.xcassets; sourceTree = "<group>"; };
		DFFD1A941BD5369C003A0D83 /* Base */ = {isa = PBXFileReference; lastKnownFileType = file.storyboard; name = Base; path = Base.lproj/LaunchScreen.storyboard; sourceTree = "<group>"; };
		DFFD1A961BD5369C003A0D83 /* Info.plist */ = {isa = PBXFileReference; lastKnownFileType = text.plist.xml; path = Info.plist; sourceTree = "<group>"; };
		DFFD1A9C1BD54360003A0D83 /* ListTableViewController.swift */ = {isa = PBXFileReference; fileEncoding = 4; lastKnownFileType = sourcecode.swift; path = ListTableViewController.swift; sourceTree = "<group>"; };
		DFFD1A9E1BD543EB003A0D83 /* ExampleCell.swift */ = {isa = PBXFileReference; fileEncoding = 4; lastKnownFileType = sourcecode.swift; path = ExampleCell.swift; sourceTree = "<group>"; };
		DFFD1AA01BD546AB003A0D83 /* AnotherCell.swift */ = {isa = PBXFileReference; fileEncoding = 4; lastKnownFileType = sourcecode.swift; path = AnotherCell.swift; sourceTree = "<group>"; };
/* End PBXFileReference section */

/* Begin PBXFrameworksBuildPhase section */
		DFFD1A841BD5369C003A0D83 /* Frameworks */ = {
			isa = PBXFrameworksBuildPhase;
			buildActionMask = 2147483647;
			files = (
			);
			runOnlyForDeploymentPostprocessing = 0;
		};
/* End PBXFrameworksBuildPhase section */

/* Begin PBXGroup section */
		DFFD1A7E1BD5369C003A0D83 = {
			isa = PBXGroup;
			children = (
				DFFD1A891BD5369C003A0D83 /* CustomCells */,
				DFFD1A881BD5369C003A0D83 /* Products */,
			);
			sourceTree = "<group>";
		};
		DFFD1A881BD5369C003A0D83 /* Products */ = {
			isa = PBXGroup;
			children = (
				DFFD1A871BD5369C003A0D83 /* CustomCells.app */,
			);
			name = Products;
			sourceTree = "<group>";
		};
		DFFD1A891BD5369C003A0D83 /* CustomCells */ = {
			isa = PBXGroup;
			children = (
				DFFD1A8A1BD5369C003A0D83 /* AppDelegate.swift */,
				DFFD1A9C1BD54360003A0D83 /* ListTableViewController.swift */,
				DFFD1A9E1BD543EB003A0D83 /* ExampleCell.swift */,
				DFFD1AA01BD546AB003A0D83 /* AnotherCell.swift */,
				DFFD1A8E1BD5369C003A0D83 /* Main.storyboard */,
				DFFD1A911BD5369C003A0D83 /* Assets.xcassets */,
				DFFD1A931BD5369C003A0D83 /* LaunchScreen.storyboard */,
				DFFD1A961BD5369C003A0D83 /* Info.plist */,
			);
			path = CustomCells;
			sourceTree = "<group>";
		};
/* End PBXGroup section */

/* Begin PBXNativeTarget section */
		DFFD1A861BD5369C003A0D83 /* CustomCells */ = {
			isa = PBXNativeTarget;
			buildConfigurationList = DFFD1A991BD5369C003A0D83 /* Build configuration list for PBXNativeTarget "CustomCells" */;
			buildPhases = (
				DFFD1A831BD5369C003A0D83 /* Sources */,
				DFFD1A841BD5369C003A0D83 /* Frameworks */,
				DFFD1A851BD5369C003A0D83 /* Resources */,
			);
			buildRules = (
			);
			dependencies = (
			);
			name = CustomCells;
			productName = CustomCells;
			productReference = DFFD1A871BD5369C003A0D83 /* CustomCells.app */;
			productType = "com.apple.product-type.application";
		};
/* End PBXNativeTarget section */

/* Begin PBXProject section */
		DFFD1A7F1BD5369C003A0D83 /* Project object */ = {
			isa = PBXProject;
			attributes = {
				LastUpgradeCheck = 0700;
				ORGANIZATIONNAME = "The Iron Yard";
				TargetAttributes = {
					DFFD1A861BD5369C003A0D83 = {
						CreatedOnToolsVersion = 7.0.1;
					};
				};
			};
			buildConfigurationList = DFFD1A821BD5369C003A0D83 /* Build configuration list for PBXProject "CustomCells" */;
			compatibilityVersion = "Xcode 3.2";
			developmentRegion = English;
			hasScannedForEncodings = 0;
			knownRegions = (
				en,
				Base,
			);
			mainGroup = DFFD1A7E1BD5369C003A0D83;
			productRefGroup = DFFD1A881BD5369C003A0D83 /* Products */;
			projectDirPath = "";
			projectRoot = "";
			targets = (
				DFFD1A861BD5369C003A0D83 /* CustomCells */,
			);
		};
/* End PBXProject section */

/* Begin PBXResourcesBuildPhase section */
		DFFD1A851BD5369C003A0D83 /* Resources */ = {
			isa = PBXResourcesBuildPhase;
			buildActionMask = 2147483647;
			files = (
				DFFD1A951BD5369C003A0D83 /* LaunchScreen.storyboard in Resources */,
				DFFD1A921BD5369C003A0D83 /* Assets.xcassets in Resources */,
				DFFD1A901BD5369C003A0D83 /* Main.storyboard in Resources */,
			);
			runOnlyForDeploymentPostprocessing = 0;
		};
/* End PBXResourcesBuildPhase section */

/* Begin PBXSourcesBuildPhase section */
		DFFD1A831BD5369C003A0D83 /* Sources */ = {
			isa = PBXSourcesBuildPhase;
			buildActionMask = 2147483647;
			files = (
				DFFD1A9F1BD543EB003A0D83 /* ExampleCell.swift in Sources */,
				DFFD1AA11BD546AB003A0D83 /* AnotherCell.swift in Sources */,
				DFFD1A8B1BD5369C003A0D83 /* AppDelegate.swift in Sources */,
				DFFD1A9D1BD54360003A0D83 /* ListTableViewController.swift in Sources */,
			);
			runOnlyForDeploymentPostprocessing = 0;
		};
/* End PBXSourcesBuildPhase section */

/* Begin PBXVariantGroup section */
		DFFD1A8E1BD5369C003A0D83 /* Main.storyboard */ = {
			isa = PBXVariantGroup;
			children = (
				DFFD1A8F1BD5369C003A0D83 /* Base */,
			);
			name = Main.storyboard;
			sourceTree = "<group>";
		};
		DFFD1A931BD5369C003A0D83 /* LaunchScreen.storyboard */ = {
			isa = PBXVariantGroup;
			children = (
				DFFD1A941BD5369C003A0D83 /* Base */,
			);
			name = LaunchScreen.storyboard;
			sourceTree = "<group>";
		};
/* End PBXVariantGroup section */

/* Begin XCBuildConfiguration section */
		DFFD1A971BD5369C003A0D83 /* Debug */ = {
			isa = XCBuildConfiguration;
			buildSettings = {
				ALWAYS_SEARCH_USER_PATHS = NO;
				CLANG_CXX_LANGUAGE_STANDARD = "gnu++0x";
				CLANG_CXX_LIBRARY = "libc++";
				CLANG_ENABLE_MODULES = YES;
				CLANG_ENABLE_OBJC_ARC = YES;
				CLANG_WARN_BOOL_CONVERSION = YES;
				CLANG_WARN_CONSTANT_CONVERSION = YES;
				CLANG_WARN_DIRECT_OBJC_ISA_USAGE = YES_ERROR;
				CLANG_WARN_EMPTY_BODY = YES;
				CLANG_WARN_ENUM_CONVERSION = YES;
				CLANG_WARN_INT_CONVERSION = YES;
				CLANG_WARN_OBJC_ROOT_CLASS = YES_ERROR;
				CLANG_WARN_UNREACHABLE_CODE = YES;
				CLANG_WARN__DUPLICATE_METHOD_MATCH = YES;
				"CODE_SIGN_IDENTITY[sdk=iphoneos*]" = "iPhone Developer";
				COPY_PHASE_STRIP = NO;
				DEBUG_INFORMATION_FORMAT = dwarf;
				ENABLE_STRICT_OBJC_MSGSEND = YES;
				ENABLE_TESTABILITY = YES;
				GCC_C_LANGUAGE_STANDARD = gnu99;
				GCC_DYNAMIC_NO_PIC = NO;
				GCC_NO_COMMON_BLOCKS = YES;
				GCC_OPTIMIZATION_LEVEL = 0;
				GCC_PREPROCESSOR_DEFINITIONS = (
					"DEBUG=1",
					"$(inherited)",
				);
				GCC_WARN_64_TO_32_BIT_CONVERSION = YES;
				GCC_WARN_ABOUT_RETURN_TYPE = YES_ERROR;
				GCC_WARN_UNDECLARED_SELECTOR = YES;
				GCC_WARN_UNINITIALIZED_AUTOS = YES_AGGRESSIVE;
				GCC_WARN_UNUSED_FUNCTION = YES;
				GCC_WARN_UNUSED_VARIABLE = YES;
				IPHONEOS_DEPLOYMENT_TARGET = 9.0;
				MTL_ENABLE_DEBUG_INFO = YES;
				ONLY_ACTIVE_ARCH = YES;
				SDKROOT = iphoneos;
				SWIFT_OPTIMIZATION_LEVEL = "-Onone";
			};
			name = Debug;
		};
		DFFD1A981BD5369C003A0D83 /* Release */ = {
			isa = XCBuildConfiguration;
			buildSettings = {
				ALWAYS_SEARCH_USER_PATHS = NO;
				CLANG_CXX_LANGUAGE_STANDARD = "gnu++0x";
				CLANG_CXX_LIBRARY = "libc++";
				CLANG_ENABLE_MODULES = YES;
				CLANG_ENABLE_OBJC_ARC = YES;
				CLANG_WARN_BOOL_CONVERSION = YES;
				CLANG_WARN_CONSTANT_CONVERSION = YES;
				CLANG_WARN_DIRECT_OBJC_ISA_USAGE = YES_ERROR;
				CLANG_WARN_EMPTY_BODY = YES;
				CLANG_WARN_ENUM_CONVERSION = YES;
				CLANG_WARN_INT_CONVERSION = YES;
				CLANG_WARN_OBJC_ROOT_CLASS = YES_ERROR;
				CLANG_WARN_UNREACHABLE_CODE = YES;
				CLANG_WARN__DUPLICATE_METHOD_MATCH = YES;
				"CODE_SIGN_IDENTITY[sdk=iphoneos*]" = "iPhone Developer";
				COPY_PHASE_STRIP = NO;
				DEBUG_INFORMATION_FORMAT = "dwarf-with-dsym";
				ENABLE_NS_ASSERTIONS = NO;
				ENABLE_STRICT_OBJC_MSGSEND = YES;
				GCC_C_LANGUAGE_STANDARD = gnu99;
				GCC_NO_COMMON_BLOCKS = YES;
				GCC_WARN_64_TO_32_BIT_CONVERSION = YES;
				GCC_WARN_ABOUT_RETURN_TYPE = YES_ERROR;
				GCC_WARN_UNDECLARED_SELECTOR = YES;
				GCC_WARN_UNINITIALIZED_AUTOS = YES_AGGRESSIVE;
				GCC_WARN_UNUSED_FUNCTION = YES;
				GCC_WARN_UNUSED_VARIABLE = YES;
				IPHONEOS_DEPLOYMENT_TARGET = 9.0;
				MTL_ENABLE_DEBUG_INFO = NO;
				SDKROOT = iphoneos;
				VALIDATE_PRODUCT = YES;
			};
			name = Release;
		};
		DFFD1A9A1BD5369C003A0D83 /* Debug */ = {
			isa = XCBuildConfiguration;
			buildSettings = {
				ASSETCATALOG_COMPILER_APPICON_NAME = AppIcon;
				INFOPLIST_FILE = CustomCells/Info.plist;
				LD_RUNPATH_SEARCH_PATHS = "$(inherited) @executable_path/Frameworks";
				PRODUCT_BUNDLE_IDENTIFIER = com.tiy.CustomCells;
				PRODUCT_NAME = "$(TARGET_NAME)";
			};
			name = Debug;
		};
		DFFD1A9B1BD5369C003A0D83 /* Release */ = {
			isa = XCBuildConfiguration;
			buildSettings = {
				ASSETCATALOG_COMPILER_APPICON_NAME = AppIcon;
				INFOPLIST_FILE = CustomCells/Info.plist;
				LD_RUNPATH_SEARCH_PATHS = "$(inherited) @executable_path/Frameworks";
				PRODUCT_BUNDLE_IDENTIFIER = com.tiy.CustomCells;
				PRODUCT_NAME = "$(TARGET_NAME)";
			};
			name = Release;
		};
/* End XCBuildConfiguration section */

/* Begin XCConfigurationList section */
		DFFD1A821BD5369C003A0D83 /* Build configuration list for PBXProject "CustomCells" */ = {
			isa = XCConfigurationList;
			buildConfigurations = (
				DFFD1A971BD5369C003A0D83 /* Debug */,
				DFFD1A981BD5369C003A0D83 /* Release */,
			);
			defaultConfigurationIsVisible = 0;
			defaultConfigurationName = Release;
		};
		DFFD1A991BD5369C003A0D83 /* Build configuration list for PBXNativeTarget "CustomCells" */ = {
			isa = XCConfigurationList;
			buildConfigurations = (
				DFFD1A9A1BD5369C003A0D83 /* Debug */,
				DFFD1A9B1BD5369C003A0D83 /* Release */,
			);
			defaultConfigurationIsVisible = 0;
		};
/* End XCConfigurationList section */
	};
	rootObject = DFFD1A7F1BD5369C003A0D83 /* Project object */;
}
