// !$*UTF8*$!
{
	archiveVersion = 1;
	classes = {
	};
	objectVersion = 46;
	objects = {

/* Begin PBXBuildFile section */
		5ED010071C1521A8003DC25F /* AppDelegate.swift in Sources */ = {isa = PBXBuildFile; fileRef = 5ED010061C1521A8003DC25F /* AppDelegate.swift */; };
		5ED010091C1521A8003DC25F /* ViewController.swift in Sources */ = {isa = PBXBuildFile; fileRef = 5ED010081C1521A8003DC25F /* ViewController.swift */; };
		5ED0100C1C1521A8003DC25F /* Main.storyboard in Resources */ = {isa = PBXBuildFile; fileRef = 5ED0100A1C1521A8003DC25F /* Main.storyboard */; };
		5ED0100E1C1521A8003DC25F /* Assets.xcassets in Resources */ = {isa = PBXBuildFile; fileRef = 5ED0100D1C1521A8003DC25F /* Assets.xcassets */; };
		5ED010111C1521A8003DC25F /* LaunchScreen.storyboard in Resources */ = {isa = PBXBuildFile; fileRef = 5ED0100F1C1521A8003DC25F /* LaunchScreen.storyboard */; };
/* End PBXBuildFile section */

/* Begin PBXFileReference section */
		5ED010031C1521A8003DC25F /* SimpleDatePicker.app */ = {isa = PBXFileReference; explicitFileType = wrapper.application; includeInIndex = 0; path = SimpleDatePicker.app; sourceTree = BUILT_PRODUCTS_DIR; };
		5ED010061C1521A8003DC25F /* AppDelegate.swift */ = {isa = PBXFileReference; lastKnownFileType = sourcecode.swift; path = AppDelegate.swift; sourceTree = "<group>"; };
		5ED010081C1521A8003DC25F /* ViewController.swift */ = {isa = PBXFileReference; lastKnownFileType = sourcecode.swift; path = ViewController.swift; sourceTree = "<group>"; };
		5ED0100B1C1521A8003DC25F /* Base */ = {isa = PBXFileReference; lastKnownFileType = file.storyboard; name = Base; path = Base.lproj/Main.storyboard; sourceTree = "<group>"; };
		5ED0100D1C1521A8003DC25F /* Assets.xcassets */ = {isa = PBXFileReference; lastKnownFileType = folder.assetcatalog; path = Assets.xcassets; sourceTree = "<group>"; };
		5ED010101C1521A8003DC25F /* Base */ = {isa = PBXFileReference; lastKnownFileType = file.storyboard; name = Base; path = Base.lproj/LaunchScreen.storyboard; sourceTree = "<group>"; };
		5ED010121C1521A8003DC25F /* Info.plist */ = {isa = PBXFileReference; lastKnownFileType = text.plist.xml; path = Info.plist; sourceTree = "<group>"; };
/* End PBXFileReference section */

/* Begin PBXFrameworksBuildPhase section */
		5ED010001C1521A8003DC25F /* Frameworks */ = {
			isa = PBXFrameworksBuildPhase;
			buildActionMask = 2147483647;
			files = (
			);
			runOnlyForDeploymentPostprocessing = 0;
		};
/* End PBXFrameworksBuildPhase section */

/* Begin PBXGroup section */
		5ED00FFA1C1521A8003DC25F = {
			isa = PBXGroup;
			children = (
				5ED010051C1521A8003DC25F /* SimpleDatePicker */,
				5ED010041C1521A8003DC25F /* Products */,
			);
			sourceTree = "<group>";
		};
		5ED010041C1521A8003DC25F /* Products */ = {
			isa = PBXGroup;
			children = (
				5ED010031C1521A8003DC25F /* SimpleDatePicker.app */,
			);
			name = Products;
			sourceTree = "<group>";
		};
		5ED010051C1521A8003DC25F /* SimpleDatePicker */ = {
			isa = PBXGroup;
			children = (
				5ED010061C1521A8003DC25F /* AppDelegate.swift */,
				5ED010081C1521A8003DC25F /* ViewController.swift */,
				5ED0100A1C1521A8003DC25F /* Main.storyboard */,
				5ED0100D1C1521A8003DC25F /* Assets.xcassets */,
				5ED0100F1C1521A8003DC25F /* LaunchScreen.storyboard */,
				5ED010121C1521A8003DC25F /* Info.plist */,
			);
			path = SimpleDatePicker;
			sourceTree = "<group>";
		};
/* End PBXGroup section */

/* Begin PBXNativeTarget section */
		5ED010021C1521A8003DC25F /* SimpleDatePicker */ = {
			isa = PBXNativeTarget;
			buildConfigurationList = 5ED010151C1521A8003DC25F /* Build configuration list for PBXNativeTarget "SimpleDatePicker" */;
			buildPhases = (
				5ED00FFF1C1521A8003DC25F /* Sources */,
				5ED010001C1521A8003DC25F /* Frameworks */,
				5ED010011C1521A8003DC25F /* Resources */,
			);
			buildRules = (
			);
			dependencies = (
			);
			name = SimpleDatePicker;
			productName = SimpleDatePicker;
			productReference = 5ED010031C1521A8003DC25F /* SimpleDatePicker.app */;
			productType = "com.apple.product-type.application";
		};
/* End PBXNativeTarget section */

/* Begin PBXProject section */
		5ED00FFB1C1521A8003DC25F /* Project object */ = {
			isa = PBXProject;
			attributes = {
				LastSwiftUpdateCheck = 0710;
				LastUpgradeCheck = 0710;
				ORGANIZATIONNAME = "Touchopia, LLC";
				TargetAttributes = {
					5ED010021C1521A8003DC25F = {
						CreatedOnToolsVersion = 7.1.1;
					};
				};
			};
			buildConfigurationList = 5ED00FFE1C1521A8003DC25F /* Build configuration list for PBXProject "SimpleDatePicker" */;
			compatibilityVersion = "Xcode 3.2";
			developmentRegion = English;
			hasScannedForEncodings = 0;
			knownRegions = (
				en,
				Base,
			);
			mainGroup = 5ED00FFA1C1521A8003DC25F;
			productRefGroup = 5ED010041C1521A8003DC25F /* Products */;
			projectDirPath = "";
			projectRoot = "";
			targets = (
				5ED010021C1521A8003DC25F /* SimpleDatePicker */,
			);
		};
/* End PBXProject section */

/* Begin PBXResourcesBuildPhase section */
		5ED010011C1521A8003DC25F /* Resources */ = {
			isa = PBXResourcesBuildPhase;
			buildActionMask = 2147483647;
			files = (
				5ED010111C1521A8003DC25F /* LaunchScreen.storyboard in Resources */,
				5ED0100E1C1521A8003DC25F /* Assets.xcassets in Resources */,
				5ED0100C1C1521A8003DC25F /* Main.storyboard in Resources */,
			);
			runOnlyForDeploymentPostprocessing = 0;
		};
/* End PBXResourcesBuildPhase section */

/* Begin PBXSourcesBuildPhase section */
		5ED00FFF1C1521A8003DC25F /* Sources */ = {
			isa = PBXSourcesBuildPhase;
			buildActionMask = 2147483647;
			files = (
				5ED010091C1521A8003DC25F /* ViewController.swift in Sources */,
				5ED010071C1521A8003DC25F /* AppDelegate.swift in Sources */,
			);
			runOnlyForDeploymentPostprocessing = 0;
		};
/* End PBXSourcesBuildPhase section */

/* Begin PBXVariantGroup section */
		5ED0100A1C1521A8003DC25F /* Main.storyboard */ = {
			isa = PBXVariantGroup;
			children = (
				5ED0100B1C1521A8003DC25F /* Base */,
			);
			name = Main.storyboard;
			sourceTree = "<group>";
		};
		5ED0100F1C1521A8003DC25F /* LaunchScreen.storyboard */ = {
			isa = PBXVariantGroup;
			children = (
				5ED010101C1521A8003DC25F /* Base */,
			);
			name = LaunchScreen.storyboard;
			sourceTree = "<group>";
		};
/* End PBXVariantGroup section */

/* Begin XCBuildConfiguration section */
		5ED010131C1521A8003DC25F /* Debug */ = {
			isa = XCBuildConfiguration;
			buildSettings = {
				ALWAYS_SEARCH_USER_PATHS = NO;
				CLANG_CXX_LANGUAGE_STANDARD = "gnu++0x";
				CLANG_CXX_LIBRARY = "libc++";
				CLANG_ENABLE_MODULES = YES;
				CLANG_ENABLE_OBJC_ARC = YES;
				CLANG_WARN_BOOL_CONVERSION = YES;
				CLANG_WARN_CONSTANT_CONVERSION = YES;
				CLANG_WARN_DIRECT_OBJC_ISA_USAGE = YES_ERROR;
				CLANG_WARN_EMPTY_BODY = YES;
				CLANG_WARN_ENUM_CONVERSION = YES;
				CLANG_WARN_INT_CONVERSION = YES;
				CLANG_WARN_OBJC_ROOT_CLASS = YES_ERROR;
				CLANG_WARN_UNREACHABLE_CODE = YES;
				CLANG_WARN__DUPLICATE_METHOD_MATCH = YES;
				"CODE_SIGN_IDENTITY[sdk=iphoneos*]" = "iPhone Developer";
				COPY_PHASE_STRIP = NO;
				DEBUG_INFORMATION_FORMAT = dwarf;
				ENABLE_STRICT_OBJC_MSGSEND = YES;
				ENABLE_TESTABILITY = YES;
				GCC_C_LANGUAGE_STANDARD = gnu99;
				GCC_DYNAMIC_NO_PIC = NO;
				GCC_NO_COMMON_BLOCKS = YES;
				GCC_OPTIMIZATION_LEVEL = 0;
				GCC_PREPROCESSOR_DEFINITIONS = (
					"DEBUG=1",
					"$(inherited)",
				);
				GCC_WARN_64_TO_32_BIT_CONVERSION = YES;
				GCC_WARN_ABOUT_RETURN_TYPE = YES_ERROR;
				GCC_WARN_UNDECLARED_SELECTOR = YES;
				GCC_WARN_UNINITIALIZED_AUTOS = YES_AGGRESSIVE;
				GCC_WARN_UNUSED_FUNCTION = YES;
				GCC_WARN_UNUSED_VARIABLE = YES;
				IPHONEOS_DEPLOYMENT_TARGET = 9.1;
				MTL_ENABLE_DEBUG_INFO = YES;
				ONLY_ACTIVE_ARCH = YES;
				SDKROOT = iphoneos;
				SWIFT_OPTIMIZATION_LEVEL = "-Onone";
			};
			name = Debug;
		};
		5ED010141C1521A8003DC25F /* Release */ = {
			isa = XCBuildConfiguration;
			buildSettings = {
				ALWAYS_SEARCH_USER_PATHS = NO;
				CLANG_CXX_LANGUAGE_STANDARD = "gnu++0x";
				CLANG_CXX_LIBRARY = "libc++";
				CLANG_ENABLE_MODULES = YES;
				CLANG_ENABLE_OBJC_ARC = YES;
				CLANG_WARN_BOOL_CONVERSION = YES;
				CLANG_WARN_CONSTANT_CONVERSION = YES;
				CLANG_WARN_DIRECT_OBJC_ISA_USAGE = YES_ERROR;
				CLANG_WARN_EMPTY_BODY = YES;
				CLANG_WARN_ENUM_CONVERSION = YES;
				CLANG_WARN_INT_CONVERSION = YES;
				CLANG_WARN_OBJC_ROOT_CLASS = YES_ERROR;
				CLANG_WARN_UNREACHABLE_CODE = YES;
				CLANG_WARN__DUPLICATE_METHOD_MATCH = YES;
				"CODE_SIGN_IDENTITY[sdk=iphoneos*]" = "iPhone Developer";
				COPY_PHASE_STRIP = NO;
				DEBUG_INFORMATION_FORMAT = "dwarf-with-dsym";
				ENABLE_NS_ASSERTIONS = NO;
				ENABLE_STRICT_OBJC_MSGSEND = YES;
				GCC_C_LANGUAGE_STANDARD = gnu99;
				GCC_NO_COMMON_BLOCKS = YES;
				GCC_WARN_64_TO_32_BIT_CONVERSION = YES;
				GCC_WARN_ABOUT_RETURN_TYPE = YES_ERROR;
				GCC_WARN_UNDECLARED_SELECTOR = YES;
				GCC_WARN_UNINITIALIZED_AUTOS = YES_AGGRESSIVE;
				GCC_WARN_UNUSED_FUNCTION = YES;
				GCC_WARN_UNUSED_VARIABLE = YES;
				IPHONEOS_DEPLOYMENT_TARGET = 9.1;
				MTL_ENABLE_DEBUG_INFO = NO;
				SDKROOT = iphoneos;
				VALIDATE_PRODUCT = YES;
			};
			name = Release;
		};
		5ED010161C1521A8003DC25F /* Debug */ = {
			isa = XCBuildConfiguration;
			buildSettings = {
				ASSETCATALOG_COMPILER_APPICON_NAME = AppIcon;
				INFOPLIST_FILE = SimpleDatePicker/Info.plist;
				LD_RUNPATH_SEARCH_PATHS = "$(inherited) @executable_path/Frameworks";
				PRODUCT_BUNDLE_IDENTIFIER = com.touchopia.SimpleDatePicker;
				PRODUCT_NAME = "$(TARGET_NAME)";
			};
			name = Debug;
		};
		5ED010171C1521A8003DC25F /* Release */ = {
			isa = XCBuildConfiguration;
			buildSettings = {
				ASSETCATALOG_COMPILER_APPICON_NAME = AppIcon;
				INFOPLIST_FILE = SimpleDatePicker/Info.plist;
				LD_RUNPATH_SEARCH_PATHS = "$(inherited) @executable_path/Frameworks";
				PRODUCT_BUNDLE_IDENTIFIER = com.touchopia.SimpleDatePicker;
				PRODUCT_NAME = "$(TARGET_NAME)";
			};
			name = Release;
		};
/* End XCBuildConfiguration section */

/* Begin XCConfigurationList section */
		5ED00FFE1C1521A8003DC25F /* Build configuration list for PBXProject "SimpleDatePicker" */ = {
			isa = XCConfigurationList;
			buildConfigurations = (
				5ED010131C1521A8003DC25F /* Debug */,
				5ED010141C1521A8003DC25F /* Release */,
			);
			defaultConfigurationIsVisible = 0;
			defaultConfigurationName = Release;
		};
		5ED010151C1521A8003DC25F /* Build configuration list for PBXNativeTarget "SimpleDatePicker" */ = {
			isa = XCConfigurationList;
			buildConfigurations = (
				5ED010161C1521A8003DC25F /* Debug */,
				5ED010171C1521A8003DC25F /* Release */,
			);
			defaultConfigurationIsVisible = 0;
		};
/* End XCConfigurationList section */
	};
	rootObject = 5ED00FFB1C1521A8003DC25F /* Project object */;
}
