// !$*UTF8*$!
{
	archiveVersion = 1;
	classes = {
	};
	objectVersion = 46;
	objects = {

/* Begin PBXBuildFile section */
		5E118E9D1C9F2AB30029051D /* AppDelegate.swift in Sources */ = {isa = PBXBuildFile; fileRef = 5E118E9C1C9F2AB30029051D /* AppDelegate.swift */; };
		5E118E9F1C9F2AB30029051D /* ViewController.swift in Sources */ = {isa = PBXBuildFile; fileRef = 5E118E9E1C9F2AB30029051D /* ViewController.swift */; };
		5E118EA21C9F2AB30029051D /* Main.storyboard in Resources */ = {isa = PBXBuildFile; fileRef = 5E118EA01C9F2AB30029051D /* Main.storyboard */; };
		5E118EA41C9F2AB30029051D /* Assets.xcassets in Resources */ = {isa = PBXBuildFile; fileRef = 5E118EA31C9F2AB30029051D /* Assets.xcassets */; };
		5E118EA71C9F2AB30029051D /* LaunchScreen.storyboard in Resources */ = {isa = PBXBuildFile; fileRef = 5E118EA51C9F2AB30029051D /* LaunchScreen.storyboard */; };
/* End PBXBuildFile section */

/* Begin PBXFileReference section */
		5E118E991C9F2AB30029051D /* SimpleAppTransport.app */ = {isa = PBXFileReference; explicitFileType = wrapper.application; includeInIndex = 0; path = SimpleAppTransport.app; sourceTree = BUILT_PRODUCTS_DIR; };
		5E118E9C1C9F2AB30029051D /* AppDelegate.swift */ = {isa = PBXFileReference; lastKnownFileType = sourcecode.swift; path = AppDelegate.swift; sourceTree = "<group>"; };
		5E118E9E1C9F2AB30029051D /* ViewController.swift */ = {isa = PBXFileReference; lastKnownFileType = sourcecode.swift; path = ViewController.swift; sourceTree = "<group>"; };
		5E118EA11C9F2AB30029051D /* Base */ = {isa = PBXFileReference; lastKnownFileType = file.storyboard; name = Base; path = Base.lproj/Main.storyboard; sourceTree = "<group>"; };
		5E118EA31C9F2AB30029051D /* Assets.xcassets */ = {isa = PBXFileReference; lastKnownFileType = folder.assetcatalog; path = Assets.xcassets; sourceTree = "<group>"; };
		5E118EA61C9F2AB30029051D /* Base */ = {isa = PBXFileReference; lastKnownFileType = file.storyboard; name = Base; path = Base.lproj/LaunchScreen.storyboard; sourceTree = "<group>"; };
		5E118EA81C9F2AB30029051D /* Info.plist */ = {isa = PBXFileReference; lastKnownFileType = text.plist.xml; path = Info.plist; sourceTree = "<group>"; };
/* End PBXFileReference section */

/* Begin PBXFrameworksBuildPhase section */
		5E118E961C9F2AB30029051D /* Frameworks */ = {
			isa = PBXFrameworksBuildPhase;
			buildActionMask = 2147483647;
			files = (
			);
			runOnlyForDeploymentPostprocessing = 0;
		};
/* End PBXFrameworksBuildPhase section */

/* Begin PBXGroup section */
		5E118E901C9F2AB30029051D = {
			isa = PBXGroup;
			children = (
				5E118E9B1C9F2AB30029051D /* SimpleAppTransport */,
				5E118E9A1C9F2AB30029051D /* Products */,
			);
			sourceTree = "<group>";
		};
		5E118E9A1C9F2AB30029051D /* Products */ = {
			isa = PBXGroup;
			children = (
				5E118E991C9F2AB30029051D /* SimpleAppTransport.app */,
			);
			name = Products;
			sourceTree = "<group>";
		};
		5E118E9B1C9F2AB30029051D /* SimpleAppTransport */ = {
			isa = PBXGroup;
			children = (
				5E118E9C1C9F2AB30029051D /* AppDelegate.swift */,
				5E118E9E1C9F2AB30029051D /* ViewController.swift */,
				5E118EA01C9F2AB30029051D /* Main.storyboard */,
				5E118EA31C9F2AB30029051D /* Assets.xcassets */,
				5E118EA51C9F2AB30029051D /* LaunchScreen.storyboard */,
				5E118EA81C9F2AB30029051D /* Info.plist */,
			);
			path = SimpleAppTransport;
			sourceTree = "<group>";
		};
/* End PBXGroup section */

/* Begin PBXNativeTarget section */
		5E118E981C9F2AB30029051D /* SimpleAppTransport */ = {
			isa = PBXNativeTarget;
			buildConfigurationList = 5E118EAB1C9F2AB30029051D /* Build configuration list for PBXNativeTarget "SimpleAppTransport" */;
			buildPhases = (
				5E118E951C9F2AB30029051D /* Sources */,
				5E118E961C9F2AB30029051D /* Frameworks */,
				5E118E971C9F2AB30029051D /* Resources */,
			);
			buildRules = (
			);
			dependencies = (
			);
			name = SimpleAppTransport;
			productName = SimpleAppTransport;
			productReference = 5E118E991C9F2AB30029051D /* SimpleAppTransport.app */;
			productType = "com.apple.product-type.application";
		};
/* End PBXNativeTarget section */

/* Begin PBXProject section */
		5E118E911C9F2AB30029051D /* Project object */ = {
			isa = PBXProject;
			attributes = {
				LastSwiftUpdateCheck = 0720;
				LastUpgradeCheck = 0720;
				ORGANIZATIONNAME = "Touchopia, LLC";
				TargetAttributes = {
					5E118E981C9F2AB30029051D = {
						CreatedOnToolsVersion = 7.2.1;
					};
				};
			};
			buildConfigurationList = 5E118E941C9F2AB30029051D /* Build configuration list for PBXProject "SimpleAppTransport" */;
			compatibilityVersion = "Xcode 3.2";
			developmentRegion = English;
			hasScannedForEncodings = 0;
			knownRegions = (
				en,
				Base,
			);
			mainGroup = 5E118E901C9F2AB30029051D;
			productRefGroup = 5E118E9A1C9F2AB30029051D /* Products */;
			projectDirPath = "";
			projectRoot = "";
			targets = (
				5E118E981C9F2AB30029051D /* SimpleAppTransport */,
			);
		};
/* End PBXProject section */

/* Begin PBXResourcesBuildPhase section */
		5E118E971C9F2AB30029051D /* Resources */ = {
			isa = PBXResourcesBuildPhase;
			buildActionMask = 2147483647;
			files = (
				5E118EA71C9F2AB30029051D /* LaunchScreen.storyboard in Resources */,
				5E118EA41C9F2AB30029051D /* Assets.xcassets in Resources */,
				5E118EA21C9F2AB30029051D /* Main.storyboard in Resources */,
			);
			runOnlyForDeploymentPostprocessing = 0;
		};
/* End PBXResourcesBuildPhase section */

/* Begin PBXSourcesBuildPhase section */
		5E118E951C9F2AB30029051D /* Sources */ = {
			isa = PBXSourcesBuildPhase;
			buildActionMask = 2147483647;
			files = (
				5E118E9F1C9F2AB30029051D /* ViewController.swift in Sources */,
				5E118E9D1C9F2AB30029051D /* AppDelegate.swift in Sources */,
			);
			runOnlyForDeploymentPostprocessing = 0;
		};
/* End PBXSourcesBuildPhase section */

/* Begin PBXVariantGroup section */
		5E118EA01C9F2AB30029051D /* Main.storyboard */ = {
			isa = PBXVariantGroup;
			children = (
				5E118EA11C9F2AB30029051D /* Base */,
			);
			name = Main.storyboard;
			sourceTree = "<group>";
		};
		5E118EA51C9F2AB30029051D /* LaunchScreen.storyboard */ = {
			isa = PBXVariantGroup;
			children = (
				5E118EA61C9F2AB30029051D /* Base */,
			);
			name = LaunchScreen.storyboard;
			sourceTree = "<group>";
		};
/* End PBXVariantGroup section */

/* Begin XCBuildConfiguration section */
		5E118EA91C9F2AB30029051D /* Debug */ = {
			isa = XCBuildConfiguration;
			buildSettings = {
				ALWAYS_SEARCH_USER_PATHS = NO;
				CLANG_CXX_LANGUAGE_STANDARD = "gnu++0x";
				CLANG_CXX_LIBRARY = "libc++";
				CLANG_ENABLE_MODULES = YES;
				CLANG_ENABLE_OBJC_ARC = YES;
				CLANG_WARN_BOOL_CONVERSION = YES;
				CLANG_WARN_CONSTANT_CONVERSION = YES;
				CLANG_WARN_DIRECT_OBJC_ISA_USAGE = YES_ERROR;
				CLANG_WARN_EMPTY_BODY = YES;
				CLANG_WARN_ENUM_CONVERSION = YES;
				CLANG_WARN_INT_CONVERSION = YES;
				CLANG_WARN_OBJC_ROOT_CLASS = YES_ERROR;
				CLANG_WARN_UNREACHABLE_CODE = YES;
				CLANG_WARN__DUPLICATE_METHOD_MATCH = YES;
				"CODE_SIGN_IDENTITY[sdk=iphoneos*]" = "iPhone Developer";
				COPY_PHASE_STRIP = NO;
				DEBUG_INFORMATION_FORMAT = dwarf;
				ENABLE_STRICT_OBJC_MSGSEND = YES;
				ENABLE_TESTABILITY = YES;
				GCC_C_LANGUAGE_STANDARD = gnu99;
				GCC_DYNAMIC_NO_PIC = NO;
				GCC_NO_COMMON_BLOCKS = YES;
				GCC_OPTIMIZATION_LEVEL = 0;
				GCC_PREPROCESSOR_DEFINITIONS = (
					"DEBUG=1",
					"$(inherited)",
				);
				GCC_WARN_64_TO_32_BIT_CONVERSION = YES;
				GCC_WARN_ABOUT_RETURN_TYPE = YES_ERROR;
				GCC_WARN_UNDECLARED_SELECTOR = YES;
				GCC_WARN_UNINITIALIZED_AUTOS = YES_AGGRESSIVE;
				GCC_WARN_UNUSED_FUNCTION = YES;
				GCC_WARN_UNUSED_VARIABLE = YES;
				IPHONEOS_DEPLOYMENT_TARGET = 9.2;
				MTL_ENABLE_DEBUG_INFO = YES;
				ONLY_ACTIVE_ARCH = YES;
				SDKROOT = iphoneos;
				SWIFT_OPTIMIZATION_LEVEL = "-Onone";
			};
			name = Debug;
		};
		5E118EAA1C9F2AB30029051D /* Release */ = {
			isa = XCBuildConfiguration;
			buildSettings = {
				ALWAYS_SEARCH_USER_PATHS = NO;
				CLANG_CXX_LANGUAGE_STANDARD = "gnu++0x";
				CLANG_CXX_LIBRARY = "libc++";
				CLANG_ENABLE_MODULES = YES;
				CLANG_ENABLE_OBJC_ARC = YES;
				CLANG_WARN_BOOL_CONVERSION = YES;
				CLANG_WARN_CONSTANT_CONVERSION = YES;
				CLANG_WARN_DIRECT_OBJC_ISA_USAGE = YES_ERROR;
				CLANG_WARN_EMPTY_BODY = YES;
				CLANG_WARN_ENUM_CONVERSION = YES;
				CLANG_WARN_INT_CONVERSION = YES;
				CLANG_WARN_OBJC_ROOT_CLASS = YES_ERROR;
				CLANG_WARN_UNREACHABLE_CODE = YES;
				CLANG_WARN__DUPLICATE_METHOD_MATCH = YES;
				"CODE_SIGN_IDENTITY[sdk=iphoneos*]" = "iPhone Developer";
				COPY_PHASE_STRIP = NO;
				DEBUG_INFORMATION_FORMAT = "dwarf-with-dsym";
				ENABLE_NS_ASSERTIONS = NO;
				ENABLE_STRICT_OBJC_MSGSEND = YES;
				GCC_C_LANGUAGE_STANDARD = gnu99;
				GCC_NO_COMMON_BLOCKS = YES;
				GCC_WARN_64_TO_32_BIT_CONVERSION = YES;
				GCC_WARN_ABOUT_RETURN_TYPE = YES_ERROR;
				GCC_WARN_UNDECLARED_SELECTOR = YES;
				GCC_WARN_UNINITIALIZED_AUTOS = YES_AGGRESSIVE;
				GCC_WARN_UNUSED_FUNCTION = YES;
				GCC_WARN_UNUSED_VARIABLE = YES;
				IPHONEOS_DEPLOYMENT_TARGET = 9.2;
				MTL_ENABLE_DEBUG_INFO = NO;
				SDKROOT = iphoneos;
				VALIDATE_PRODUCT = YES;
			};
			name = Release;
		};
		5E118EAC1C9F2AB30029051D /* Debug */ = {
			isa = XCBuildConfiguration;
			buildSettings = {
				ASSETCATALOG_COMPILER_APPICON_NAME = AppIcon;
				INFOPLIST_FILE = SimpleAppTransport/Info.plist;
				LD_RUNPATH_SEARCH_PATHS = "$(inherited) @executable_path/Frameworks";
				PRODUCT_BUNDLE_IDENTIFIER = com.touchopia.SimpleAppTransport;
				PRODUCT_NAME = "$(TARGET_NAME)";
			};
			name = Debug;
		};
		5E118EAD1C9F2AB30029051D /* Release */ = {
			isa = XCBuildConfiguration;
			buildSettings = {
				ASSETCATALOG_COMPILER_APPICON_NAME = AppIcon;
				INFOPLIST_FILE = SimpleAppTransport/Info.plist;
				LD_RUNPATH_SEARCH_PATHS = "$(inherited) @executable_path/Frameworks";
				PRODUCT_BUNDLE_IDENTIFIER = com.touchopia.SimpleAppTransport;
				PRODUCT_NAME = "$(TARGET_NAME)";
			};
			name = Release;
		};
/* End XCBuildConfiguration section */

/* Begin XCConfigurationList section */
		5E118E941C9F2AB30029051D /* Build configuration list for PBXProject "SimpleAppTransport" */ = {
			isa = XCConfigurationList;
			buildConfigurations = (
				5E118EA91C9F2AB30029051D /* Debug */,
				5E118EAA1C9F2AB30029051D /* Release */,
			);
			defaultConfigurationIsVisible = 0;
			defaultConfigurationName = Release;
		};
		5E118EAB1C9F2AB30029051D /* Build configuration list for PBXNativeTarget "SimpleAppTransport" */ = {
			isa = XCConfigurationList;
			buildConfigurations = (
				5E118EAC1C9F2AB30029051D /* Debug */,
				5E118EAD1C9F2AB30029051D /* Release */,
			);
			defaultConfigurationIsVisible = 0;
			defaultConfigurationName = Release;
		};
/* End XCConfigurationList section */
	};
	rootObject = 5E118E911C9F2AB30029051D /* Project object */;
}
