// !$*UTF8*$!
{
	archiveVersion = 1;
	classes = {
	};
	objectVersion = 46;
	objects = {

/* Begin PBXBuildFile section */
		5E409DDC1C17A6F700D0F91C /* AppDelegate.swift in Sources */ = {isa = PBXBuildFile; fileRef = 5E409DDB1C17A6F700D0F91C /* AppDelegate.swift */; };
		5E409DDE1C17A6F700D0F91C /* ViewController.swift in Sources */ = {isa = PBXBuildFile; fileRef = 5E409DDD1C17A6F700D0F91C /* ViewController.swift */; };
		5E409DE11C17A6F700D0F91C /* Main.storyboard in Resources */ = {isa = PBXBuildFile; fileRef = 5E409DDF1C17A6F700D0F91C /* Main.storyboard */; };
		5E409DE31C17A6F700D0F91C /* Assets.xcassets in Resources */ = {isa = PBXBuildFile; fileRef = 5E409DE21C17A6F700D0F91C /* Assets.xcassets */; };
		5E409DE61C17A6F700D0F91C /* LaunchScreen.storyboard in Resources */ = {isa = PBXBuildFile; fileRef = 5E409DE41C17A6F700D0F91C /* LaunchScreen.storyboard */; };
/* End PBXBuildFile section */

/* Begin PBXFileReference section */
		5E409DD81C17A6F700D0F91C /* SimpleReminders.app */ = {isa = PBXFileReference; explicitFileType = wrapper.application; includeInIndex = 0; path = SimpleReminders.app; sourceTree = BUILT_PRODUCTS_DIR; };
		5E409DDB1C17A6F700D0F91C /* AppDelegate.swift */ = {isa = PBXFileReference; lastKnownFileType = sourcecode.swift; path = AppDelegate.swift; sourceTree = "<group>"; };
		5E409DDD1C17A6F700D0F91C /* ViewController.swift */ = {isa = PBXFileReference; lastKnownFileType = sourcecode.swift; path = ViewController.swift; sourceTree = "<group>"; };
		5E409DE01C17A6F700D0F91C /* Base */ = {isa = PBXFileReference; lastKnownFileType = file.storyboard; name = Base; path = Base.lproj/Main.storyboard; sourceTree = "<group>"; };
		5E409DE21C17A6F700D0F91C /* Assets.xcassets */ = {isa = PBXFileReference; lastKnownFileType = folder.assetcatalog; path = Assets.xcassets; sourceTree = "<group>"; };
		5E409DE51C17A6F700D0F91C /* Base */ = {isa = PBXFileReference; lastKnownFileType = file.storyboard; name = Base; path = Base.lproj/LaunchScreen.storyboard; sourceTree = "<group>"; };
		5E409DE71C17A6F700D0F91C /* Info.plist */ = {isa = PBXFileReference; lastKnownFileType = text.plist.xml; path = Info.plist; sourceTree = "<group>"; };
/* End PBXFileReference section */

/* Begin PBXFrameworksBuildPhase section */
		5E409DD51C17A6F700D0F91C /* Frameworks */ = {
			isa = PBXFrameworksBuildPhase;
			buildActionMask = 2147483647;
			files = (
			);
			runOnlyForDeploymentPostprocessing = 0;
		};
/* End PBXFrameworksBuildPhase section */

/* Begin PBXGroup section */
		5E409DCF1C17A6F700D0F91C = {
			isa = PBXGroup;
			children = (
				5E409DDA1C17A6F700D0F91C /* SimpleReminders */,
				5E409DD91C17A6F700D0F91C /* Products */,
			);
			sourceTree = "<group>";
		};
		5E409DD91C17A6F700D0F91C /* Products */ = {
			isa = PBXGroup;
			children = (
				5E409DD81C17A6F700D0F91C /* SimpleReminders.app */,
			);
			name = Products;
			sourceTree = "<group>";
		};
		5E409DDA1C17A6F700D0F91C /* SimpleReminders */ = {
			isa = PBXGroup;
			children = (
				5E409DDB1C17A6F700D0F91C /* AppDelegate.swift */,
				5E409DDD1C17A6F700D0F91C /* ViewController.swift */,
				5E409DDF1C17A6F700D0F91C /* Main.storyboard */,
				5E409DE21C17A6F700D0F91C /* Assets.xcassets */,
				5E409DE41C17A6F700D0F91C /* LaunchScreen.storyboard */,
				5E409DE71C17A6F700D0F91C /* Info.plist */,
			);
			path = SimpleReminders;
			sourceTree = "<group>";
		};
/* End PBXGroup section */

/* Begin PBXNativeTarget section */
		5E409DD71C17A6F700D0F91C /* SimpleReminders */ = {
			isa = PBXNativeTarget;
			buildConfigurationList = 5E409DEA1C17A6F700D0F91C /* Build configuration list for PBXNativeTarget "SimpleReminders" */;
			buildPhases = (
				5E409DD41C17A6F700D0F91C /* Sources */,
				5E409DD51C17A6F700D0F91C /* Frameworks */,
				5E409DD61C17A6F700D0F91C /* Resources */,
			);
			buildRules = (
			);
			dependencies = (
			);
			name = SimpleReminders;
			productName = SimpleReminders;
			productReference = 5E409DD81C17A6F700D0F91C /* SimpleReminders.app */;
			productType = "com.apple.product-type.application";
		};
/* End PBXNativeTarget section */

/* Begin PBXProject section */
		5E409DD01C17A6F700D0F91C /* Project object */ = {
			isa = PBXProject;
			attributes = {
				LastSwiftUpdateCheck = 0710;
				LastUpgradeCheck = 0710;
				ORGANIZATIONNAME = "Touchopia, LLC";
				TargetAttributes = {
					5E409DD71C17A6F700D0F91C = {
						CreatedOnToolsVersion = 7.1.1;
					};
				};
			};
			buildConfigurationList = 5E409DD31C17A6F700D0F91C /* Build configuration list for PBXProject "SimpleReminders" */;
			compatibilityVersion = "Xcode 3.2";
			developmentRegion = English;
			hasScannedForEncodings = 0;
			knownRegions = (
				en,
				Base,
			);
			mainGroup = 5E409DCF1C17A6F700D0F91C;
			productRefGroup = 5E409DD91C17A6F700D0F91C /* Products */;
			projectDirPath = "";
			projectRoot = "";
			targets = (
				5E409DD71C17A6F700D0F91C /* SimpleReminders */,
			);
		};
/* End PBXProject section */

/* Begin PBXResourcesBuildPhase section */
		5E409DD61C17A6F700D0F91C /* Resources */ = {
			isa = PBXResourcesBuildPhase;
			buildActionMask = 2147483647;
			files = (
				5E409DE61C17A6F700D0F91C /* LaunchScreen.storyboard in Resources */,
				5E409DE31C17A6F700D0F91C /* Assets.xcassets in Resources */,
				5E409DE11C17A6F700D0F91C /* Main.storyboard in Resources */,
			);
			runOnlyForDeploymentPostprocessing = 0;
		};
/* End PBXResourcesBuildPhase section */

/* Begin PBXSourcesBuildPhase section */
		5E409DD41C17A6F700D0F91C /* Sources */ = {
			isa = PBXSourcesBuildPhase;
			buildActionMask = 2147483647;
			files = (
				5E409DDE1C17A6F700D0F91C /* ViewController.swift in Sources */,
				5E409DDC1C17A6F700D0F91C /* AppDelegate.swift in Sources */,
			);
			runOnlyForDeploymentPostprocessing = 0;
		};
/* End PBXSourcesBuildPhase section */

/* Begin PBXVariantGroup section */
		5E409DDF1C17A6F700D0F91C /* Main.storyboard */ = {
			isa = PBXVariantGroup;
			children = (
				5E409DE01C17A6F700D0F91C /* Base */,
			);
			name = Main.storyboard;
			sourceTree = "<group>";
		};
		5E409DE41C17A6F700D0F91C /* LaunchScreen.storyboard */ = {
			isa = PBXVariantGroup;
			children = (
				5E409DE51C17A6F700D0F91C /* Base */,
			);
			name = LaunchScreen.storyboard;
			sourceTree = "<group>";
		};
/* End PBXVariantGroup section */

/* Begin XCBuildConfiguration section */
		5E409DE81C17A6F700D0F91C /* Debug */ = {
			isa = XCBuildConfiguration;
			buildSettings = {
				ALWAYS_SEARCH_USER_PATHS = NO;
				CLANG_CXX_LANGUAGE_STANDARD = "gnu++0x";
				CLANG_CXX_LIBRARY = "libc++";
				CLANG_ENABLE_MODULES = YES;
				CLANG_ENABLE_OBJC_ARC = YES;
				CLANG_WARN_BOOL_CONVERSION = YES;
				CLANG_WARN_CONSTANT_CONVERSION = YES;
				CLANG_WARN_DIRECT_OBJC_ISA_USAGE = YES_ERROR;
				CLANG_WARN_EMPTY_BODY = YES;
				CLANG_WARN_ENUM_CONVERSION = YES;
				CLANG_WARN_INT_CONVERSION = YES;
				CLANG_WARN_OBJC_ROOT_CLASS = YES_ERROR;
				CLANG_WARN_UNREACHABLE_CODE = YES;
				CLANG_WARN__DUPLICATE_METHOD_MATCH = YES;
				"CODE_SIGN_IDENTITY[sdk=iphoneos*]" = "iPhone Developer";
				COPY_PHASE_STRIP = NO;
				DEBUG_INFORMATION_FORMAT = dwarf;
				ENABLE_STRICT_OBJC_MSGSEND = YES;
				ENABLE_TESTABILITY = YES;
				GCC_C_LANGUAGE_STANDARD = gnu99;
				GCC_DYNAMIC_NO_PIC = NO;
				GCC_NO_COMMON_BLOCKS = YES;
				GCC_OPTIMIZATION_LEVEL = 0;
				GCC_PREPROCESSOR_DEFINITIONS = (
					"DEBUG=1",
					"$(inherited)",
				);
				GCC_WARN_64_TO_32_BIT_CONVERSION = YES;
				GCC_WARN_ABOUT_RETURN_TYPE = YES_ERROR;
				GCC_WARN_UNDECLARED_SELECTOR = YES;
				GCC_WARN_UNINITIALIZED_AUTOS = YES_AGGRESSIVE;
				GCC_WARN_UNUSED_FUNCTION = YES;
				GCC_WARN_UNUSED_VARIABLE = YES;
				IPHONEOS_DEPLOYMENT_TARGET = 9.1;
				MTL_ENABLE_DEBUG_INFO = YES;
				ONLY_ACTIVE_ARCH = YES;
				SDKROOT = iphoneos;
				SWIFT_OPTIMIZATION_LEVEL = "-Onone";
			};
			name = Debug;
		};
		5E409DE91C17A6F700D0F91C /* Release */ = {
			isa = XCBuildConfiguration;
			buildSettings = {
				ALWAYS_SEARCH_USER_PATHS = NO;
				CLANG_CXX_LANGUAGE_STANDARD = "gnu++0x";
				CLANG_CXX_LIBRARY = "libc++";
				CLANG_ENABLE_MODULES = YES;
				CLANG_ENABLE_OBJC_ARC = YES;
				CLANG_WARN_BOOL_CONVERSION = YES;
				CLANG_WARN_CONSTANT_CONVERSION = YES;
				CLANG_WARN_DIRECT_OBJC_ISA_USAGE = YES_ERROR;
				CLANG_WARN_EMPTY_BODY = YES;
				CLANG_WARN_ENUM_CONVERSION = YES;
				CLANG_WARN_INT_CONVERSION = YES;
				CLANG_WARN_OBJC_ROOT_CLASS = YES_ERROR;
				CLANG_WARN_UNREACHABLE_CODE = YES;
				CLANG_WARN__DUPLICATE_METHOD_MATCH = YES;
				"CODE_SIGN_IDENTITY[sdk=iphoneos*]" = "iPhone Developer";
				COPY_PHASE_STRIP = NO;
				DEBUG_INFORMATION_FORMAT = "dwarf-with-dsym";
				ENABLE_NS_ASSERTIONS = NO;
				ENABLE_STRICT_OBJC_MSGSEND = YES;
				GCC_C_LANGUAGE_STANDARD = gnu99;
				GCC_NO_COMMON_BLOCKS = YES;
				GCC_WARN_64_TO_32_BIT_CONVERSION = YES;
				GCC_WARN_ABOUT_RETURN_TYPE = YES_ERROR;
				GCC_WARN_UNDECLARED_SELECTOR = YES;
				GCC_WARN_UNINITIALIZED_AUTOS = YES_AGGRESSIVE;
				GCC_WARN_UNUSED_FUNCTION = YES;
				GCC_WARN_UNUSED_VARIABLE = YES;
				IPHONEOS_DEPLOYMENT_TARGET = 9.1;
				MTL_ENABLE_DEBUG_INFO = NO;
				SDKROOT = iphoneos;
				VALIDATE_PRODUCT = YES;
			};
			name = Release;
		};
		5E409DEB1C17A6F700D0F91C /* Debug */ = {
			isa = XCBuildConfiguration;
			buildSettings = {
				ASSETCATALOG_COMPILER_APPICON_NAME = AppIcon;
				INFOPLIST_FILE = SimpleReminders/Info.plist;
				LD_RUNPATH_SEARCH_PATHS = "$(inherited) @executable_path/Frameworks";
				PRODUCT_BUNDLE_IDENTIFIER = com.touchopia.SimpleReminders;
				PRODUCT_NAME = "$(TARGET_NAME)";
			};
			name = Debug;
		};
		5E409DEC1C17A6F700D0F91C /* Release */ = {
			isa = XCBuildConfiguration;
			buildSettings = {
				ASSETCATALOG_COMPILER_APPICON_NAME = AppIcon;
				INFOPLIST_FILE = SimpleReminders/Info.plist;
				LD_RUNPATH_SEARCH_PATHS = "$(inherited) @executable_path/Frameworks";
				PRODUCT_BUNDLE_IDENTIFIER = com.touchopia.SimpleReminders;
				PRODUCT_NAME = "$(TARGET_NAME)";
			};
			name = Release;
		};
/* End XCBuildConfiguration section */

/* Begin XCConfigurationList section */
		5E409DD31C17A6F700D0F91C /* Build configuration list for PBXProject "SimpleReminders" */ = {
			isa = XCConfigurationList;
			buildConfigurations = (
				5E409DE81C17A6F700D0F91C /* Debug */,
				5E409DE91C17A6F700D0F91C /* Release */,
			);
			defaultConfigurationIsVisible = 0;
			defaultConfigurationName = Release;
		};
		5E409DEA1C17A6F700D0F91C /* Build configuration list for PBXNativeTarget "SimpleReminders" */ = {
			isa = XCConfigurationList;
			buildConfigurations = (
				5E409DEB1C17A6F700D0F91C /* Debug */,
				5E409DEC1C17A6F700D0F91C /* Release */,
			);
			defaultConfigurationIsVisible = 0;
		};
/* End XCConfigurationList section */
	};
	rootObject = 5E409DD01C17A6F700D0F91C /* Project object */;
}
